{
  "version": 4,
  "terraform_version": "1.4.6",
  "serial": 711,
  "lineage": "d009c820-d6a1-d571-b982-5f0a5da454f3",
  "outputs": {},
  "resources": [
    {
      "module": "module.budget",
      "mode": "managed",
      "type": "aws_budgets_budget",
      "name": "this",
      "provider": "provider[\"registry.terraform.io/hashicorp/aws\"]",
      "instances": [
        {
          "schema_version": 0,
          "attributes": {
            "account_id": "970180171170",
            "arn": "arn:aws:budgets::970180171170:budget/monthly-budget",
            "auto_adjust_data": [],
            "budget_type": "COST",
            "cost_filter": [],
            "cost_filters": {},
            "cost_types": [
              {
                "include_credit": true,
                "include_discount": true,
                "include_other_subscription": true,
                "include_recurring": true,
                "include_refund": true,
                "include_subscription": true,
                "include_support": true,
                "include_tax": true,
                "include_upfront": true,
                "use_amortized": false,
                "use_blended": false
              }
            ],
            "id": "970180171170:monthly-budget",
            "limit_amount": "300.0",
            "limit_unit": "USD",
            "name": "monthly-budget",
            "name_prefix": "",
            "notification": [],
            "planned_limit": [],
            "time_period_end": "2087-06-15_00:00",
            "time_period_start": "2023-05-01_00:01",
            "time_unit": "MONTHLY"
          },
          "sensitive_attributes": [],
          "private": "bnVsbA=="
        }
      ]
    },
    {
      "module": "module.domain",
      "mode": "managed",
      "type": "aws_acm_certificate",
      "name": "certificate",
      "provider": "provider[\"registry.terraform.io/hashicorp/aws\"]",
      "instances": [
        {
          "schema_version": 0,
          "attributes": {
            "arn": "arn:aws:acm:eu-west-1:970180171170:certificate/4ce2f2de-e6ad-46d4-9123-9880ac72d5da",
            "certificate_authority_arn": "",
            "certificate_body": null,
            "certificate_chain": null,
            "domain_name": "*.meetmap.xyz",
            "domain_validation_options": [
              {
                "domain_name": "*.meetmap.xyz",
                "resource_record_name": "_aee5c9e5e9f30ab35ca2a6e5319a3e3c.meetmap.xyz.",
                "resource_record_type": "CNAME",
                "resource_record_value": "_2bbea96d37655deec6a4b9585d4b04c2.lrqzvpkdnn.acm-validations.aws."
              }
            ],
            "early_renewal_duration": "",
            "id": "arn:aws:acm:eu-west-1:970180171170:certificate/4ce2f2de-e6ad-46d4-9123-9880ac72d5da",
            "key_algorithm": "RSA_2048",
            "not_after": "2024-07-12T23:59:59Z",
            "not_before": "2023-06-14T00:00:00Z",
            "options": [
              {
                "certificate_transparency_logging_preference": "ENABLED"
              }
            ],
            "pending_renewal": false,
            "private_key": null,
            "renewal_eligibility": "ELIGIBLE",
            "renewal_summary": [],
            "status": "ISSUED",
            "subject_alternative_names": [
              "*.meetmap.xyz"
            ],
            "tags": {},
            "tags_all": {},
            "type": "AMAZON_ISSUED",
            "validation_emails": [],
            "validation_method": "DNS",
            "validation_option": []
          },
          "sensitive_attributes": [],
          "private": "bnVsbA==",
          "create_before_destroy": true
        }
      ]
    },
    {
      "module": "module.domain",
      "mode": "managed",
      "type": "aws_route53_record",
      "name": "example_record",
      "provider": "provider[\"registry.terraform.io/hashicorp/aws\"]",
      "instances": [
        {
          "index_key": "alb-1498222220.eu-west-1.elb.amazonaws.com",
          "schema_version": 2,
          "attributes": {
            "alias": [
              {
                "evaluate_target_health": false,
                "name": "alb-1498222220.eu-west-1.elb.amazonaws.com",
                "zone_id": "Z32O12XQLNTSW2"
              }
            ],
            "allow_overwrite": null,
            "cidr_routing_policy": [],
            "failover_routing_policy": [],
            "fqdn": "api.meetmap.xyz",
            "geolocation_routing_policy": [],
            "health_check_id": "",
            "id": "Z1025756I58LI3HUS83O_api.meetmap.xyz_A",
            "latency_routing_policy": [],
            "multivalue_answer_routing_policy": false,
            "name": "api.meetmap.xyz",
            "records": [],
            "set_identifier": "",
            "ttl": 0,
            "type": "A",
            "weighted_routing_policy": [],
            "zone_id": "Z1025756I58LI3HUS83O"
          },
          "sensitive_attributes": [],
          "private": "eyJzY2hlbWFfdmVyc2lvbiI6IjIifQ==",
          "dependencies": [
            "module.domain.aws_route53_zone.zone",
            "module.ecs.aws_lb.alb",
            "module.ecs.aws_security_group.alb_sg",
            "module.vpc.aws_subnet.public_subnet",
            "module.vpc.aws_vpc.meetmap-vpc"
          ]
        }
      ]
    },
    {
      "module": "module.domain",
      "mode": "managed",
      "type": "aws_route53_record",
      "name": "validation_record",
      "provider": "provider[\"registry.terraform.io/hashicorp/aws\"]",
      "instances": [
        {
          "index_key": "*.meetmap.xyz",
          "schema_version": 2,
          "attributes": {
            "alias": [],
            "allow_overwrite": null,
            "cidr_routing_policy": [],
            "failover_routing_policy": [],
            "fqdn": "_aee5c9e5e9f30ab35ca2a6e5319a3e3c.meetmap.xyz.api.meetmap.xyz",
            "geolocation_routing_policy": [],
            "health_check_id": "",
            "id": "Z1025756I58LI3HUS83O__aee5c9e5e9f30ab35ca2a6e5319a3e3c.meetmap.xyz._CNAME",
            "latency_routing_policy": [],
            "multivalue_answer_routing_policy": false,
            "name": "_aee5c9e5e9f30ab35ca2a6e5319a3e3c.meetmap.xyz",
            "records": [
              "_2bbea96d37655deec6a4b9585d4b04c2.lrqzvpkdnn.acm-validations.aws."
            ],
            "set_identifier": "",
            "ttl": 300,
            "type": "CNAME",
            "weighted_routing_policy": [],
            "zone_id": "Z1025756I58LI3HUS83O"
          },
          "sensitive_attributes": [],
          "private": "eyJzY2hlbWFfdmVyc2lvbiI6IjIifQ==",
          "dependencies": [
            "module.domain.aws_acm_certificate.certificate",
            "module.domain.aws_route53_zone.zone"
          ]
        }
      ]
    },
    {
      "module": "module.domain",
      "mode": "managed",
      "type": "aws_route53_zone",
      "name": "zone",
      "provider": "provider[\"registry.terraform.io/hashicorp/aws\"]",
      "instances": [
        {
          "schema_version": 0,
          "attributes": {
            "arn": "arn:aws:route53:::hostedzone/Z1025756I58LI3HUS83O",
            "comment": "Managed by Terraform",
            "delegation_set_id": "",
            "force_destroy": false,
            "id": "Z1025756I58LI3HUS83O",
            "name": "api.meetmap.xyz",
            "name_servers": [
              "ns-1065.awsdns-05.org",
              "ns-1805.awsdns-33.co.uk",
              "ns-305.awsdns-38.com",
              "ns-988.awsdns-59.net"
            ],
            "primary_name_server": "ns-988.awsdns-59.net",
            "tags": {},
            "tags_all": {},
            "vpc": [],
            "zone_id": "Z1025756I58LI3HUS83O"
          },
          "sensitive_attributes": [],
          "private": "bnVsbA=="
        }
      ]
    },
    {
      "module": "module.ecs",
      "mode": "data",
      "type": "aws_caller_identity",
      "name": "current",
      "provider": "provider[\"registry.terraform.io/hashicorp/aws\"]",
      "instances": [
        {
          "schema_version": 0,
          "attributes": {
            "account_id": "970180171170",
            "arn": "arn:aws:iam::970180171170:root",
            "id": "970180171170",
            "user_id": "970180171170"
          },
          "sensitive_attributes": []
        }
      ]
    },
    {
      "module": "module.ecs",
      "mode": "data",
      "type": "aws_iam_policy_document",
      "name": "ecr-allow-push-pull-policy",
      "provider": "provider[\"registry.terraform.io/hashicorp/aws\"]",
      "instances": [
        {
          "schema_version": 0,
          "attributes": {
            "id": "3010490154",
            "json": "{\n  \"Version\": \"2012-10-17\",\n  \"Statement\": [\n    {\n      \"Sid\": \"new policy\",\n      \"Effect\": \"Allow\",\n      \"Action\": [\n        \"ecr:UploadLayerPart\",\n        \"ecr:PutImage\",\n        \"ecr:InitiateLayerUpload\",\n        \"ecr:GetDownloadUrlForLayer\",\n        \"ecr:CompleteLayerUpload\",\n        \"ecr:BatchGetImage\",\n        \"ecr:BatchCheckLayerAvailability\"\n      ],\n      \"Principal\": {\n        \"AWS\": \"970180171170\"\n      }\n    }\n  ]\n}",
            "override_json": null,
            "override_policy_documents": null,
            "policy_id": null,
            "source_json": null,
            "source_policy_documents": null,
            "statement": [
              {
                "actions": [
                  "ecr:BatchCheckLayerAvailability",
                  "ecr:BatchGetImage",
                  "ecr:CompleteLayerUpload",
                  "ecr:GetDownloadUrlForLayer",
                  "ecr:InitiateLayerUpload",
                  "ecr:PutImage",
                  "ecr:UploadLayerPart"
                ],
                "condition": [],
                "effect": "Allow",
                "not_actions": [],
                "not_principals": [],
                "not_resources": [],
                "principals": [
                  {
                    "identifiers": [
                      "970180171170"
                    ],
                    "type": "AWS"
                  }
                ],
                "resources": [],
                "sid": "new policy"
              }
            ],
            "version": "2012-10-17"
          },
          "sensitive_attributes": []
        }
      ]
    },
    {
      "module": "module.ecs",
      "mode": "managed",
      "type": "aws_cloudwatch_log_group",
      "name": "log_group",
      "provider": "provider[\"registry.terraform.io/hashicorp/aws\"]",
      "instances": [
        {
          "index_key": "assets-service",
          "schema_version": 0,
          "attributes": {
            "arn": "arn:aws:logs:eu-west-1:970180171170:log-group:/ecs/assets-service",
            "id": "/ecs/assets-service",
            "kms_key_id": "",
            "name": "/ecs/assets-service",
            "name_prefix": "",
            "retention_in_days": 0,
            "skip_destroy": false,
            "tags": {
              "Application": "assets-service",
              "Environment": "production"
            },
            "tags_all": {
              "Application": "assets-service",
              "Environment": "production"
            }
          },
          "sensitive_attributes": [],
          "private": "bnVsbA==",
          "dependencies": [
            "module.secrets.data.aws_secretsmanager_secret_version.creds",
            "module.vpc.aws_subnet.private_subnet",
            "module.vpc.aws_vpc.meetmap-vpc"
          ]
        },
        {
          "index_key": "auth-service",
          "schema_version": 0,
          "attributes": {
            "arn": "arn:aws:logs:eu-west-1:970180171170:log-group:/ecs/auth-service",
            "id": "/ecs/auth-service",
            "kms_key_id": "",
            "name": "/ecs/auth-service",
            "name_prefix": "",
            "retention_in_days": 0,
            "skip_destroy": false,
            "tags": {
              "Application": "auth-service",
              "Environment": "production"
            },
            "tags_all": {
              "Application": "auth-service",
              "Environment": "production"
            }
          },
          "sensitive_attributes": [],
          "private": "bnVsbA==",
          "dependencies": [
            "module.secrets.data.aws_secretsmanager_secret_version.creds",
            "module.vpc.aws_subnet.private_subnet",
            "module.vpc.aws_vpc.meetmap-vpc"
          ]
        },
        {
          "index_key": "events-service",
          "schema_version": 0,
          "attributes": {
            "arn": "arn:aws:logs:eu-west-1:970180171170:log-group:/ecs/events-service",
            "id": "/ecs/events-service",
            "kms_key_id": "",
            "name": "/ecs/events-service",
            "name_prefix": "",
            "retention_in_days": 0,
            "skip_destroy": false,
            "tags": {
              "Application": "events-service",
              "Environment": "production"
            },
            "tags_all": {
              "Application": "events-service",
              "Environment": "production"
            }
          },
          "sensitive_attributes": [],
          "private": "bnVsbA==",
          "dependencies": [
            "module.secrets.data.aws_secretsmanager_secret_version.creds",
            "module.vpc.aws_subnet.private_subnet",
            "module.vpc.aws_vpc.meetmap-vpc"
          ]
        },
        {
          "index_key": "jobs-service",
          "schema_version": 0,
          "attributes": {
            "arn": "arn:aws:logs:eu-west-1:970180171170:log-group:/ecs/jobs-service",
            "id": "/ecs/jobs-service",
            "kms_key_id": "",
            "name": "/ecs/jobs-service",
            "name_prefix": "",
            "retention_in_days": 0,
            "skip_destroy": false,
            "tags": {
              "Application": "jobs-service",
              "Environment": "production"
            },
            "tags_all": {
              "Application": "jobs-service",
              "Environment": "production"
            }
          },
          "sensitive_attributes": [],
          "private": "bnVsbA==",
          "dependencies": [
            "module.secrets.data.aws_secretsmanager_secret_version.creds",
            "module.vpc.aws_subnet.private_subnet",
            "module.vpc.aws_vpc.meetmap-vpc"
          ]
        },
        {
          "index_key": "location-service",
          "schema_version": 0,
          "attributes": {
            "arn": "arn:aws:logs:eu-west-1:970180171170:log-group:/ecs/location-service",
            "id": "/ecs/location-service",
            "kms_key_id": "",
            "name": "/ecs/location-service",
            "name_prefix": "",
            "retention_in_days": 0,
            "skip_destroy": false,
            "tags": {
              "Application": "location-service",
              "Environment": "production"
            },
            "tags_all": {
              "Application": "location-service",
              "Environment": "production"
            }
          },
          "sensitive_attributes": [],
          "private": "bnVsbA==",
          "dependencies": [
            "module.secrets.data.aws_secretsmanager_secret_version.creds",
            "module.vpc.aws_subnet.private_subnet",
            "module.vpc.aws_vpc.meetmap-vpc"
          ]
        },
        {
          "index_key": "users-service",
          "schema_version": 0,
          "attributes": {
            "arn": "arn:aws:logs:eu-west-1:970180171170:log-group:/ecs/users-service",
            "id": "/ecs/users-service",
            "kms_key_id": "",
            "name": "/ecs/users-service",
            "name_prefix": "",
            "retention_in_days": 0,
            "skip_destroy": false,
            "tags": {
              "Application": "users-service",
              "Environment": "production"
            },
            "tags_all": {
              "Application": "users-service",
              "Environment": "production"
            }
          },
          "sensitive_attributes": [],
          "private": "bnVsbA==",
          "dependencies": [
            "module.secrets.data.aws_secretsmanager_secret_version.creds",
            "module.vpc.aws_subnet.private_subnet",
            "module.vpc.aws_vpc.meetmap-vpc"
          ]
        }
      ]
    },
    {
      "module": "module.ecs",
      "mode": "managed",
      "type": "aws_ecr_repository",
      "name": "repository",
      "provider": "provider[\"registry.terraform.io/hashicorp/aws\"]",
      "instances": [
        {
          "index_key": "assets-service",
          "schema_version": 0,
          "attributes": {
            "arn": "arn:aws:ecr:eu-west-1:970180171170:repository/meetmap-assets-service",
            "encryption_configuration": [
              {
                "encryption_type": "AES256",
                "kms_key": ""
              }
            ],
            "force_delete": null,
            "id": "meetmap-assets-service",
            "image_scanning_configuration": [
              {
                "scan_on_push": true
              }
            ],
            "image_tag_mutability": "MUTABLE",
            "name": "meetmap-assets-service",
            "registry_id": "970180171170",
            "repository_url": "970180171170.dkr.ecr.eu-west-1.amazonaws.com/meetmap-assets-service",
            "tags": {},
            "tags_all": {},
            "timeouts": null
          },
          "sensitive_attributes": [],
          "private": "eyJlMmJmYjczMC1lY2FhLTExZTYtOGY4OC0zNDM2M2JjN2M0YzAiOnsiZGVsZXRlIjoxMjAwMDAwMDAwMDAwfX0=",
          "dependencies": [
            "module.secrets.data.aws_secretsmanager_secret_version.creds",
            "module.vpc.aws_subnet.private_subnet",
            "module.vpc.aws_vpc.meetmap-vpc"
          ]
        },
        {
          "index_key": "auth-service",
          "schema_version": 0,
          "attributes": {
            "arn": "arn:aws:ecr:eu-west-1:970180171170:repository/meetmap-auth-service",
            "encryption_configuration": [
              {
                "encryption_type": "AES256",
                "kms_key": ""
              }
            ],
            "force_delete": null,
            "id": "meetmap-auth-service",
            "image_scanning_configuration": [
              {
                "scan_on_push": true
              }
            ],
            "image_tag_mutability": "MUTABLE",
            "name": "meetmap-auth-service",
            "registry_id": "970180171170",
            "repository_url": "970180171170.dkr.ecr.eu-west-1.amazonaws.com/meetmap-auth-service",
            "tags": {},
            "tags_all": {},
            "timeouts": null
          },
          "sensitive_attributes": [],
          "private": "eyJlMmJmYjczMC1lY2FhLTExZTYtOGY4OC0zNDM2M2JjN2M0YzAiOnsiZGVsZXRlIjoxMjAwMDAwMDAwMDAwfX0=",
          "dependencies": [
            "module.secrets.data.aws_secretsmanager_secret_version.creds",
            "module.vpc.aws_subnet.private_subnet",
            "module.vpc.aws_vpc.meetmap-vpc"
          ]
        },
        {
          "index_key": "events-service",
          "schema_version": 0,
          "attributes": {
            "arn": "arn:aws:ecr:eu-west-1:970180171170:repository/meetmap-events-service",
            "encryption_configuration": [
              {
                "encryption_type": "AES256",
                "kms_key": ""
              }
            ],
            "force_delete": null,
            "id": "meetmap-events-service",
            "image_scanning_configuration": [
              {
                "scan_on_push": true
              }
            ],
            "image_tag_mutability": "MUTABLE",
            "name": "meetmap-events-service",
            "registry_id": "970180171170",
            "repository_url": "970180171170.dkr.ecr.eu-west-1.amazonaws.com/meetmap-events-service",
            "tags": {},
            "tags_all": {},
            "timeouts": null
          },
          "sensitive_attributes": [],
          "private": "eyJlMmJmYjczMC1lY2FhLTExZTYtOGY4OC0zNDM2M2JjN2M0YzAiOnsiZGVsZXRlIjoxMjAwMDAwMDAwMDAwfX0=",
          "dependencies": [
            "module.secrets.data.aws_secretsmanager_secret_version.creds",
            "module.vpc.aws_subnet.private_subnet",
            "module.vpc.aws_vpc.meetmap-vpc"
          ]
        },
        {
          "index_key": "jobs-service",
          "schema_version": 0,
          "attributes": {
            "arn": "arn:aws:ecr:eu-west-1:970180171170:repository/meetmap-jobs-service",
            "encryption_configuration": [
              {
                "encryption_type": "AES256",
                "kms_key": ""
              }
            ],
            "force_delete": null,
            "id": "meetmap-jobs-service",
            "image_scanning_configuration": [
              {
                "scan_on_push": true
              }
            ],
            "image_tag_mutability": "MUTABLE",
            "name": "meetmap-jobs-service",
            "registry_id": "970180171170",
            "repository_url": "970180171170.dkr.ecr.eu-west-1.amazonaws.com/meetmap-jobs-service",
            "tags": {},
            "tags_all": {},
            "timeouts": null
          },
          "sensitive_attributes": [],
          "private": "eyJlMmJmYjczMC1lY2FhLTExZTYtOGY4OC0zNDM2M2JjN2M0YzAiOnsiZGVsZXRlIjoxMjAwMDAwMDAwMDAwfX0=",
          "dependencies": [
            "module.secrets.data.aws_secretsmanager_secret_version.creds",
            "module.vpc.aws_subnet.private_subnet",
            "module.vpc.aws_vpc.meetmap-vpc"
          ]
        },
        {
          "index_key": "location-service",
          "schema_version": 0,
          "attributes": {
            "arn": "arn:aws:ecr:eu-west-1:970180171170:repository/meetmap-location-service",
            "encryption_configuration": [
              {
                "encryption_type": "AES256",
                "kms_key": ""
              }
            ],
            "force_delete": null,
            "id": "meetmap-location-service",
            "image_scanning_configuration": [
              {
                "scan_on_push": true
              }
            ],
            "image_tag_mutability": "MUTABLE",
            "name": "meetmap-location-service",
            "registry_id": "970180171170",
            "repository_url": "970180171170.dkr.ecr.eu-west-1.amazonaws.com/meetmap-location-service",
            "tags": {},
            "tags_all": {},
            "timeouts": null
          },
          "sensitive_attributes": [],
          "private": "eyJlMmJmYjczMC1lY2FhLTExZTYtOGY4OC0zNDM2M2JjN2M0YzAiOnsiZGVsZXRlIjoxMjAwMDAwMDAwMDAwfX0=",
          "dependencies": [
            "module.secrets.data.aws_secretsmanager_secret_version.creds",
            "module.vpc.aws_subnet.private_subnet",
            "module.vpc.aws_vpc.meetmap-vpc"
          ]
        },
        {
          "index_key": "users-service",
          "schema_version": 0,
          "attributes": {
            "arn": "arn:aws:ecr:eu-west-1:970180171170:repository/meetmap-users-service",
            "encryption_configuration": [
              {
                "encryption_type": "AES256",
                "kms_key": ""
              }
            ],
            "force_delete": null,
            "id": "meetmap-users-service",
            "image_scanning_configuration": [
              {
                "scan_on_push": true
              }
            ],
            "image_tag_mutability": "MUTABLE",
            "name": "meetmap-users-service",
            "registry_id": "970180171170",
            "repository_url": "970180171170.dkr.ecr.eu-west-1.amazonaws.com/meetmap-users-service",
            "tags": {},
            "tags_all": {},
            "timeouts": null
          },
          "sensitive_attributes": [],
          "private": "eyJlMmJmYjczMC1lY2FhLTExZTYtOGY4OC0zNDM2M2JjN2M0YzAiOnsiZGVsZXRlIjoxMjAwMDAwMDAwMDAwfX0=",
          "dependencies": [
            "module.secrets.data.aws_secretsmanager_secret_version.creds",
            "module.vpc.aws_subnet.private_subnet",
            "module.vpc.aws_vpc.meetmap-vpc"
          ]
        }
      ]
    },
    {
      "module": "module.ecs",
      "mode": "managed",
      "type": "aws_ecr_repository_policy",
      "name": "policy",
      "provider": "provider[\"registry.terraform.io/hashicorp/aws\"]",
      "instances": [
        {
          "index_key": "assets-service",
          "schema_version": 0,
          "attributes": {
            "id": "meetmap-assets-service",
            "policy": "{\"Statement\":[{\"Action\":[\"ecr:UploadLayerPart\",\"ecr:PutImage\",\"ecr:InitiateLayerUpload\",\"ecr:GetDownloadUrlForLayer\",\"ecr:CompleteLayerUpload\",\"ecr:BatchGetImage\",\"ecr:BatchCheckLayerAvailability\"],\"Effect\":\"Allow\",\"Principal\":{\"AWS\":\"970180171170\"},\"Sid\":\"new policy\"}],\"Version\":\"2012-10-17\"}",
            "registry_id": "970180171170",
            "repository": "meetmap-assets-service"
          },
          "sensitive_attributes": [],
          "private": "bnVsbA==",
          "dependencies": [
            "module.ecs.aws_ecr_repository.repository",
            "module.ecs.data.aws_caller_identity.current",
            "module.ecs.data.aws_iam_policy_document.ecr-allow-push-pull-policy",
            "module.secrets.data.aws_secretsmanager_secret_version.creds",
            "module.vpc.aws_subnet.private_subnet",
            "module.vpc.aws_vpc.meetmap-vpc"
          ]
        },
        {
          "index_key": "auth-service",
          "schema_version": 0,
          "attributes": {
            "id": "meetmap-auth-service",
            "policy": "{\"Statement\":[{\"Action\":[\"ecr:UploadLayerPart\",\"ecr:PutImage\",\"ecr:InitiateLayerUpload\",\"ecr:GetDownloadUrlForLayer\",\"ecr:CompleteLayerUpload\",\"ecr:BatchGetImage\",\"ecr:BatchCheckLayerAvailability\"],\"Effect\":\"Allow\",\"Principal\":{\"AWS\":\"970180171170\"},\"Sid\":\"new policy\"}],\"Version\":\"2012-10-17\"}",
            "registry_id": "970180171170",
            "repository": "meetmap-auth-service"
          },
          "sensitive_attributes": [],
          "private": "bnVsbA==",
          "dependencies": [
            "module.ecs.aws_ecr_repository.repository",
            "module.ecs.data.aws_caller_identity.current",
            "module.ecs.data.aws_iam_policy_document.ecr-allow-push-pull-policy",
            "module.secrets.data.aws_secretsmanager_secret_version.creds",
            "module.vpc.aws_subnet.private_subnet",
            "module.vpc.aws_vpc.meetmap-vpc"
          ]
        },
        {
          "index_key": "events-service",
          "schema_version": 0,
          "attributes": {
            "id": "meetmap-events-service",
            "policy": "{\"Statement\":[{\"Action\":[\"ecr:UploadLayerPart\",\"ecr:PutImage\",\"ecr:InitiateLayerUpload\",\"ecr:GetDownloadUrlForLayer\",\"ecr:CompleteLayerUpload\",\"ecr:BatchGetImage\",\"ecr:BatchCheckLayerAvailability\"],\"Effect\":\"Allow\",\"Principal\":{\"AWS\":\"970180171170\"},\"Sid\":\"new policy\"}],\"Version\":\"2012-10-17\"}",
            "registry_id": "970180171170",
            "repository": "meetmap-events-service"
          },
          "sensitive_attributes": [],
          "private": "bnVsbA==",
          "dependencies": [
            "module.ecs.aws_ecr_repository.repository",
            "module.ecs.data.aws_caller_identity.current",
            "module.ecs.data.aws_iam_policy_document.ecr-allow-push-pull-policy",
            "module.secrets.data.aws_secretsmanager_secret_version.creds",
            "module.vpc.aws_subnet.private_subnet",
            "module.vpc.aws_vpc.meetmap-vpc"
          ]
        },
        {
          "index_key": "jobs-service",
          "schema_version": 0,
          "attributes": {
            "id": "meetmap-jobs-service",
            "policy": "{\"Statement\":[{\"Action\":[\"ecr:UploadLayerPart\",\"ecr:PutImage\",\"ecr:InitiateLayerUpload\",\"ecr:GetDownloadUrlForLayer\",\"ecr:CompleteLayerUpload\",\"ecr:BatchGetImage\",\"ecr:BatchCheckLayerAvailability\"],\"Effect\":\"Allow\",\"Principal\":{\"AWS\":\"970180171170\"},\"Sid\":\"new policy\"}],\"Version\":\"2012-10-17\"}",
            "registry_id": "970180171170",
            "repository": "meetmap-jobs-service"
          },
          "sensitive_attributes": [],
          "private": "bnVsbA==",
          "dependencies": [
            "module.ecs.aws_ecr_repository.repository",
            "module.ecs.data.aws_caller_identity.current",
            "module.ecs.data.aws_iam_policy_document.ecr-allow-push-pull-policy",
            "module.secrets.data.aws_secretsmanager_secret_version.creds",
            "module.vpc.aws_subnet.private_subnet",
            "module.vpc.aws_vpc.meetmap-vpc"
          ]
        },
        {
          "index_key": "location-service",
          "schema_version": 0,
          "attributes": {
            "id": "meetmap-location-service",
            "policy": "{\"Statement\":[{\"Action\":[\"ecr:UploadLayerPart\",\"ecr:PutImage\",\"ecr:InitiateLayerUpload\",\"ecr:GetDownloadUrlForLayer\",\"ecr:CompleteLayerUpload\",\"ecr:BatchGetImage\",\"ecr:BatchCheckLayerAvailability\"],\"Effect\":\"Allow\",\"Principal\":{\"AWS\":\"970180171170\"},\"Sid\":\"new policy\"}],\"Version\":\"2012-10-17\"}",
            "registry_id": "970180171170",
            "repository": "meetmap-location-service"
          },
          "sensitive_attributes": [],
          "private": "bnVsbA==",
          "dependencies": [
            "module.ecs.aws_ecr_repository.repository",
            "module.ecs.data.aws_caller_identity.current",
            "module.ecs.data.aws_iam_policy_document.ecr-allow-push-pull-policy",
            "module.secrets.data.aws_secretsmanager_secret_version.creds",
            "module.vpc.aws_subnet.private_subnet",
            "module.vpc.aws_vpc.meetmap-vpc"
          ]
        },
        {
          "index_key": "users-service",
          "schema_version": 0,
          "attributes": {
            "id": "meetmap-users-service",
            "policy": "{\"Statement\":[{\"Action\":[\"ecr:UploadLayerPart\",\"ecr:PutImage\",\"ecr:InitiateLayerUpload\",\"ecr:GetDownloadUrlForLayer\",\"ecr:CompleteLayerUpload\",\"ecr:BatchGetImage\",\"ecr:BatchCheckLayerAvailability\"],\"Effect\":\"Allow\",\"Principal\":{\"AWS\":\"970180171170\"},\"Sid\":\"new policy\"}],\"Version\":\"2012-10-17\"}",
            "registry_id": "970180171170",
            "repository": "meetmap-users-service"
          },
          "sensitive_attributes": [],
          "private": "bnVsbA==",
          "dependencies": [
            "module.ecs.aws_ecr_repository.repository",
            "module.ecs.data.aws_caller_identity.current",
            "module.ecs.data.aws_iam_policy_document.ecr-allow-push-pull-policy",
            "module.secrets.data.aws_secretsmanager_secret_version.creds",
            "module.vpc.aws_subnet.private_subnet",
            "module.vpc.aws_vpc.meetmap-vpc"
          ]
        }
      ]
    },
    {
      "module": "module.ecs",
      "mode": "managed",
      "type": "aws_ecs_cluster",
      "name": "main",
      "provider": "provider[\"registry.terraform.io/hashicorp/aws\"]",
      "instances": [
        {
          "schema_version": 0,
          "attributes": {
            "arn": "arn:aws:ecs:eu-west-1:970180171170:cluster/main-prod-cluster",
            "capacity_providers": [],
            "configuration": [],
            "default_capacity_provider_strategy": [],
            "id": "arn:aws:ecs:eu-west-1:970180171170:cluster/main-prod-cluster",
            "name": "main-prod-cluster",
            "service_connect_defaults": [],
            "setting": [
              {
                "name": "containerInsights",
                "value": "disabled"
              }
            ],
            "tags": {},
            "tags_all": {}
          },
          "sensitive_attributes": [],
          "private": "bnVsbA=="
        }
      ]
    },
    {
      "module": "module.ecs",
      "mode": "managed",
      "type": "aws_ecs_service",
      "name": "this",
      "provider": "provider[\"registry.terraform.io/hashicorp/aws\"]",
      "instances": [
        {
          "index_key": "assets-service",
          "schema_version": 0,
          "attributes": {
            "alarms": [],
            "capacity_provider_strategy": [],
            "cluster": "arn:aws:ecs:eu-west-1:970180171170:cluster/main-prod-cluster",
            "deployment_circuit_breaker": [
              {
                "enable": false,
                "rollback": false
              }
            ],
            "deployment_controller": [
              {
                "type": "ECS"
              }
            ],
            "deployment_maximum_percent": 200,
            "deployment_minimum_healthy_percent": 0,
            "desired_count": 1,
            "enable_ecs_managed_tags": false,
            "enable_execute_command": false,
            "force_new_deployment": null,
            "health_check_grace_period_seconds": 0,
            "iam_role": "/aws-service-role/ecs.amazonaws.com/AWSServiceRoleForECS",
            "id": "arn:aws:ecs:eu-west-1:970180171170:service/main-prod-cluster/assets-service",
            "launch_type": "FARGATE",
            "load_balancer": [
              {
                "container_name": "assets-service",
                "container_port": 3004,
                "elb_name": "",
                "target_group_arn": "arn:aws:elasticloadbalancing:eu-west-1:970180171170:targetgroup/assets-service-tg/3e14d5ea9c37d533"
              }
            ],
            "name": "assets-service",
            "network_configuration": [
              {
                "assign_public_ip": false,
                "security_groups": [
                  "sg-08bd169bbc3d6909f"
                ],
                "subnets": [
                  "subnet-07ae12370d5580cf4",
                  "subnet-0a7def6888dbc3cbb"
                ]
              }
            ],
            "ordered_placement_strategy": [],
            "placement_constraints": [],
            "platform_version": "LATEST",
            "propagate_tags": "NONE",
            "scheduling_strategy": "REPLICA",
            "service_connect_configuration": [],
            "service_registries": [],
            "tags": {},
            "tags_all": {},
            "task_definition": "arn:aws:ecs:eu-west-1:970180171170:task-definition/assets-service:2",
            "timeouts": null,
            "triggers": {},
            "wait_for_steady_state": false
          },
          "sensitive_attributes": [],
          "private": "eyJlMmJmYjczMC1lY2FhLTExZTYtOGY4OC0zNDM2M2JjN2M0YzAiOnsiY3JlYXRlIjoxMjAwMDAwMDAwMDAwLCJkZWxldGUiOjEyMDAwMDAwMDAwMDAsInVwZGF0ZSI6MTIwMDAwMDAwMDAwMH19",
          "dependencies": [
            "module.ecs.aws_ecr_repository.repository",
            "module.ecs.aws_ecs_cluster.main",
            "module.ecs.aws_ecs_task_definition.this",
            "module.ecs.aws_iam_role.ecs_task_execution_role",
            "module.ecs.aws_lb_target_group.tg",
            "module.ecs.aws_security_group.alb_sg",
            "module.ecs.aws_security_group.ecs_sg",
            "module.secrets.data.aws_secretsmanager_secret_version.creds",
            "module.vpc.aws_subnet.private_subnet",
            "module.vpc.aws_vpc.meetmap-vpc"
          ]
        },
        {
          "index_key": "auth-service",
          "schema_version": 0,
          "attributes": {
            "alarms": [],
            "capacity_provider_strategy": [],
            "cluster": "arn:aws:ecs:eu-west-1:970180171170:cluster/main-prod-cluster",
            "deployment_circuit_breaker": [
              {
                "enable": false,
                "rollback": false
              }
            ],
            "deployment_controller": [
              {
                "type": "ECS"
              }
            ],
            "deployment_maximum_percent": 200,
            "deployment_minimum_healthy_percent": 0,
            "desired_count": 1,
            "enable_ecs_managed_tags": false,
            "enable_execute_command": false,
            "force_new_deployment": null,
            "health_check_grace_period_seconds": 0,
            "iam_role": "/aws-service-role/ecs.amazonaws.com/AWSServiceRoleForECS",
            "id": "arn:aws:ecs:eu-west-1:970180171170:service/main-prod-cluster/auth-service",
            "launch_type": "FARGATE",
            "load_balancer": [
              {
                "container_name": "auth-service",
                "container_port": 3003,
                "elb_name": "",
                "target_group_arn": "arn:aws:elasticloadbalancing:eu-west-1:970180171170:targetgroup/auth-service-tg/b27bc407d9975673"
              }
            ],
            "name": "auth-service",
            "network_configuration": [
              {
                "assign_public_ip": false,
                "security_groups": [
                  "sg-07d251026319be676"
                ],
                "subnets": [
                  "subnet-07ae12370d5580cf4",
                  "subnet-0a7def6888dbc3cbb"
                ]
              }
            ],
            "ordered_placement_strategy": [],
            "placement_constraints": [],
            "platform_version": "LATEST",
            "propagate_tags": "NONE",
            "scheduling_strategy": "REPLICA",
            "service_connect_configuration": [],
            "service_registries": [],
            "tags": {},
            "tags_all": {},
            "task_definition": "arn:aws:ecs:eu-west-1:970180171170:task-definition/auth-service:4",
            "timeouts": null,
            "triggers": {},
            "wait_for_steady_state": false
          },
          "sensitive_attributes": [],
          "private": "eyJlMmJmYjczMC1lY2FhLTExZTYtOGY4OC0zNDM2M2JjN2M0YzAiOnsiY3JlYXRlIjoxMjAwMDAwMDAwMDAwLCJkZWxldGUiOjEyMDAwMDAwMDAwMDAsInVwZGF0ZSI6MTIwMDAwMDAwMDAwMH19",
          "dependencies": [
            "module.ecs.aws_ecr_repository.repository",
            "module.ecs.aws_ecs_cluster.main",
            "module.ecs.aws_ecs_task_definition.this",
            "module.ecs.aws_iam_role.ecs_task_execution_role",
            "module.ecs.aws_lb_target_group.tg",
            "module.ecs.aws_security_group.alb_sg",
            "module.ecs.aws_security_group.ecs_sg",
            "module.secrets.data.aws_secretsmanager_secret_version.creds",
            "module.vpc.aws_subnet.private_subnet",
            "module.vpc.aws_vpc.meetmap-vpc"
          ]
        },
        {
          "index_key": "events-service",
          "schema_version": 0,
          "attributes": {
            "alarms": [],
            "capacity_provider_strategy": [],
            "cluster": "arn:aws:ecs:eu-west-1:970180171170:cluster/main-prod-cluster",
            "deployment_circuit_breaker": [
              {
                "enable": false,
                "rollback": false
              }
            ],
            "deployment_controller": [
              {
                "type": "ECS"
              }
            ],
            "deployment_maximum_percent": 200,
            "deployment_minimum_healthy_percent": 0,
            "desired_count": 1,
            "enable_ecs_managed_tags": false,
            "enable_execute_command": false,
            "force_new_deployment": null,
            "health_check_grace_period_seconds": 0,
            "iam_role": "/aws-service-role/ecs.amazonaws.com/AWSServiceRoleForECS",
            "id": "arn:aws:ecs:eu-west-1:970180171170:service/main-prod-cluster/events-service",
            "launch_type": "FARGATE",
            "load_balancer": [
              {
                "container_name": "events-service",
                "container_port": 3000,
                "elb_name": "",
                "target_group_arn": "arn:aws:elasticloadbalancing:eu-west-1:970180171170:targetgroup/events-service-tg/df8b00ebaa7c60ee"
              }
            ],
            "name": "events-service",
            "network_configuration": [
              {
                "assign_public_ip": false,
                "security_groups": [
                  "sg-0e3a4d95ee4d94de2"
                ],
                "subnets": [
                  "subnet-07ae12370d5580cf4",
                  "subnet-0a7def6888dbc3cbb"
                ]
              }
            ],
            "ordered_placement_strategy": [],
            "placement_constraints": [],
            "platform_version": "LATEST",
            "propagate_tags": "NONE",
            "scheduling_strategy": "REPLICA",
            "service_connect_configuration": [],
            "service_registries": [],
            "tags": {},
            "tags_all": {},
            "task_definition": "arn:aws:ecs:eu-west-1:970180171170:task-definition/events-service:3",
            "timeouts": null,
            "triggers": {},
            "wait_for_steady_state": false
          },
          "sensitive_attributes": [],
          "private": "eyJlMmJmYjczMC1lY2FhLTExZTYtOGY4OC0zNDM2M2JjN2M0YzAiOnsiY3JlYXRlIjoxMjAwMDAwMDAwMDAwLCJkZWxldGUiOjEyMDAwMDAwMDAwMDAsInVwZGF0ZSI6MTIwMDAwMDAwMDAwMH19",
          "dependencies": [
            "module.ecs.aws_ecr_repository.repository",
            "module.ecs.aws_ecs_cluster.main",
            "module.ecs.aws_ecs_task_definition.this",
            "module.ecs.aws_iam_role.ecs_task_execution_role",
            "module.ecs.aws_lb_target_group.tg",
            "module.ecs.aws_security_group.alb_sg",
            "module.ecs.aws_security_group.ecs_sg",
            "module.secrets.data.aws_secretsmanager_secret_version.creds",
            "module.vpc.aws_subnet.private_subnet",
            "module.vpc.aws_vpc.meetmap-vpc"
          ]
        },
        {
          "index_key": "jobs-service",
          "schema_version": 0,
          "attributes": {
            "alarms": [],
            "capacity_provider_strategy": [],
            "cluster": "arn:aws:ecs:eu-west-1:970180171170:cluster/main-prod-cluster",
            "deployment_circuit_breaker": [
              {
                "enable": false,
                "rollback": false
              }
            ],
            "deployment_controller": [
              {
                "type": "ECS"
              }
            ],
            "deployment_maximum_percent": 200,
            "deployment_minimum_healthy_percent": 0,
            "desired_count": 1,
            "enable_ecs_managed_tags": false,
            "enable_execute_command": false,
            "force_new_deployment": null,
            "health_check_grace_period_seconds": 0,
            "iam_role": "/aws-service-role/ecs.amazonaws.com/AWSServiceRoleForECS",
            "id": "arn:aws:ecs:eu-west-1:970180171170:service/main-prod-cluster/jobs-service",
            "launch_type": "FARGATE",
            "load_balancer": [
              {
                "container_name": "jobs-service",
                "container_port": 3005,
                "elb_name": "",
                "target_group_arn": "arn:aws:elasticloadbalancing:eu-west-1:970180171170:targetgroup/jobs-service-tg/86fad9b34a5d85e6"
              }
            ],
            "name": "jobs-service",
            "network_configuration": [
              {
                "assign_public_ip": false,
                "security_groups": [
                  "sg-05c88f7d2eb261bb0"
                ],
                "subnets": [
                  "subnet-07ae12370d5580cf4",
                  "subnet-0a7def6888dbc3cbb"
                ]
              }
            ],
            "ordered_placement_strategy": [],
            "placement_constraints": [],
            "platform_version": "LATEST",
            "propagate_tags": "NONE",
            "scheduling_strategy": "REPLICA",
            "service_connect_configuration": [],
            "service_registries": [],
            "tags": {},
            "tags_all": {},
            "task_definition": "arn:aws:ecs:eu-west-1:970180171170:task-definition/jobs-service:1",
            "timeouts": null,
            "triggers": {},
            "wait_for_steady_state": false
          },
          "sensitive_attributes": [],
          "private": "eyJlMmJmYjczMC1lY2FhLTExZTYtOGY4OC0zNDM2M2JjN2M0YzAiOnsiY3JlYXRlIjoxMjAwMDAwMDAwMDAwLCJkZWxldGUiOjEyMDAwMDAwMDAwMDAsInVwZGF0ZSI6MTIwMDAwMDAwMDAwMH19",
          "dependencies": [
            "module.ecs.aws_ecr_repository.repository",
            "module.ecs.aws_ecs_cluster.main",
            "module.ecs.aws_ecs_task_definition.this",
            "module.ecs.aws_iam_role.ecs_task_execution_role",
            "module.ecs.aws_lb_target_group.tg",
            "module.ecs.aws_security_group.alb_sg",
            "module.ecs.aws_security_group.ecs_sg",
            "module.secrets.data.aws_secretsmanager_secret_version.creds",
            "module.vpc.aws_subnet.private_subnet",
            "module.vpc.aws_vpc.meetmap-vpc"
          ]
        },
        {
          "index_key": "location-service",
          "schema_version": 0,
          "attributes": {
            "alarms": [],
            "capacity_provider_strategy": [],
            "cluster": "arn:aws:ecs:eu-west-1:970180171170:cluster/main-prod-cluster",
            "deployment_circuit_breaker": [
              {
                "enable": false,
                "rollback": false
              }
            ],
            "deployment_controller": [
              {
                "type": "ECS"
              }
            ],
            "deployment_maximum_percent": 200,
            "deployment_minimum_healthy_percent": 0,
            "desired_count": 1,
            "enable_ecs_managed_tags": false,
            "enable_execute_command": false,
            "force_new_deployment": null,
            "health_check_grace_period_seconds": 0,
            "iam_role": "/aws-service-role/ecs.amazonaws.com/AWSServiceRoleForECS",
            "id": "arn:aws:ecs:eu-west-1:970180171170:service/main-prod-cluster/location-service",
            "launch_type": "FARGATE",
            "load_balancer": [
              {
                "container_name": "location-service",
                "container_port": 3002,
                "elb_name": "",
                "target_group_arn": "arn:aws:elasticloadbalancing:eu-west-1:970180171170:targetgroup/location-service-tg/5a0747570d0aa28f"
              }
            ],
            "name": "location-service",
            "network_configuration": [
              {
                "assign_public_ip": false,
                "security_groups": [
                  "sg-0f03beb99e90d3051"
                ],
                "subnets": [
                  "subnet-07ae12370d5580cf4",
                  "subnet-0a7def6888dbc3cbb"
                ]
              }
            ],
            "ordered_placement_strategy": [],
            "placement_constraints": [],
            "platform_version": "LATEST",
            "propagate_tags": "NONE",
            "scheduling_strategy": "REPLICA",
            "service_connect_configuration": [],
            "service_registries": [],
            "tags": {},
            "tags_all": {},
            "task_definition": "arn:aws:ecs:eu-west-1:970180171170:task-definition/location-service:14",
            "timeouts": null,
            "triggers": {},
            "wait_for_steady_state": false
          },
          "sensitive_attributes": [],
          "private": "eyJlMmJmYjczMC1lY2FhLTExZTYtOGY4OC0zNDM2M2JjN2M0YzAiOnsiY3JlYXRlIjoxMjAwMDAwMDAwMDAwLCJkZWxldGUiOjEyMDAwMDAwMDAwMDAsInVwZGF0ZSI6MTIwMDAwMDAwMDAwMH19",
          "dependencies": [
            "module.ecs.aws_ecr_repository.repository",
            "module.ecs.aws_ecs_cluster.main",
            "module.ecs.aws_ecs_task_definition.this",
            "module.ecs.aws_iam_role.ecs_task_execution_role",
            "module.ecs.aws_lb_target_group.tg",
            "module.ecs.aws_security_group.alb_sg",
            "module.ecs.aws_security_group.ecs_sg",
            "module.secrets.data.aws_secretsmanager_secret_version.creds",
            "module.vpc.aws_subnet.private_subnet",
            "module.vpc.aws_vpc.meetmap-vpc"
          ]
        },
        {
          "index_key": "users-service",
          "schema_version": 0,
          "attributes": {
            "alarms": [],
            "capacity_provider_strategy": [],
            "cluster": "arn:aws:ecs:eu-west-1:970180171170:cluster/main-prod-cluster",
            "deployment_circuit_breaker": [
              {
                "enable": false,
                "rollback": false
              }
            ],
            "deployment_controller": [
              {
                "type": "ECS"
              }
            ],
            "deployment_maximum_percent": 200,
            "deployment_minimum_healthy_percent": 0,
            "desired_count": 1,
            "enable_ecs_managed_tags": false,
            "enable_execute_command": false,
            "force_new_deployment": null,
            "health_check_grace_period_seconds": 0,
            "iam_role": "/aws-service-role/ecs.amazonaws.com/AWSServiceRoleForECS",
            "id": "arn:aws:ecs:eu-west-1:970180171170:service/main-prod-cluster/users-service",
            "launch_type": "FARGATE",
            "load_balancer": [
              {
                "container_name": "users-service",
                "container_port": 3001,
                "elb_name": "",
                "target_group_arn": "arn:aws:elasticloadbalancing:eu-west-1:970180171170:targetgroup/users-service-tg/eed48c08162e286b"
              }
            ],
            "name": "users-service",
            "network_configuration": [
              {
                "assign_public_ip": true,
                "security_groups": [
                  "sg-00bd02bb7a8d16ce0"
                ],
                "subnets": [
                  "subnet-07ae12370d5580cf4",
                  "subnet-0a7def6888dbc3cbb"
                ]
              }
            ],
            "ordered_placement_strategy": [],
            "placement_constraints": [],
            "platform_version": "LATEST",
            "propagate_tags": "NONE",
            "scheduling_strategy": "REPLICA",
            "service_connect_configuration": [],
            "service_registries": [],
            "tags": {},
            "tags_all": {},
            "task_definition": "arn:aws:ecs:eu-west-1:970180171170:task-definition/users-service:1",
            "timeouts": null,
            "triggers": {},
            "wait_for_steady_state": false
          },
          "sensitive_attributes": [],
          "private": "eyJlMmJmYjczMC1lY2FhLTExZTYtOGY4OC0zNDM2M2JjN2M0YzAiOnsiY3JlYXRlIjoxMjAwMDAwMDAwMDAwLCJkZWxldGUiOjEyMDAwMDAwMDAwMDAsInVwZGF0ZSI6MTIwMDAwMDAwMDAwMH19",
          "dependencies": [
            "module.ecs.aws_ecr_repository.repository",
            "module.ecs.aws_ecs_cluster.main",
            "module.ecs.aws_ecs_task_definition.this",
            "module.ecs.aws_iam_role.ecs_task_execution_role",
            "module.ecs.aws_lb_target_group.tg",
            "module.ecs.aws_security_group.alb_sg",
            "module.ecs.aws_security_group.ecs_sg",
            "module.secrets.data.aws_secretsmanager_secret_version.creds",
            "module.vpc.aws_subnet.private_subnet",
            "module.vpc.aws_vpc.meetmap-vpc"
          ]
        }
      ]
    },
    {
      "module": "module.ecs",
      "mode": "managed",
      "type": "aws_ecs_task_definition",
      "name": "this",
      "provider": "provider[\"registry.terraform.io/hashicorp/aws\"]",
      "instances": [
        {
          "index_key": "assets-service",
          "schema_version": 1,
          "attributes": {
            "arn": "arn:aws:ecs:eu-west-1:970180171170:task-definition/assets-service:2",
            "arn_without_revision": "arn:aws:ecs:eu-west-1:970180171170:task-definition/assets-service",
            "container_definitions": "[{\"cpu\":0,\"environment\":[{\"name\":\"ASSETS_SERVICE_DATABASE_URL\",\"value\":\"mongodb+srv://d4v1ds0np:x06C2QXWJUasMkTy@cluster0.vogtczr.mongodb.net/meetmap-assets-service\"},{\"name\":\"AWS_ACCESS_KEY_ID\",\"value\":\"AKIA6DYZ6SWRADOJCGE4\"},{\"name\":\"AWS_REGION\",\"value\":\"eu-west-1\"},{\"name\":\"AWS_S3_ASSESTS_BUCKET\",\"value\":\"meetmap-assets\"},{\"name\":\"AWS_SECRET_ACCESS_KEY\",\"value\":\"JZv9Vr6XICPfNpHVVG1UaN0lM2PNyVjkgoWR/rOP\"},{\"name\":\"CACHE_ENDPOINT\",\"value\":\"redis://meetmap-admin:jXDusrTp@C8wW3G@redis-18745.c2.eu-west-1-3.ec2.cloud.redislabs.com:18745\"},{\"name\":\"FB_CLIENT_ID\",\"value\":\"225690640359810\"},{\"name\":\"FB_CLIENT_SECRET\",\"value\":\"af51c2eab00f5e187a9688a728afab8f\"},{\"name\":\"JWT_AT_EXPIRES\",\"value\":\"15m\"},{\"name\":\"JWT_AT_SECRET\",\"value\":\"sdakjndsanasdj\"},{\"name\":\"JWT_RT_EXPIRES\",\"value\":\"365d\"},{\"name\":\"JWT_RT_SECRET\",\"value\":\"sdandjncjkvn,xcnoiwjpwqp\"},{\"name\":\"RABBIT_MQ_URL\",\"value\":\"amqps://zrmjkttd:YlYI3D2Y3WToIMQLic2va8CSayTgIw4C@seal.lmq.cloudamqp.com/zrmjkttd\"}],\"essential\":true,\"image\":\"970180171170.dkr.ecr.eu-west-1.amazonaws.com/meetmap-assets-service\",\"logConfiguration\":{\"logDriver\":\"awslogs\",\"options\":{\"awslogs-create-group\":\"true\",\"awslogs-group\":\"/ecs/assets-service\",\"awslogs-region\":\"eu-west-1\",\"awslogs-stream-prefix\":\"ecs\"}},\"mountPoints\":[],\"name\":\"assets-service\",\"portMappings\":[{\"appProtocol\":\"http\",\"containerPort\":3004,\"hostPort\":3004,\"name\":\"assets-service\",\"protocol\":\"tcp\"}],\"volumesFrom\":[]}]",
            "cpu": "256",
            "ephemeral_storage": [],
            "execution_role_arn": "arn:aws:iam::970180171170:role/ecs-task-execution-role",
            "family": "assets-service",
            "id": "assets-service",
            "inference_accelerator": [],
            "ipc_mode": "",
            "memory": "512",
            "network_mode": "awsvpc",
            "pid_mode": "",
            "placement_constraints": [],
            "proxy_configuration": [],
            "requires_compatibilities": [
              "FARGATE"
            ],
            "revision": 2,
            "runtime_platform": [],
            "skip_destroy": false,
            "tags": {},
            "tags_all": {},
            "task_role_arn": "arn:aws:iam::970180171170:role/ecs-task-execution-role",
            "volume": []
          },
          "sensitive_attributes": [
            [
              {
                "type": "get_attr",
                "value": "container_definitions"
              }
            ]
          ],
          "private": "eyJzY2hlbWFfdmVyc2lvbiI6IjEifQ==",
          "dependencies": [
            "module.ecs.aws_ecr_repository.repository",
            "module.ecs.aws_iam_role.ecs_task_execution_role",
            "module.secrets.data.aws_secretsmanager_secret_version.creds",
            "module.vpc.aws_subnet.private_subnet",
            "module.vpc.aws_vpc.meetmap-vpc"
          ]
        },
        {
          "index_key": "auth-service",
          "schema_version": 1,
          "attributes": {
            "arn": "arn:aws:ecs:eu-west-1:970180171170:task-definition/auth-service:4",
            "arn_without_revision": "arn:aws:ecs:eu-west-1:970180171170:task-definition/auth-service",
            "container_definitions": "[{\"cpu\":0,\"environment\":[{\"name\":\"AUTH_SERVICE_DATABASE_URL\",\"value\":\"mongodb+srv://d4v1ds0np:x06C2QXWJUasMkTy@cluster0.vogtczr.mongodb.net/meetmap-auth-service\"},{\"name\":\"AWS_ACCESS_KEY_ID\",\"value\":\"AKIA6DYZ6SWRADOJCGE4\"},{\"name\":\"AWS_REGION\",\"value\":\"eu-west-1\"},{\"name\":\"AWS_S3_ASSESTS_BUCKET\",\"value\":\"meetmap-assets\"},{\"name\":\"AWS_SECRET_ACCESS_KEY\",\"value\":\"JZv9Vr6XICPfNpHVVG1UaN0lM2PNyVjkgoWR/rOP\"},{\"name\":\"CACHE_ENDPOINT\",\"value\":\"redis://meetmap-admin:jXDusrTp@C8wW3G@redis-18745.c2.eu-west-1-3.ec2.cloud.redislabs.com:18745\"},{\"name\":\"FB_CLIENT_ID\",\"value\":\"225690640359810\"},{\"name\":\"FB_CLIENT_SECRET\",\"value\":\"af51c2eab00f5e187a9688a728afab8f\"},{\"name\":\"JWT_AT_EXPIRES\",\"value\":\"15m\"},{\"name\":\"JWT_AT_SECRET\",\"value\":\"sdakjndsanasdj\"},{\"name\":\"JWT_RT_EXPIRES\",\"value\":\"365d\"},{\"name\":\"JWT_RT_SECRET\",\"value\":\"sdandjncjkvn,xcnoiwjpwqp\"},{\"name\":\"RABBIT_MQ_URL\",\"value\":\"amqps://zrmjkttd:YlYI3D2Y3WToIMQLic2va8CSayTgIw4C@seal.lmq.cloudamqp.com/zrmjkttd\"}],\"essential\":true,\"image\":\"970180171170.dkr.ecr.eu-west-1.amazonaws.com/meetmap-auth-service\",\"logConfiguration\":{\"logDriver\":\"awslogs\",\"options\":{\"awslogs-create-group\":\"true\",\"awslogs-group\":\"/ecs/auth-service\",\"awslogs-region\":\"eu-west-1\",\"awslogs-stream-prefix\":\"ecs\"}},\"mountPoints\":[],\"name\":\"auth-service\",\"portMappings\":[{\"appProtocol\":\"http\",\"containerPort\":3003,\"hostPort\":3003,\"name\":\"auth-service\",\"protocol\":\"tcp\"}],\"volumesFrom\":[]}]",
            "cpu": "256",
            "ephemeral_storage": [],
            "execution_role_arn": "arn:aws:iam::970180171170:role/ecs-task-execution-role",
            "family": "auth-service",
            "id": "auth-service",
            "inference_accelerator": [],
            "ipc_mode": "",
            "memory": "512",
            "network_mode": "awsvpc",
            "pid_mode": "",
            "placement_constraints": [],
            "proxy_configuration": [],
            "requires_compatibilities": [
              "FARGATE"
            ],
            "revision": 4,
            "runtime_platform": [],
            "skip_destroy": false,
            "tags": {},
            "tags_all": {},
            "task_role_arn": "arn:aws:iam::970180171170:role/ecs-task-execution-role",
            "volume": []
          },
          "sensitive_attributes": [
            [
              {
                "type": "get_attr",
                "value": "container_definitions"
              }
            ]
          ],
          "private": "eyJzY2hlbWFfdmVyc2lvbiI6IjEifQ==",
          "dependencies": [
            "module.ecs.aws_ecr_repository.repository",
            "module.ecs.aws_iam_role.ecs_task_execution_role",
            "module.secrets.data.aws_secretsmanager_secret_version.creds",
            "module.vpc.aws_subnet.private_subnet",
            "module.vpc.aws_vpc.meetmap-vpc"
          ]
        },
        {
          "index_key": "events-service",
          "schema_version": 1,
          "attributes": {
            "arn": "arn:aws:ecs:eu-west-1:970180171170:task-definition/events-service:3",
            "arn_without_revision": "arn:aws:ecs:eu-west-1:970180171170:task-definition/events-service",
            "container_definitions": "[{\"cpu\":0,\"environment\":[{\"name\":\"AWS_ACCESS_KEY_ID\",\"value\":\"AKIA6DYZ6SWRADOJCGE4\"},{\"name\":\"AWS_REGION\",\"value\":\"eu-west-1\"},{\"name\":\"AWS_S3_ASSESTS_BUCKET\",\"value\":\"meetmap-assets\"},{\"name\":\"AWS_SECRET_ACCESS_KEY\",\"value\":\"JZv9Vr6XICPfNpHVVG1UaN0lM2PNyVjkgoWR/rOP\"},{\"name\":\"CACHE_ENDPOINT\",\"value\":\"redis://meetmap-admin:jXDusrTp@C8wW3G@redis-18745.c2.eu-west-1-3.ec2.cloud.redislabs.com:18745\"},{\"name\":\"DASHBOARD_JWT_AT_EXPIRES\",\"value\":\"15m\"},{\"name\":\"DASHBOARD_JWT_AT_SECRET\",\"value\":\"sdakjndsanasdj\"},{\"name\":\"DASHBOARD_JWT_RT_EXPIRES\",\"value\":\"1d\"},{\"name\":\"DASHBOARD_JWT_RT_SECRET\",\"value\":\"sdandjncjkvn,xcnoiwjpwqp\"},{\"name\":\"EVENTS_SERVICE_DATABASE_URL\",\"value\":\"mongodb+srv://d4v1ds0np:x06C2QXWJUasMkTy@cluster0.vogtczr.mongodb.net/meetmap-events-fetcher\"},{\"name\":\"JWT_AT_EXPIRES\",\"value\":\"15m\"},{\"name\":\"JWT_AT_SECRET\",\"value\":\"sdakjndsanasdj\"},{\"name\":\"JWT_RT_EXPIRES\",\"value\":\"365d\"},{\"name\":\"JWT_RT_SECRET\",\"value\":\"sdandjncjkvn,xcnoiwjpwqp\"},{\"name\":\"OPENAI_API_KEY\",\"value\":\"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\"},{\"name\":\"RABBIT_MQ_URL\",\"value\":\"amqps://zrmjkttd:YlYI3D2Y3WToIMQLic2va8CSayTgIw4C@seal.lmq.cloudamqp.com/zrmjkttd\"},{\"name\":\"SEARCH_CLIENT_URL\",\"value\":\"https://opensearch.meetmap.xyz\"}],\"essential\":true,\"image\":\"970180171170.dkr.ecr.eu-west-1.amazonaws.com/meetmap-events-service\",\"logConfiguration\":{\"logDriver\":\"awslogs\",\"options\":{\"awslogs-create-group\":\"true\",\"awslogs-group\":\"/ecs/events-service\",\"awslogs-region\":\"eu-west-1\",\"awslogs-stream-prefix\":\"ecs\"}},\"mountPoints\":[],\"name\":\"events-service\",\"portMappings\":[{\"appProtocol\":\"http\",\"containerPort\":3000,\"hostPort\":3000,\"name\":\"events-service\",\"protocol\":\"tcp\"}],\"volumesFrom\":[]}]",
            "cpu": "256",
            "ephemeral_storage": [],
            "execution_role_arn": "arn:aws:iam::970180171170:role/ecs-task-execution-role",
            "family": "events-service",
            "id": "events-service",
            "inference_accelerator": [],
            "ipc_mode": "",
            "memory": "512",
            "network_mode": "awsvpc",
            "pid_mode": "",
            "placement_constraints": [],
            "proxy_configuration": [],
            "requires_compatibilities": [
              "FARGATE"
            ],
            "revision": 3,
            "runtime_platform": [],
            "skip_destroy": false,
            "tags": {},
            "tags_all": {},
            "task_role_arn": "arn:aws:iam::970180171170:role/ecs-task-execution-role",
            "volume": []
          },
          "sensitive_attributes": [
            [
              {
                "type": "get_attr",
                "value": "container_definitions"
              }
            ]
          ],
          "private": "eyJzY2hlbWFfdmVyc2lvbiI6IjEifQ==",
          "dependencies": [
            "module.ecs.aws_ecr_repository.repository",
            "module.ecs.aws_iam_role.ecs_task_execution_role",
            "module.secrets.data.aws_secretsmanager_secret_version.creds",
            "module.vpc.aws_subnet.private_subnet",
            "module.vpc.aws_vpc.meetmap-vpc"
          ]
        },
        {
          "index_key": "jobs-service",
          "schema_version": 1,
          "attributes": {
            "arn": "arn:aws:ecs:eu-west-1:970180171170:task-definition/jobs-service:1",
            "arn_without_revision": "arn:aws:ecs:eu-west-1:970180171170:task-definition/jobs-service",
            "container_definitions": "[{\"cpu\":0,\"environment\":[{\"name\":\"JWT_AT_EXPIRES\",\"value\":\"15m\"},{\"name\":\"JWT_AT_SECRET\",\"value\":\"sdakjndsanasdj\"},{\"name\":\"JWT_RT_EXPIRES\",\"value\":\"365d\"},{\"name\":\"JWT_RT_SECRET\",\"value\":\"sdandjncjkvn,xcnoiwjpwqp\"},{\"name\":\"RABBIT_MQ_URL\",\"value\":\"amqps://zrmjkttd:YlYI3D2Y3WToIMQLic2va8CSayTgIw4C@seal.lmq.cloudamqp.com/zrmjkttd\"}],\"essential\":true,\"image\":\"970180171170.dkr.ecr.eu-west-1.amazonaws.com/meetmap-jobs-service\",\"logConfiguration\":{\"logDriver\":\"awslogs\",\"options\":{\"awslogs-create-group\":\"true\",\"awslogs-group\":\"/ecs/jobs-service\",\"awslogs-region\":\"eu-west-1\",\"awslogs-stream-prefix\":\"ecs\"}},\"mountPoints\":[],\"name\":\"jobs-service\",\"portMappings\":[{\"appProtocol\":\"http\",\"containerPort\":3005,\"hostPort\":3005,\"name\":\"jobs-service\",\"protocol\":\"tcp\"}],\"volumesFrom\":[]}]",
            "cpu": "256",
            "ephemeral_storage": [],
            "execution_role_arn": "arn:aws:iam::970180171170:role/ecs-task-execution-role",
            "family": "jobs-service",
            "id": "jobs-service",
            "inference_accelerator": [],
            "ipc_mode": "",
            "memory": "512",
            "network_mode": "awsvpc",
            "pid_mode": "",
            "placement_constraints": [],
            "proxy_configuration": [],
            "requires_compatibilities": [
              "FARGATE"
            ],
            "revision": 1,
            "runtime_platform": [],
            "skip_destroy": false,
            "tags": {},
            "tags_all": {},
            "task_role_arn": "arn:aws:iam::970180171170:role/ecs-task-execution-role",
            "volume": []
          },
          "sensitive_attributes": [
            [
              {
                "type": "get_attr",
                "value": "container_definitions"
              }
            ]
          ],
          "private": "eyJzY2hlbWFfdmVyc2lvbiI6IjEifQ==",
          "dependencies": [
            "module.ecs.aws_ecr_repository.repository",
            "module.ecs.aws_iam_role.ecs_task_execution_role",
            "module.secrets.data.aws_secretsmanager_secret_version.creds",
            "module.vpc.aws_subnet.private_subnet",
            "module.vpc.aws_vpc.meetmap-vpc"
          ]
        },
        {
          "index_key": "location-service",
          "schema_version": 1,
          "attributes": {
            "arn": "arn:aws:ecs:eu-west-1:970180171170:task-definition/location-service:14",
            "arn_without_revision": "arn:aws:ecs:eu-west-1:970180171170:task-definition/location-service",
            "container_definitions": "[{\"cpu\":0,\"environment\":[{\"name\":\"AWS_ACCESS_KEY_ID\",\"value\":\"AKIA6DYZ6SWRADOJCGE4\"},{\"name\":\"AWS_REGION\",\"value\":\"eu-west-1\"},{\"name\":\"AWS_S3_ASSESTS_BUCKET\",\"value\":\"meetmap-assets\"},{\"name\":\"AWS_SECRET_ACCESS_KEY\",\"value\":\"JZv9Vr6XICPfNpHVVG1UaN0lM2PNyVjkgoWR/rOP\"},{\"name\":\"CACHE_ENDPOINT\",\"value\":\"redis://meetmap-admin:jXDusrTp@C8wW3G@redis-18745.c2.eu-west-1-3.ec2.cloud.redislabs.com:18745\"},{\"name\":\"JWT_AT_EXPIRES\",\"value\":\"15m\"},{\"name\":\"JWT_AT_SECRET\",\"value\":\"sdakjndsanasdj\"},{\"name\":\"JWT_RT_EXPIRES\",\"value\":\"365d\"},{\"name\":\"JWT_RT_SECRET\",\"value\":\"sdandjncjkvn,xcnoiwjpwqp\"},{\"name\":\"LOCATION_SERVICE_DATABASE_URL\",\"value\":\"mongodb+srv://d4v1ds0np:x06C2QXWJUasMkTy@cluster0.vogtczr.mongodb.net/meetmap-location-service\"},{\"name\":\"RABBIT_MQ_URL\",\"value\":\"amqps://zrmjkttd:YlYI3D2Y3WToIMQLic2va8CSayTgIw4C@seal.lmq.cloudamqp.com/zrmjkttd\"}],\"essential\":true,\"image\":\"970180171170.dkr.ecr.eu-west-1.amazonaws.com/meetmap-location-service\",\"logConfiguration\":{\"logDriver\":\"awslogs\",\"options\":{\"awslogs-create-group\":\"true\",\"awslogs-group\":\"/ecs/location-service\",\"awslogs-region\":\"eu-west-1\",\"awslogs-stream-prefix\":\"ecs\"}},\"mountPoints\":[],\"name\":\"location-service\",\"portMappings\":[{\"appProtocol\":\"http\",\"containerPort\":3002,\"hostPort\":3002,\"name\":\"location-service\",\"protocol\":\"tcp\"}],\"volumesFrom\":[]}]",
            "cpu": "256",
            "ephemeral_storage": [],
            "execution_role_arn": "arn:aws:iam::970180171170:role/ecs-task-execution-role",
            "family": "location-service",
            "id": "location-service",
            "inference_accelerator": [],
            "ipc_mode": "",
            "memory": "512",
            "network_mode": "awsvpc",
            "pid_mode": "",
            "placement_constraints": [],
            "proxy_configuration": [],
            "requires_compatibilities": [
              "FARGATE"
            ],
            "revision": 14,
            "runtime_platform": [],
            "skip_destroy": false,
            "tags": {},
            "tags_all": {},
            "task_role_arn": "arn:aws:iam::970180171170:role/ecs-task-execution-role",
            "volume": []
          },
          "sensitive_attributes": [
            [
              {
                "type": "get_attr",
                "value": "container_definitions"
              }
            ]
          ],
          "private": "eyJzY2hlbWFfdmVyc2lvbiI6IjEifQ==",
          "dependencies": [
            "module.ecs.aws_ecr_repository.repository",
            "module.ecs.aws_iam_role.ecs_task_execution_role",
            "module.secrets.data.aws_secretsmanager_secret_version.creds",
            "module.vpc.aws_subnet.private_subnet",
            "module.vpc.aws_vpc.meetmap-vpc"
          ]
        },
        {
          "index_key": "users-service",
          "schema_version": 1,
          "attributes": {
            "arn": "arn:aws:ecs:eu-west-1:970180171170:task-definition/users-service:1",
            "arn_without_revision": "arn:aws:ecs:eu-west-1:970180171170:task-definition/users-service",
            "container_definitions": "[{\"cpu\":0,\"environment\":[{\"name\":\"AWS_ACCESS_KEY_ID\",\"value\":\"AKIA6DYZ6SWRADOJCGE4\"},{\"name\":\"AWS_REGION\",\"value\":\"eu-west-1\"},{\"name\":\"AWS_S3_ASSESTS_BUCKET\",\"value\":\"meetmap-assets\"},{\"name\":\"AWS_SECRET_ACCESS_KEY\",\"value\":\"JZv9Vr6XICPfNpHVVG1UaN0lM2PNyVjkgoWR/rOP\"},{\"name\":\"CACHE_ENDPOINT\",\"value\":\"redis://meetmap-admin:jXDusrTp@C8wW3G@redis-18745.c2.eu-west-1-3.ec2.cloud.redislabs.com:18745\"},{\"name\":\"JWT_AT_EXPIRES\",\"value\":\"15m\"},{\"name\":\"JWT_AT_SECRET\",\"value\":\"sdakjndsanasdj\"},{\"name\":\"JWT_RT_EXPIRES\",\"value\":\"365d\"},{\"name\":\"JWT_RT_SECRET\",\"value\":\"sdandjncjkvn,xcnoiwjpwqp\"},{\"name\":\"RABBIT_MQ_URL\",\"value\":\"amqps://zrmjkttd:YlYI3D2Y3WToIMQLic2va8CSayTgIw4C@seal.lmq.cloudamqp.com/zrmjkttd\"},{\"name\":\"USERS_SERVICE_DATABASE_URL\",\"value\":\"mongodb+srv://d4v1ds0np:x06C2QXWJUasMkTy@cluster0.vogtczr.mongodb.net/meetmap-main\"}],\"essential\":true,\"image\":\"970180171170.dkr.ecr.eu-west-1.amazonaws.com/meetmap-users-service\",\"logConfiguration\":{\"logDriver\":\"awslogs\",\"options\":{\"awslogs-create-group\":\"true\",\"awslogs-group\":\"/ecs/users-service\",\"awslogs-region\":\"eu-west-1\",\"awslogs-stream-prefix\":\"ecs\"}},\"mountPoints\":[],\"name\":\"users-service\",\"portMappings\":[{\"appProtocol\":\"http\",\"containerPort\":3001,\"hostPort\":3001,\"name\":\"users-service\",\"protocol\":\"tcp\"}],\"volumesFrom\":[]}]",
            "cpu": "256",
            "ephemeral_storage": [],
            "execution_role_arn": "arn:aws:iam::970180171170:role/ecs-task-execution-role",
            "family": "users-service",
            "id": "users-service",
            "inference_accelerator": [],
            "ipc_mode": "",
            "memory": "512",
            "network_mode": "awsvpc",
            "pid_mode": "",
            "placement_constraints": [],
            "proxy_configuration": [],
            "requires_compatibilities": [
              "FARGATE"
            ],
            "revision": 1,
            "runtime_platform": [],
            "skip_destroy": false,
            "tags": {},
            "tags_all": {},
            "task_role_arn": "arn:aws:iam::970180171170:role/ecs-task-execution-role",
            "volume": []
          },
          "sensitive_attributes": [
            [
              {
                "type": "get_attr",
                "value": "container_definitions"
              }
            ]
          ],
          "private": "eyJzY2hlbWFfdmVyc2lvbiI6IjEifQ==",
          "dependencies": [
            "module.ecs.aws_ecr_repository.repository",
            "module.ecs.aws_iam_role.ecs_task_execution_role",
            "module.secrets.data.aws_secretsmanager_secret_version.creds",
            "module.vpc.aws_subnet.private_subnet",
            "module.vpc.aws_vpc.meetmap-vpc"
          ]
        }
      ]
    },
    {
      "module": "module.ecs",
      "mode": "managed",
      "type": "aws_iam_role",
      "name": "ecs_task_execution_role",
      "provider": "provider[\"registry.terraform.io/hashicorp/aws\"]",
      "instances": [
        {
          "schema_version": 0,
          "attributes": {
            "arn": "arn:aws:iam::970180171170:role/ecs-task-execution-role",
            "assume_role_policy": "{\"Statement\":[{\"Action\":\"sts:AssumeRole\",\"Effect\":\"Allow\",\"Principal\":{\"Service\":\"ecs-tasks.amazonaws.com\"}}],\"Version\":\"2012-10-17\"}",
            "create_date": "2023-06-14T14:55:10Z",
            "description": "",
            "force_detach_policies": false,
            "id": "ecs-task-execution-role",
            "inline_policy": [],
            "managed_policy_arns": [
              "arn:aws:iam::aws:policy/service-role/AmazonECSTaskExecutionRolePolicy"
            ],
            "max_session_duration": 3600,
            "name": "ecs-task-execution-role",
            "name_prefix": "",
            "path": "/",
            "permissions_boundary": null,
            "role_last_used": [
              {
                "last_used_date": "2023-08-15T12:36:51Z",
                "region": "eu-west-1"
              }
            ],
            "tags": {},
            "tags_all": {},
            "unique_id": "AROA6DYZ6SWRP73IWUAJE"
          },
          "sensitive_attributes": [],
          "private": "bnVsbA=="
        }
      ]
    },
    {
      "module": "module.ecs",
      "mode": "managed",
      "type": "aws_iam_role_policy_attachment",
      "name": "ecs_task_execution_role_attachment",
      "provider": "provider[\"registry.terraform.io/hashicorp/aws\"]",
      "instances": [
        {
          "schema_version": 0,
          "attributes": {
            "id": "ecs-task-execution-role-20230614145513638600000003",
            "policy_arn": "arn:aws:iam::aws:policy/service-role/AmazonECSTaskExecutionRolePolicy",
            "role": "ecs-task-execution-role"
          },
          "sensitive_attributes": [],
          "private": "bnVsbA==",
          "dependencies": [
            "module.ecs.aws_iam_role.ecs_task_execution_role"
          ]
        }
      ]
    },
    {
      "module": "module.ecs",
      "mode": "managed",
      "type": "aws_lb",
      "name": "alb",
      "provider": "provider[\"registry.terraform.io/hashicorp/aws\"]",
      "instances": [
        {
          "schema_version": 0,
          "attributes": {
            "access_logs": [
              {
                "bucket": "",
                "enabled": false,
                "prefix": ""
              }
            ],
            "arn": "arn:aws:elasticloadbalancing:eu-west-1:970180171170:loadbalancer/app/alb/46c28c587d7c69c4",
            "arn_suffix": "app/alb/46c28c587d7c69c4",
            "customer_owned_ipv4_pool": "",
            "desync_mitigation_mode": "defensive",
            "dns_name": "alb-1498222220.eu-west-1.elb.amazonaws.com",
            "drop_invalid_header_fields": false,
            "enable_cross_zone_load_balancing": true,
            "enable_deletion_protection": false,
            "enable_http2": true,
            "enable_tls_version_and_cipher_suite_headers": false,
            "enable_waf_fail_open": false,
            "enable_xff_client_port": false,
            "id": "arn:aws:elasticloadbalancing:eu-west-1:970180171170:loadbalancer/app/alb/46c28c587d7c69c4",
            "idle_timeout": 60,
            "internal": false,
            "ip_address_type": "ipv4",
            "load_balancer_type": "application",
            "name": "alb",
            "name_prefix": null,
            "preserve_host_header": false,
            "security_groups": [
              "sg-00821e1705797a4f3"
            ],
            "subnet_mapping": [
              {
                "allocation_id": "",
                "ipv6_address": "",
                "outpost_id": "",
                "private_ipv4_address": "",
                "subnet_id": "subnet-02391664e43e0a48a"
              },
              {
                "allocation_id": "",
                "ipv6_address": "",
                "outpost_id": "",
                "private_ipv4_address": "",
                "subnet_id": "subnet-0ed68bde31e7db656"
              }
            ],
            "subnets": [
              "subnet-02391664e43e0a48a",
              "subnet-0ed68bde31e7db656"
            ],
            "tags": {},
            "tags_all": {},
            "timeouts": null,
            "vpc_id": "vpc-047cdca7ba4256676",
            "xff_header_processing_mode": "append",
            "zone_id": "Z32O12XQLNTSW2"
          },
          "sensitive_attributes": [],
          "private": "eyJlMmJmYjczMC1lY2FhLTExZTYtOGY4OC0zNDM2M2JjN2M0YzAiOnsiY3JlYXRlIjo2MDAwMDAwMDAwMDAsImRlbGV0ZSI6NjAwMDAwMDAwMDAwLCJ1cGRhdGUiOjYwMDAwMDAwMDAwMH19",
          "dependencies": [
            "module.ecs.aws_security_group.alb_sg",
            "module.vpc.aws_subnet.public_subnet",
            "module.vpc.aws_vpc.meetmap-vpc"
          ]
        }
      ]
    },
    {
      "module": "module.ecs",
      "mode": "managed",
      "type": "aws_lb_listener",
      "name": "http_listener",
      "provider": "provider[\"registry.terraform.io/hashicorp/aws\"]",
      "instances": [
        {
          "schema_version": 0,
          "attributes": {
            "alpn_policy": null,
            "arn": "arn:aws:elasticloadbalancing:eu-west-1:970180171170:listener/app/alb/46c28c587d7c69c4/b4073b458ba164c3",
            "certificate_arn": null,
            "default_action": [
              {
                "authenticate_cognito": [],
                "authenticate_oidc": [],
                "fixed_response": [],
                "forward": [],
                "order": 1,
                "redirect": [
                  {
                    "host": "#{host}",
                    "path": "/#{path}",
                    "port": "443",
                    "protocol": "HTTPS",
                    "query": "#{query}",
                    "status_code": "HTTP_301"
                  }
                ],
                "target_group_arn": "",
                "type": "redirect"
              }
            ],
            "id": "arn:aws:elasticloadbalancing:eu-west-1:970180171170:listener/app/alb/46c28c587d7c69c4/b4073b458ba164c3",
            "load_balancer_arn": "arn:aws:elasticloadbalancing:eu-west-1:970180171170:loadbalancer/app/alb/46c28c587d7c69c4",
            "port": 80,
            "protocol": "HTTP",
            "ssl_policy": "",
            "tags": {},
            "tags_all": {},
            "timeouts": null
          },
          "sensitive_attributes": [],
          "private": "eyJlMmJmYjczMC1lY2FhLTExZTYtOGY4OC0zNDM2M2JjN2M0YzAiOnsicmVhZCI6NjAwMDAwMDAwMDAwfX0=",
          "dependencies": [
            "module.ecs.aws_lb.alb",
            "module.ecs.aws_security_group.alb_sg",
            "module.vpc.aws_subnet.public_subnet",
            "module.vpc.aws_vpc.meetmap-vpc"
          ]
        }
      ]
    },
    {
      "module": "module.ecs",
      "mode": "managed",
      "type": "aws_lb_listener",
      "name": "https_listener",
      "provider": "provider[\"registry.terraform.io/hashicorp/aws\"]",
      "instances": [
        {
          "schema_version": 0,
          "attributes": {
            "alpn_policy": null,
            "arn": "arn:aws:elasticloadbalancing:eu-west-1:970180171170:listener/app/alb/46c28c587d7c69c4/3038a693a10be39e",
            "certificate_arn": "arn:aws:acm:eu-west-1:970180171170:certificate/4ce2f2de-e6ad-46d4-9123-9880ac72d5da",
            "default_action": [
              {
                "authenticate_cognito": [],
                "authenticate_oidc": [],
                "fixed_response": [
                  {
                    "content_type": "text/plain",
                    "message_body": "404 Not Found",
                    "status_code": "404"
                  }
                ],
                "forward": [],
                "order": 1,
                "redirect": [],
                "target_group_arn": "",
                "type": "fixed-response"
              }
            ],
            "id": "arn:aws:elasticloadbalancing:eu-west-1:970180171170:listener/app/alb/46c28c587d7c69c4/3038a693a10be39e",
            "load_balancer_arn": "arn:aws:elasticloadbalancing:eu-west-1:970180171170:loadbalancer/app/alb/46c28c587d7c69c4",
            "port": 443,
            "protocol": "HTTPS",
            "ssl_policy": "ELBSecurityPolicy-2016-08",
            "tags": {},
            "tags_all": {},
            "timeouts": null
          },
          "sensitive_attributes": [],
          "private": "eyJlMmJmYjczMC1lY2FhLTExZTYtOGY4OC0zNDM2M2JjN2M0YzAiOnsicmVhZCI6NjAwMDAwMDAwMDAwfX0=",
          "dependencies": [
            "module.domain.aws_acm_certificate.certificate",
            "module.ecs.aws_lb.alb",
            "module.ecs.aws_security_group.alb_sg",
            "module.vpc.aws_subnet.public_subnet",
            "module.vpc.aws_vpc.meetmap-vpc"
          ]
        }
      ]
    },
    {
      "module": "module.ecs",
      "mode": "managed",
      "type": "aws_lb_listener_rule",
      "name": "lb_rule",
      "provider": "provider[\"registry.terraform.io/hashicorp/aws\"]",
      "instances": [
        {
          "index_key": "assets-service",
          "schema_version": 0,
          "attributes": {
            "action": [
              {
                "authenticate_cognito": [],
                "authenticate_oidc": [],
                "fixed_response": [],
                "forward": [],
                "order": 1,
                "redirect": [],
                "target_group_arn": "arn:aws:elasticloadbalancing:eu-west-1:970180171170:targetgroup/assets-service-tg/3e14d5ea9c37d533",
                "type": "forward"
              }
            ],
            "arn": "arn:aws:elasticloadbalancing:eu-west-1:970180171170:listener-rule/app/alb/46c28c587d7c69c4/3038a693a10be39e/717c23b840bf06aa",
            "condition": [
              {
                "host_header": [],
                "http_header": [],
                "http_request_method": [],
                "path_pattern": [
                  {
                    "values": [
                      "/assets*"
                    ]
                  }
                ],
                "query_string": [],
                "source_ip": []
              }
            ],
            "id": "arn:aws:elasticloadbalancing:eu-west-1:970180171170:listener-rule/app/alb/46c28c587d7c69c4/3038a693a10be39e/717c23b840bf06aa",
            "listener_arn": "arn:aws:elasticloadbalancing:eu-west-1:970180171170:listener/app/alb/46c28c587d7c69c4/3038a693a10be39e",
            "priority": 5,
            "tags": {},
            "tags_all": {}
          },
          "sensitive_attributes": [],
          "private": "bnVsbA==",
          "dependencies": [
            "module.domain.aws_acm_certificate.certificate",
            "module.ecs.aws_lb.alb",
            "module.ecs.aws_lb_listener.https_listener",
            "module.ecs.aws_lb_target_group.tg",
            "module.ecs.aws_security_group.alb_sg",
            "module.secrets.data.aws_secretsmanager_secret_version.creds",
            "module.vpc.aws_subnet.private_subnet",
            "module.vpc.aws_subnet.public_subnet",
            "module.vpc.aws_vpc.meetmap-vpc"
          ]
        },
        {
          "index_key": "auth-service",
          "schema_version": 0,
          "attributes": {
            "action": [
              {
                "authenticate_cognito": [],
                "authenticate_oidc": [],
                "fixed_response": [],
                "forward": [],
                "order": 1,
                "redirect": [],
                "target_group_arn": "arn:aws:elasticloadbalancing:eu-west-1:970180171170:targetgroup/auth-service-tg/b27bc407d9975673",
                "type": "forward"
              }
            ],
            "arn": "arn:aws:elasticloadbalancing:eu-west-1:970180171170:listener-rule/app/alb/46c28c587d7c69c4/3038a693a10be39e/ee2b88a0a88d94d0",
            "condition": [
              {
                "host_header": [],
                "http_header": [],
                "http_request_method": [],
                "path_pattern": [
                  {
                    "values": [
                      "/auth*"
                    ]
                  }
                ],
                "query_string": [],
                "source_ip": []
              }
            ],
            "id": "arn:aws:elasticloadbalancing:eu-west-1:970180171170:listener-rule/app/alb/46c28c587d7c69c4/3038a693a10be39e/ee2b88a0a88d94d0",
            "listener_arn": "arn:aws:elasticloadbalancing:eu-west-1:970180171170:listener/app/alb/46c28c587d7c69c4/3038a693a10be39e",
            "priority": 2,
            "tags": {},
            "tags_all": {}
          },
          "sensitive_attributes": [],
          "private": "bnVsbA==",
          "dependencies": [
            "module.domain.aws_acm_certificate.certificate",
            "module.ecs.aws_lb.alb",
            "module.ecs.aws_lb_listener.https_listener",
            "module.ecs.aws_lb_target_group.tg",
            "module.ecs.aws_security_group.alb_sg",
            "module.secrets.data.aws_secretsmanager_secret_version.creds",
            "module.vpc.aws_subnet.private_subnet",
            "module.vpc.aws_subnet.public_subnet",
            "module.vpc.aws_vpc.meetmap-vpc"
          ]
        },
        {
          "index_key": "events-service",
          "schema_version": 0,
          "attributes": {
            "action": [
              {
                "authenticate_cognito": [],
                "authenticate_oidc": [],
                "fixed_response": [],
                "forward": [],
                "order": 1,
                "redirect": [],
                "target_group_arn": "arn:aws:elasticloadbalancing:eu-west-1:970180171170:targetgroup/events-service-tg/df8b00ebaa7c60ee",
                "type": "forward"
              }
            ],
            "arn": "arn:aws:elasticloadbalancing:eu-west-1:970180171170:listener-rule/app/alb/46c28c587d7c69c4/3038a693a10be39e/954e264dcc925422",
            "condition": [
              {
                "host_header": [],
                "http_header": [],
                "http_request_method": [],
                "path_pattern": [
                  {
                    "values": [
                      "/events*"
                    ]
                  }
                ],
                "query_string": [],
                "source_ip": []
              }
            ],
            "id": "arn:aws:elasticloadbalancing:eu-west-1:970180171170:listener-rule/app/alb/46c28c587d7c69c4/3038a693a10be39e/954e264dcc925422",
            "listener_arn": "arn:aws:elasticloadbalancing:eu-west-1:970180171170:listener/app/alb/46c28c587d7c69c4/3038a693a10be39e",
            "priority": 3,
            "tags": {},
            "tags_all": {}
          },
          "sensitive_attributes": [],
          "private": "bnVsbA==",
          "dependencies": [
            "module.domain.aws_acm_certificate.certificate",
            "module.ecs.aws_lb.alb",
            "module.ecs.aws_lb_listener.https_listener",
            "module.ecs.aws_lb_target_group.tg",
            "module.ecs.aws_security_group.alb_sg",
            "module.secrets.data.aws_secretsmanager_secret_version.creds",
            "module.vpc.aws_subnet.private_subnet",
            "module.vpc.aws_subnet.public_subnet",
            "module.vpc.aws_vpc.meetmap-vpc"
          ]
        },
        {
          "index_key": "jobs-service",
          "schema_version": 0,
          "attributes": {
            "action": [
              {
                "authenticate_cognito": [],
                "authenticate_oidc": [],
                "fixed_response": [],
                "forward": [],
                "order": 1,
                "redirect": [],
                "target_group_arn": "arn:aws:elasticloadbalancing:eu-west-1:970180171170:targetgroup/jobs-service-tg/86fad9b34a5d85e6",
                "type": "forward"
              }
            ],
            "arn": "arn:aws:elasticloadbalancing:eu-west-1:970180171170:listener-rule/app/alb/46c28c587d7c69c4/3038a693a10be39e/c70134a289d838dd",
            "condition": [
              {
                "host_header": [],
                "http_header": [],
                "http_request_method": [],
                "path_pattern": [
                  {
                    "values": [
                      "/jobs*"
                    ]
                  }
                ],
                "query_string": [],
                "source_ip": []
              }
            ],
            "id": "arn:aws:elasticloadbalancing:eu-west-1:970180171170:listener-rule/app/alb/46c28c587d7c69c4/3038a693a10be39e/c70134a289d838dd",
            "listener_arn": "arn:aws:elasticloadbalancing:eu-west-1:970180171170:listener/app/alb/46c28c587d7c69c4/3038a693a10be39e",
            "priority": 6,
            "tags": {},
            "tags_all": {}
          },
          "sensitive_attributes": [],
          "private": "bnVsbA==",
          "dependencies": [
            "module.domain.aws_acm_certificate.certificate",
            "module.ecs.aws_lb.alb",
            "module.ecs.aws_lb_listener.https_listener",
            "module.ecs.aws_lb_target_group.tg",
            "module.ecs.aws_security_group.alb_sg",
            "module.secrets.data.aws_secretsmanager_secret_version.creds",
            "module.vpc.aws_subnet.private_subnet",
            "module.vpc.aws_subnet.public_subnet",
            "module.vpc.aws_vpc.meetmap-vpc"
          ]
        },
        {
          "index_key": "location-service",
          "schema_version": 0,
          "attributes": {
            "action": [
              {
                "authenticate_cognito": [],
                "authenticate_oidc": [],
                "fixed_response": [],
                "forward": [],
                "order": 1,
                "redirect": [],
                "target_group_arn": "arn:aws:elasticloadbalancing:eu-west-1:970180171170:targetgroup/location-service-tg/5a0747570d0aa28f",
                "type": "forward"
              }
            ],
            "arn": "arn:aws:elasticloadbalancing:eu-west-1:970180171170:listener-rule/app/alb/46c28c587d7c69c4/3038a693a10be39e/fcd8b9bc6fc2f372",
            "condition": [
              {
                "host_header": [],
                "http_header": [],
                "http_request_method": [],
                "path_pattern": [
                  {
                    "values": [
                      "/location*"
                    ]
                  }
                ],
                "query_string": [],
                "source_ip": []
              }
            ],
            "id": "arn:aws:elasticloadbalancing:eu-west-1:970180171170:listener-rule/app/alb/46c28c587d7c69c4/3038a693a10be39e/fcd8b9bc6fc2f372",
            "listener_arn": "arn:aws:elasticloadbalancing:eu-west-1:970180171170:listener/app/alb/46c28c587d7c69c4/3038a693a10be39e",
            "priority": 1,
            "tags": {},
            "tags_all": {}
          },
          "sensitive_attributes": [],
          "private": "bnVsbA==",
          "dependencies": [
            "module.domain.aws_acm_certificate.certificate",
            "module.ecs.aws_lb.alb",
            "module.ecs.aws_lb_listener.https_listener",
            "module.ecs.aws_lb_target_group.tg",
            "module.ecs.aws_security_group.alb_sg",
            "module.secrets.data.aws_secretsmanager_secret_version.creds",
            "module.vpc.aws_subnet.private_subnet",
            "module.vpc.aws_subnet.public_subnet",
            "module.vpc.aws_vpc.meetmap-vpc"
          ]
        },
        {
          "index_key": "users-service",
          "schema_version": 0,
          "attributes": {
            "action": [
              {
                "authenticate_cognito": [],
                "authenticate_oidc": [],
                "fixed_response": [],
                "forward": [],
                "order": 1,
                "redirect": [],
                "target_group_arn": "arn:aws:elasticloadbalancing:eu-west-1:970180171170:targetgroup/users-service-tg/eed48c08162e286b",
                "type": "forward"
              }
            ],
            "arn": "arn:aws:elasticloadbalancing:eu-west-1:970180171170:listener-rule/app/alb/46c28c587d7c69c4/3038a693a10be39e/62362f32587b7c7a",
            "condition": [
              {
                "host_header": [],
                "http_header": [],
                "http_request_method": [],
                "path_pattern": [
                  {
                    "values": [
                      "/users*"
                    ]
                  }
                ],
                "query_string": [],
                "source_ip": []
              }
            ],
            "id": "arn:aws:elasticloadbalancing:eu-west-1:970180171170:listener-rule/app/alb/46c28c587d7c69c4/3038a693a10be39e/62362f32587b7c7a",
            "listener_arn": "arn:aws:elasticloadbalancing:eu-west-1:970180171170:listener/app/alb/46c28c587d7c69c4/3038a693a10be39e",
            "priority": 4,
            "tags": {},
            "tags_all": {}
          },
          "sensitive_attributes": [],
          "private": "bnVsbA==",
          "dependencies": [
            "module.domain.aws_acm_certificate.certificate",
            "module.ecs.aws_lb.alb",
            "module.ecs.aws_lb_listener.https_listener",
            "module.ecs.aws_lb_target_group.tg",
            "module.ecs.aws_security_group.alb_sg",
            "module.secrets.data.aws_secretsmanager_secret_version.creds",
            "module.vpc.aws_subnet.private_subnet",
            "module.vpc.aws_subnet.public_subnet",
            "module.vpc.aws_vpc.meetmap-vpc"
          ]
        }
      ]
    },
    {
      "module": "module.ecs",
      "mode": "managed",
      "type": "aws_lb_target_group",
      "name": "tg",
      "provider": "provider[\"registry.terraform.io/hashicorp/aws\"]",
      "instances": [
        {
          "index_key": "assets-service",
          "schema_version": 0,
          "attributes": {
            "arn": "arn:aws:elasticloadbalancing:eu-west-1:970180171170:targetgroup/assets-service-tg/3e14d5ea9c37d533",
            "arn_suffix": "targetgroup/assets-service-tg/3e14d5ea9c37d533",
            "connection_termination": false,
            "deregistration_delay": "300",
            "health_check": [
              {
                "enabled": true,
                "healthy_threshold": 3,
                "interval": 30,
                "matcher": "200",
                "path": "/assets",
                "port": "traffic-port",
                "protocol": "HTTP",
                "timeout": 5,
                "unhealthy_threshold": 6
              }
            ],
            "id": "arn:aws:elasticloadbalancing:eu-west-1:970180171170:targetgroup/assets-service-tg/3e14d5ea9c37d533",
            "ip_address_type": "ipv4",
            "lambda_multi_value_headers_enabled": false,
            "load_balancing_algorithm_type": "round_robin",
            "load_balancing_cross_zone_enabled": "use_load_balancer_configuration",
            "name": "assets-service-tg",
            "name_prefix": null,
            "port": 3004,
            "preserve_client_ip": null,
            "protocol": "HTTP",
            "protocol_version": "HTTP1",
            "proxy_protocol_v2": false,
            "slow_start": 0,
            "stickiness": [
              {
                "cookie_duration": 86400,
                "cookie_name": "",
                "enabled": false,
                "type": "lb_cookie"
              }
            ],
            "tags": {},
            "tags_all": {},
            "target_failover": [
              {
                "on_deregistration": null,
                "on_unhealthy": null
              }
            ],
            "target_type": "ip",
            "vpc_id": "vpc-047cdca7ba4256676"
          },
          "sensitive_attributes": [],
          "private": "bnVsbA==",
          "dependencies": [
            "module.secrets.data.aws_secretsmanager_secret_version.creds",
            "module.vpc.aws_subnet.private_subnet",
            "module.vpc.aws_vpc.meetmap-vpc"
          ]
        },
        {
          "index_key": "auth-service",
          "schema_version": 0,
          "attributes": {
            "arn": "arn:aws:elasticloadbalancing:eu-west-1:970180171170:targetgroup/auth-service-tg/b27bc407d9975673",
            "arn_suffix": "targetgroup/auth-service-tg/b27bc407d9975673",
            "connection_termination": false,
            "deregistration_delay": "300",
            "health_check": [
              {
                "enabled": true,
                "healthy_threshold": 3,
                "interval": 30,
                "matcher": "200",
                "path": "/auth",
                "port": "traffic-port",
                "protocol": "HTTP",
                "timeout": 5,
                "unhealthy_threshold": 6
              }
            ],
            "id": "arn:aws:elasticloadbalancing:eu-west-1:970180171170:targetgroup/auth-service-tg/b27bc407d9975673",
            "ip_address_type": "ipv4",
            "lambda_multi_value_headers_enabled": false,
            "load_balancing_algorithm_type": "round_robin",
            "load_balancing_cross_zone_enabled": "use_load_balancer_configuration",
            "name": "auth-service-tg",
            "name_prefix": null,
            "port": 3003,
            "preserve_client_ip": null,
            "protocol": "HTTP",
            "protocol_version": "HTTP1",
            "proxy_protocol_v2": false,
            "slow_start": 0,
            "stickiness": [
              {
                "cookie_duration": 86400,
                "cookie_name": "",
                "enabled": false,
                "type": "lb_cookie"
              }
            ],
            "tags": {},
            "tags_all": {},
            "target_failover": [
              {
                "on_deregistration": null,
                "on_unhealthy": null
              }
            ],
            "target_type": "ip",
            "vpc_id": "vpc-047cdca7ba4256676"
          },
          "sensitive_attributes": [],
          "private": "bnVsbA==",
          "dependencies": [
            "module.secrets.data.aws_secretsmanager_secret_version.creds",
            "module.vpc.aws_subnet.private_subnet",
            "module.vpc.aws_vpc.meetmap-vpc"
          ]
        },
        {
          "index_key": "events-service",
          "schema_version": 0,
          "attributes": {
            "arn": "arn:aws:elasticloadbalancing:eu-west-1:970180171170:targetgroup/events-service-tg/df8b00ebaa7c60ee",
            "arn_suffix": "targetgroup/events-service-tg/df8b00ebaa7c60ee",
            "connection_termination": false,
            "deregistration_delay": "300",
            "health_check": [
              {
                "enabled": true,
                "healthy_threshold": 3,
                "interval": 30,
                "matcher": "200",
                "path": "/events",
                "port": "traffic-port",
                "protocol": "HTTP",
                "timeout": 5,
                "unhealthy_threshold": 6
              }
            ],
            "id": "arn:aws:elasticloadbalancing:eu-west-1:970180171170:targetgroup/events-service-tg/df8b00ebaa7c60ee",
            "ip_address_type": "ipv4",
            "lambda_multi_value_headers_enabled": false,
            "load_balancing_algorithm_type": "round_robin",
            "load_balancing_cross_zone_enabled": "use_load_balancer_configuration",
            "name": "events-service-tg",
            "name_prefix": null,
            "port": 3000,
            "preserve_client_ip": null,
            "protocol": "HTTP",
            "protocol_version": "HTTP1",
            "proxy_protocol_v2": false,
            "slow_start": 0,
            "stickiness": [
              {
                "cookie_duration": 86400,
                "cookie_name": "",
                "enabled": false,
                "type": "lb_cookie"
              }
            ],
            "tags": {},
            "tags_all": {},
            "target_failover": [
              {
                "on_deregistration": null,
                "on_unhealthy": null
              }
            ],
            "target_type": "ip",
            "vpc_id": "vpc-047cdca7ba4256676"
          },
          "sensitive_attributes": [],
          "private": "bnVsbA==",
          "dependencies": [
            "module.secrets.data.aws_secretsmanager_secret_version.creds",
            "module.vpc.aws_subnet.private_subnet",
            "module.vpc.aws_vpc.meetmap-vpc"
          ]
        },
        {
          "index_key": "jobs-service",
          "schema_version": 0,
          "attributes": {
            "arn": "arn:aws:elasticloadbalancing:eu-west-1:970180171170:targetgroup/jobs-service-tg/86fad9b34a5d85e6",
            "arn_suffix": "targetgroup/jobs-service-tg/86fad9b34a5d85e6",
            "connection_termination": false,
            "deregistration_delay": "300",
            "health_check": [
              {
                "enabled": true,
                "healthy_threshold": 3,
                "interval": 30,
                "matcher": "200",
                "path": "/jobs",
                "port": "traffic-port",
                "protocol": "HTTP",
                "timeout": 5,
                "unhealthy_threshold": 6
              }
            ],
            "id": "arn:aws:elasticloadbalancing:eu-west-1:970180171170:targetgroup/jobs-service-tg/86fad9b34a5d85e6",
            "ip_address_type": "ipv4",
            "lambda_multi_value_headers_enabled": false,
            "load_balancing_algorithm_type": "round_robin",
            "load_balancing_cross_zone_enabled": "use_load_balancer_configuration",
            "name": "jobs-service-tg",
            "name_prefix": null,
            "port": 3005,
            "preserve_client_ip": null,
            "protocol": "HTTP",
            "protocol_version": "HTTP1",
            "proxy_protocol_v2": false,
            "slow_start": 0,
            "stickiness": [
              {
                "cookie_duration": 86400,
                "cookie_name": "",
                "enabled": false,
                "type": "lb_cookie"
              }
            ],
            "tags": {},
            "tags_all": {},
            "target_failover": [
              {
                "on_deregistration": null,
                "on_unhealthy": null
              }
            ],
            "target_type": "ip",
            "vpc_id": "vpc-047cdca7ba4256676"
          },
          "sensitive_attributes": [],
          "private": "bnVsbA==",
          "dependencies": [
            "module.secrets.data.aws_secretsmanager_secret_version.creds",
            "module.vpc.aws_subnet.private_subnet",
            "module.vpc.aws_vpc.meetmap-vpc"
          ]
        },
        {
          "index_key": "location-service",
          "schema_version": 0,
          "attributes": {
            "arn": "arn:aws:elasticloadbalancing:eu-west-1:970180171170:targetgroup/location-service-tg/5a0747570d0aa28f",
            "arn_suffix": "targetgroup/location-service-tg/5a0747570d0aa28f",
            "connection_termination": false,
            "deregistration_delay": "300",
            "health_check": [
              {
                "enabled": true,
                "healthy_threshold": 3,
                "interval": 30,
                "matcher": "200",
                "path": "/location",
                "port": "traffic-port",
                "protocol": "HTTP",
                "timeout": 5,
                "unhealthy_threshold": 6
              }
            ],
            "id": "arn:aws:elasticloadbalancing:eu-west-1:970180171170:targetgroup/location-service-tg/5a0747570d0aa28f",
            "ip_address_type": "ipv4",
            "lambda_multi_value_headers_enabled": false,
            "load_balancing_algorithm_type": "round_robin",
            "load_balancing_cross_zone_enabled": "use_load_balancer_configuration",
            "name": "location-service-tg",
            "name_prefix": null,
            "port": 3002,
            "preserve_client_ip": null,
            "protocol": "HTTP",
            "protocol_version": "HTTP1",
            "proxy_protocol_v2": false,
            "slow_start": 0,
            "stickiness": [
              {
                "cookie_duration": 86400,
                "cookie_name": "",
                "enabled": false,
                "type": "lb_cookie"
              }
            ],
            "tags": {},
            "tags_all": {},
            "target_failover": [
              {
                "on_deregistration": null,
                "on_unhealthy": null
              }
            ],
            "target_type": "ip",
            "vpc_id": "vpc-047cdca7ba4256676"
          },
          "sensitive_attributes": [],
          "private": "bnVsbA==",
          "dependencies": [
            "module.secrets.data.aws_secretsmanager_secret_version.creds",
            "module.vpc.aws_subnet.private_subnet",
            "module.vpc.aws_vpc.meetmap-vpc"
          ]
        },
        {
          "index_key": "users-service",
          "schema_version": 0,
          "attributes": {
            "arn": "arn:aws:elasticloadbalancing:eu-west-1:970180171170:targetgroup/users-service-tg/eed48c08162e286b",
            "arn_suffix": "targetgroup/users-service-tg/eed48c08162e286b",
            "connection_termination": false,
            "deregistration_delay": "300",
            "health_check": [
              {
                "enabled": true,
                "healthy_threshold": 3,
                "interval": 30,
                "matcher": "200",
                "path": "/users",
                "port": "traffic-port",
                "protocol": "HTTP",
                "timeout": 5,
                "unhealthy_threshold": 6
              }
            ],
            "id": "arn:aws:elasticloadbalancing:eu-west-1:970180171170:targetgroup/users-service-tg/eed48c08162e286b",
            "ip_address_type": "ipv4",
            "lambda_multi_value_headers_enabled": false,
            "load_balancing_algorithm_type": "round_robin",
            "load_balancing_cross_zone_enabled": "use_load_balancer_configuration",
            "name": "users-service-tg",
            "name_prefix": null,
            "port": 3001,
            "preserve_client_ip": null,
            "protocol": "HTTP",
            "protocol_version": "HTTP1",
            "proxy_protocol_v2": false,
            "slow_start": 0,
            "stickiness": [
              {
                "cookie_duration": 86400,
                "cookie_name": "",
                "enabled": false,
                "type": "lb_cookie"
              }
            ],
            "tags": {},
            "tags_all": {},
            "target_failover": [
              {
                "on_deregistration": null,
                "on_unhealthy": null
              }
            ],
            "target_type": "ip",
            "vpc_id": "vpc-047cdca7ba4256676"
          },
          "sensitive_attributes": [],
          "private": "bnVsbA==",
          "dependencies": [
            "module.secrets.data.aws_secretsmanager_secret_version.creds",
            "module.vpc.aws_subnet.private_subnet",
            "module.vpc.aws_vpc.meetmap-vpc"
          ]
        }
      ]
    },
    {
      "module": "module.ecs",
      "mode": "managed",
      "type": "aws_security_group",
      "name": "alb_sg",
      "provider": "provider[\"registry.terraform.io/hashicorp/aws\"]",
      "instances": [
        {
          "schema_version": 1,
          "attributes": {
            "arn": "arn:aws:ec2:eu-west-1:970180171170:security-group/sg-00821e1705797a4f3",
            "description": "Allow inbound traffic from the Internet to the ALB",
            "egress": [
              {
                "cidr_blocks": [
                  "0.0.0.0/0"
                ],
                "description": "",
                "from_port": 0,
                "ipv6_cidr_blocks": [],
                "prefix_list_ids": [],
                "protocol": "-1",
                "security_groups": [],
                "self": false,
                "to_port": 0
              }
            ],
            "id": "sg-00821e1705797a4f3",
            "ingress": [
              {
                "cidr_blocks": [
                  "0.0.0.0/0"
                ],
                "description": "",
                "from_port": 443,
                "ipv6_cidr_blocks": [],
                "prefix_list_ids": [],
                "protocol": "tcp",
                "security_groups": [],
                "self": false,
                "to_port": 443
              },
              {
                "cidr_blocks": [
                  "0.0.0.0/0"
                ],
                "description": "",
                "from_port": 80,
                "ipv6_cidr_blocks": [],
                "prefix_list_ids": [],
                "protocol": "tcp",
                "security_groups": [],
                "self": false,
                "to_port": 80
              }
            ],
            "name": "alb-sg",
            "name_prefix": "",
            "owner_id": "970180171170",
            "revoke_rules_on_delete": false,
            "tags": {},
            "tags_all": {},
            "timeouts": null,
            "vpc_id": "vpc-047cdca7ba4256676"
          },
          "sensitive_attributes": [],
          "private": "eyJlMmJmYjczMC1lY2FhLTExZTYtOGY4OC0zNDM2M2JjN2M0YzAiOnsiY3JlYXRlIjo2MDAwMDAwMDAwMDAsImRlbGV0ZSI6OTAwMDAwMDAwMDAwfSwic2NoZW1hX3ZlcnNpb24iOiIxIn0=",
          "dependencies": [
            "module.vpc.aws_vpc.meetmap-vpc"
          ]
        }
      ]
    },
    {
      "module": "module.ecs",
      "mode": "managed",
      "type": "aws_security_group",
      "name": "ecs_sg",
      "provider": "provider[\"registry.terraform.io/hashicorp/aws\"]",
      "instances": [
        {
          "index_key": "assets-service",
          "schema_version": 1,
          "attributes": {
            "arn": "arn:aws:ec2:eu-west-1:970180171170:security-group/sg-08bd169bbc3d6909f",
            "description": "Allow inbound traffic from the ALB to the assets-service service",
            "egress": [
              {
                "cidr_blocks": [
                  "0.0.0.0/0"
                ],
                "description": "",
                "from_port": 0,
                "ipv6_cidr_blocks": [],
                "prefix_list_ids": [],
                "protocol": "-1",
                "security_groups": [],
                "self": false,
                "to_port": 0
              }
            ],
            "id": "sg-08bd169bbc3d6909f",
            "ingress": [
              {
                "cidr_blocks": [],
                "description": "",
                "from_port": 3004,
                "ipv6_cidr_blocks": [],
                "prefix_list_ids": [],
                "protocol": "tcp",
                "security_groups": [
                  "sg-00821e1705797a4f3"
                ],
                "self": false,
                "to_port": 3004
              }
            ],
            "name": "assets-service-sg",
            "name_prefix": "",
            "owner_id": "970180171170",
            "revoke_rules_on_delete": false,
            "tags": {},
            "tags_all": {},
            "timeouts": null,
            "vpc_id": "vpc-047cdca7ba4256676"
          },
          "sensitive_attributes": [],
          "private": "eyJlMmJmYjczMC1lY2FhLTExZTYtOGY4OC0zNDM2M2JjN2M0YzAiOnsiY3JlYXRlIjo2MDAwMDAwMDAwMDAsImRlbGV0ZSI6OTAwMDAwMDAwMDAwfSwic2NoZW1hX3ZlcnNpb24iOiIxIn0=",
          "dependencies": [
            "module.ecs.aws_security_group.alb_sg",
            "module.secrets.data.aws_secretsmanager_secret_version.creds",
            "module.vpc.aws_subnet.private_subnet",
            "module.vpc.aws_vpc.meetmap-vpc"
          ]
        },
        {
          "index_key": "auth-service",
          "schema_version": 1,
          "attributes": {
            "arn": "arn:aws:ec2:eu-west-1:970180171170:security-group/sg-07d251026319be676",
            "description": "Allow inbound traffic from the ALB to the auth-service service",
            "egress": [
              {
                "cidr_blocks": [
                  "0.0.0.0/0"
                ],
                "description": "",
                "from_port": 0,
                "ipv6_cidr_blocks": [],
                "prefix_list_ids": [],
                "protocol": "-1",
                "security_groups": [],
                "self": false,
                "to_port": 0
              }
            ],
            "id": "sg-07d251026319be676",
            "ingress": [
              {
                "cidr_blocks": [],
                "description": "",
                "from_port": 3003,
                "ipv6_cidr_blocks": [],
                "prefix_list_ids": [],
                "protocol": "tcp",
                "security_groups": [
                  "sg-00821e1705797a4f3"
                ],
                "self": false,
                "to_port": 3003
              }
            ],
            "name": "auth-service-sg",
            "name_prefix": "",
            "owner_id": "970180171170",
            "revoke_rules_on_delete": false,
            "tags": {},
            "tags_all": {},
            "timeouts": null,
            "vpc_id": "vpc-047cdca7ba4256676"
          },
          "sensitive_attributes": [],
          "private": "eyJlMmJmYjczMC1lY2FhLTExZTYtOGY4OC0zNDM2M2JjN2M0YzAiOnsiY3JlYXRlIjo2MDAwMDAwMDAwMDAsImRlbGV0ZSI6OTAwMDAwMDAwMDAwfSwic2NoZW1hX3ZlcnNpb24iOiIxIn0=",
          "dependencies": [
            "module.ecs.aws_security_group.alb_sg",
            "module.secrets.data.aws_secretsmanager_secret_version.creds",
            "module.vpc.aws_subnet.private_subnet",
            "module.vpc.aws_vpc.meetmap-vpc"
          ]
        },
        {
          "index_key": "events-service",
          "schema_version": 1,
          "attributes": {
            "arn": "arn:aws:ec2:eu-west-1:970180171170:security-group/sg-0e3a4d95ee4d94de2",
            "description": "Allow inbound traffic from the ALB to the events-service service",
            "egress": [
              {
                "cidr_blocks": [
                  "0.0.0.0/0"
                ],
                "description": "",
                "from_port": 0,
                "ipv6_cidr_blocks": [],
                "prefix_list_ids": [],
                "protocol": "-1",
                "security_groups": [],
                "self": false,
                "to_port": 0
              }
            ],
            "id": "sg-0e3a4d95ee4d94de2",
            "ingress": [
              {
                "cidr_blocks": [],
                "description": "",
                "from_port": 3000,
                "ipv6_cidr_blocks": [],
                "prefix_list_ids": [],
                "protocol": "tcp",
                "security_groups": [
                  "sg-00821e1705797a4f3"
                ],
                "self": false,
                "to_port": 3000
              }
            ],
            "name": "events-service-sg",
            "name_prefix": "",
            "owner_id": "970180171170",
            "revoke_rules_on_delete": false,
            "tags": {},
            "tags_all": {},
            "timeouts": null,
            "vpc_id": "vpc-047cdca7ba4256676"
          },
          "sensitive_attributes": [],
          "private": "eyJlMmJmYjczMC1lY2FhLTExZTYtOGY4OC0zNDM2M2JjN2M0YzAiOnsiY3JlYXRlIjo2MDAwMDAwMDAwMDAsImRlbGV0ZSI6OTAwMDAwMDAwMDAwfSwic2NoZW1hX3ZlcnNpb24iOiIxIn0=",
          "dependencies": [
            "module.ecs.aws_security_group.alb_sg",
            "module.secrets.data.aws_secretsmanager_secret_version.creds",
            "module.vpc.aws_subnet.private_subnet",
            "module.vpc.aws_vpc.meetmap-vpc"
          ]
        },
        {
          "index_key": "jobs-service",
          "schema_version": 1,
          "attributes": {
            "arn": "arn:aws:ec2:eu-west-1:970180171170:security-group/sg-05c88f7d2eb261bb0",
            "description": "Allow inbound traffic from the ALB to the jobs-service service",
            "egress": [
              {
                "cidr_blocks": [
                  "0.0.0.0/0"
                ],
                "description": "",
                "from_port": 0,
                "ipv6_cidr_blocks": [],
                "prefix_list_ids": [],
                "protocol": "-1",
                "security_groups": [],
                "self": false,
                "to_port": 0
              }
            ],
            "id": "sg-05c88f7d2eb261bb0",
            "ingress": [
              {
                "cidr_blocks": [],
                "description": "",
                "from_port": 3005,
                "ipv6_cidr_blocks": [],
                "prefix_list_ids": [],
                "protocol": "tcp",
                "security_groups": [
                  "sg-00821e1705797a4f3"
                ],
                "self": false,
                "to_port": 3005
              }
            ],
            "name": "jobs-service-sg",
            "name_prefix": "",
            "owner_id": "970180171170",
            "revoke_rules_on_delete": false,
            "tags": {},
            "tags_all": {},
            "timeouts": null,
            "vpc_id": "vpc-047cdca7ba4256676"
          },
          "sensitive_attributes": [],
          "private": "eyJlMmJmYjczMC1lY2FhLTExZTYtOGY4OC0zNDM2M2JjN2M0YzAiOnsiY3JlYXRlIjo2MDAwMDAwMDAwMDAsImRlbGV0ZSI6OTAwMDAwMDAwMDAwfSwic2NoZW1hX3ZlcnNpb24iOiIxIn0=",
          "dependencies": [
            "module.ecs.aws_security_group.alb_sg",
            "module.secrets.data.aws_secretsmanager_secret_version.creds",
            "module.vpc.aws_subnet.private_subnet",
            "module.vpc.aws_vpc.meetmap-vpc"
          ]
        },
        {
          "index_key": "location-service",
          "schema_version": 1,
          "attributes": {
            "arn": "arn:aws:ec2:eu-west-1:970180171170:security-group/sg-0f03beb99e90d3051",
            "description": "Allow inbound traffic from the ALB to the location-service service",
            "egress": [
              {
                "cidr_blocks": [
                  "0.0.0.0/0"
                ],
                "description": "",
                "from_port": 0,
                "ipv6_cidr_blocks": [],
                "prefix_list_ids": [],
                "protocol": "-1",
                "security_groups": [],
                "self": false,
                "to_port": 0
              }
            ],
            "id": "sg-0f03beb99e90d3051",
            "ingress": [
              {
                "cidr_blocks": [],
                "description": "",
                "from_port": 3002,
                "ipv6_cidr_blocks": [],
                "prefix_list_ids": [],
                "protocol": "tcp",
                "security_groups": [
                  "sg-00821e1705797a4f3"
                ],
                "self": false,
                "to_port": 3002
              }
            ],
            "name": "location-service-sg",
            "name_prefix": "",
            "owner_id": "970180171170",
            "revoke_rules_on_delete": false,
            "tags": {},
            "tags_all": {},
            "timeouts": null,
            "vpc_id": "vpc-047cdca7ba4256676"
          },
          "sensitive_attributes": [],
          "private": "eyJlMmJmYjczMC1lY2FhLTExZTYtOGY4OC0zNDM2M2JjN2M0YzAiOnsiY3JlYXRlIjo2MDAwMDAwMDAwMDAsImRlbGV0ZSI6OTAwMDAwMDAwMDAwfSwic2NoZW1hX3ZlcnNpb24iOiIxIn0=",
          "dependencies": [
            "module.ecs.aws_security_group.alb_sg",
            "module.secrets.data.aws_secretsmanager_secret_version.creds",
            "module.vpc.aws_subnet.private_subnet",
            "module.vpc.aws_vpc.meetmap-vpc"
          ]
        },
        {
          "index_key": "users-service",
          "schema_version": 1,
          "attributes": {
            "arn": "arn:aws:ec2:eu-west-1:970180171170:security-group/sg-00bd02bb7a8d16ce0",
            "description": "Allow inbound traffic from the ALB to the users-service service",
            "egress": [
              {
                "cidr_blocks": [
                  "0.0.0.0/0"
                ],
                "description": "",
                "from_port": 0,
                "ipv6_cidr_blocks": [],
                "prefix_list_ids": [],
                "protocol": "-1",
                "security_groups": [],
                "self": false,
                "to_port": 0
              }
            ],
            "id": "sg-00bd02bb7a8d16ce0",
            "ingress": [
              {
                "cidr_blocks": [],
                "description": "",
                "from_port": 3001,
                "ipv6_cidr_blocks": [],
                "prefix_list_ids": [],
                "protocol": "tcp",
                "security_groups": [
                  "sg-00821e1705797a4f3"
                ],
                "self": false,
                "to_port": 3001
              }
            ],
            "name": "users-service-sg",
            "name_prefix": "",
            "owner_id": "970180171170",
            "revoke_rules_on_delete": false,
            "tags": {},
            "tags_all": {},
            "timeouts": null,
            "vpc_id": "vpc-047cdca7ba4256676"
          },
          "sensitive_attributes": [],
          "private": "eyJlMmJmYjczMC1lY2FhLTExZTYtOGY4OC0zNDM2M2JjN2M0YzAiOnsiY3JlYXRlIjo2MDAwMDAwMDAwMDAsImRlbGV0ZSI6OTAwMDAwMDAwMDAwfSwic2NoZW1hX3ZlcnNpb24iOiIxIn0=",
          "dependencies": [
            "module.ecs.aws_security_group.alb_sg",
            "module.secrets.data.aws_secretsmanager_secret_version.creds",
            "module.vpc.aws_subnet.private_subnet",
            "module.vpc.aws_vpc.meetmap-vpc"
          ]
        }
      ]
    },
    {
      "module": "module.opensearch",
      "mode": "data",
      "type": "aws_caller_identity",
      "name": "current",
      "provider": "provider[\"registry.terraform.io/hashicorp/aws\"]",
      "instances": [
        {
          "schema_version": 0,
          "attributes": {
            "account_id": "970180171170",
            "arn": "arn:aws:iam::970180171170:root",
            "id": "970180171170",
            "user_id": "970180171170"
          },
          "sensitive_attributes": []
        }
      ]
    },
    {
      "module": "module.opensearch",
      "mode": "data",
      "type": "aws_region",
      "name": "current",
      "provider": "provider[\"registry.terraform.io/hashicorp/aws\"]",
      "instances": [
        {
          "schema_version": 0,
          "attributes": {
            "description": "Europe (Ireland)",
            "endpoint": "ec2.eu-west-1.amazonaws.com",
            "id": "eu-west-1",
            "name": "eu-west-1"
          },
          "sensitive_attributes": []
        }
      ]
    },
    {
      "module": "module.opensearch",
      "mode": "managed",
      "type": "aws_cloudwatch_log_group",
      "name": "opensearch_log_group_es_application_logs",
      "provider": "provider[\"registry.terraform.io/hashicorp/aws\"]",
      "instances": [
        {
          "schema_version": 0,
          "attributes": {
            "arn": "arn:aws:logs:eu-west-1:970180171170:log-group:/aws/opensearch/meetmap-app-opensearch/es-application",
            "id": "/aws/opensearch/meetmap-app-opensearch/es-application",
            "kms_key_id": "",
            "name": "/aws/opensearch/meetmap-app-opensearch/es-application",
            "name_prefix": "",
            "retention_in_days": 14,
            "skip_destroy": false,
            "tags": {},
            "tags_all": {}
          },
          "sensitive_attributes": [],
          "private": "bnVsbA==",
          "dependencies": [
            "module.domain.aws_acm_certificate.certificate",
            "module.ecs.aws_cloudwatch_log_group.log_group",
            "module.ecs.aws_ecr_repository.repository",
            "module.ecs.aws_ecr_repository_policy.policy",
            "module.ecs.aws_ecs_cluster.main",
            "module.ecs.aws_ecs_service.this",
            "module.ecs.aws_ecs_task_definition.this",
            "module.ecs.aws_iam_role.ecs_task_execution_role",
            "module.ecs.aws_iam_role_policy_attachment.ecs_task_execution_role_attachment",
            "module.ecs.aws_lb.alb",
            "module.ecs.aws_lb_listener.http_listener",
            "module.ecs.aws_lb_listener.https_listener",
            "module.ecs.aws_lb_listener_rule.lb_rule",
            "module.ecs.aws_lb_target_group.tg",
            "module.ecs.aws_security_group.alb_sg",
            "module.ecs.aws_security_group.ecs_sg",
            "module.ecs.data.aws_caller_identity.current",
            "module.ecs.data.aws_iam_policy_document.ecr-allow-push-pull-policy",
            "module.secrets.data.aws_secretsmanager_secret_version.creds",
            "module.vpc.aws_subnet.private_subnet",
            "module.vpc.aws_subnet.public_subnet",
            "module.vpc.aws_vpc.meetmap-vpc"
          ]
        }
      ]
    },
    {
      "module": "module.opensearch",
      "mode": "managed",
      "type": "aws_cloudwatch_log_group",
      "name": "opensearch_log_group_index_slow_logs",
      "provider": "provider[\"registry.terraform.io/hashicorp/aws\"]",
      "instances": [
        {
          "schema_version": 0,
          "attributes": {
            "arn": "arn:aws:logs:eu-west-1:970180171170:log-group:/aws/opensearch/meetmap-app-opensearch/index-slow",
            "id": "/aws/opensearch/meetmap-app-opensearch/index-slow",
            "kms_key_id": "",
            "name": "/aws/opensearch/meetmap-app-opensearch/index-slow",
            "name_prefix": "",
            "retention_in_days": 14,
            "skip_destroy": false,
            "tags": {},
            "tags_all": {}
          },
          "sensitive_attributes": [],
          "private": "bnVsbA==",
          "dependencies": [
            "module.domain.aws_acm_certificate.certificate",
            "module.ecs.aws_cloudwatch_log_group.log_group",
            "module.ecs.aws_ecr_repository.repository",
            "module.ecs.aws_ecr_repository_policy.policy",
            "module.ecs.aws_ecs_cluster.main",
            "module.ecs.aws_ecs_service.this",
            "module.ecs.aws_ecs_task_definition.this",
            "module.ecs.aws_iam_role.ecs_task_execution_role",
            "module.ecs.aws_iam_role_policy_attachment.ecs_task_execution_role_attachment",
            "module.ecs.aws_lb.alb",
            "module.ecs.aws_lb_listener.http_listener",
            "module.ecs.aws_lb_listener.https_listener",
            "module.ecs.aws_lb_listener_rule.lb_rule",
            "module.ecs.aws_lb_target_group.tg",
            "module.ecs.aws_security_group.alb_sg",
            "module.ecs.aws_security_group.ecs_sg",
            "module.ecs.data.aws_caller_identity.current",
            "module.ecs.data.aws_iam_policy_document.ecr-allow-push-pull-policy",
            "module.secrets.data.aws_secretsmanager_secret_version.creds",
            "module.vpc.aws_subnet.private_subnet",
            "module.vpc.aws_subnet.public_subnet",
            "module.vpc.aws_vpc.meetmap-vpc"
          ]
        }
      ]
    },
    {
      "module": "module.opensearch",
      "mode": "managed",
      "type": "aws_cloudwatch_log_group",
      "name": "opensearch_log_group_search_slow_logs",
      "provider": "provider[\"registry.terraform.io/hashicorp/aws\"]",
      "instances": [
        {
          "schema_version": 0,
          "attributes": {
            "arn": "arn:aws:logs:eu-west-1:970180171170:log-group:/aws/opensearch/meetmap-app-opensearch/search-slow",
            "id": "/aws/opensearch/meetmap-app-opensearch/search-slow",
            "kms_key_id": "",
            "name": "/aws/opensearch/meetmap-app-opensearch/search-slow",
            "name_prefix": "",
            "retention_in_days": 14,
            "skip_destroy": false,
            "tags": {},
            "tags_all": {}
          },
          "sensitive_attributes": [],
          "private": "bnVsbA==",
          "dependencies": [
            "module.domain.aws_acm_certificate.certificate",
            "module.ecs.aws_cloudwatch_log_group.log_group",
            "module.ecs.aws_ecr_repository.repository",
            "module.ecs.aws_ecr_repository_policy.policy",
            "module.ecs.aws_ecs_cluster.main",
            "module.ecs.aws_ecs_service.this",
            "module.ecs.aws_ecs_task_definition.this",
            "module.ecs.aws_iam_role.ecs_task_execution_role",
            "module.ecs.aws_iam_role_policy_attachment.ecs_task_execution_role_attachment",
            "module.ecs.aws_lb.alb",
            "module.ecs.aws_lb_listener.http_listener",
            "module.ecs.aws_lb_listener.https_listener",
            "module.ecs.aws_lb_listener_rule.lb_rule",
            "module.ecs.aws_lb_target_group.tg",
            "module.ecs.aws_security_group.alb_sg",
            "module.ecs.aws_security_group.ecs_sg",
            "module.ecs.data.aws_caller_identity.current",
            "module.ecs.data.aws_iam_policy_document.ecr-allow-push-pull-policy",
            "module.secrets.data.aws_secretsmanager_secret_version.creds",
            "module.vpc.aws_subnet.private_subnet",
            "module.vpc.aws_subnet.public_subnet",
            "module.vpc.aws_vpc.meetmap-vpc"
          ]
        }
      ]
    },
    {
      "module": "module.opensearch",
      "mode": "managed",
      "type": "aws_cloudwatch_log_resource_policy",
      "name": "opensearch_log_resource_policy",
      "provider": "provider[\"registry.terraform.io/hashicorp/aws\"]",
      "instances": [
        {
          "schema_version": 0,
          "attributes": {
            "id": "meetmap-app-opensearch-domain-log-resource-policy",
            "policy_document": "{\"Statement\":[{\"Action\":[\"logs:PutLogEvents\",\"logs:PutLogEventsBatch\",\"logs:CreateLogStream\"],\"Condition\":{\"ArnLike\":{\"aws:SourceArn\":\"arn:aws:es:eu-west-1:970180171170:domain/meetmap-app-opensearch\"},\"StringEquals\":{\"aws:SourceAccount\":\"970180171170\"}},\"Effect\":\"Allow\",\"Principal\":{\"Service\":\"es.amazonaws.com\"},\"Resource\":[\"arn:aws:logs:eu-west-1:970180171170:log-group:/aws/opensearch/meetmap-app-opensearch/index-slow:*\",\"arn:aws:logs:eu-west-1:970180171170:log-group:/aws/opensearch/meetmap-app-opensearch/search-slow:*\",\"arn:aws:logs:eu-west-1:970180171170:log-group:/aws/opensearch/meetmap-app-opensearch/es-application:*\"]}],\"Version\":\"2012-10-17\"}",
            "policy_name": "meetmap-app-opensearch-domain-log-resource-policy"
          },
          "sensitive_attributes": [],
          "private": "bnVsbA==",
          "dependencies": [
            "module.domain.aws_acm_certificate.certificate",
            "module.ecs.aws_cloudwatch_log_group.log_group",
            "module.ecs.aws_ecr_repository.repository",
            "module.ecs.aws_ecr_repository_policy.policy",
            "module.ecs.aws_ecs_cluster.main",
            "module.ecs.aws_ecs_service.this",
            "module.ecs.aws_ecs_task_definition.this",
            "module.ecs.aws_iam_role.ecs_task_execution_role",
            "module.ecs.aws_iam_role_policy_attachment.ecs_task_execution_role_attachment",
            "module.ecs.aws_lb.alb",
            "module.ecs.aws_lb_listener.http_listener",
            "module.ecs.aws_lb_listener.https_listener",
            "module.ecs.aws_lb_listener_rule.lb_rule",
            "module.ecs.aws_lb_target_group.tg",
            "module.ecs.aws_security_group.alb_sg",
            "module.ecs.aws_security_group.ecs_sg",
            "module.ecs.data.aws_caller_identity.current",
            "module.ecs.data.aws_iam_policy_document.ecr-allow-push-pull-policy",
            "module.opensearch.aws_cloudwatch_log_group.opensearch_log_group_es_application_logs",
            "module.opensearch.aws_cloudwatch_log_group.opensearch_log_group_index_slow_logs",
            "module.opensearch.aws_cloudwatch_log_group.opensearch_log_group_search_slow_logs",
            "module.opensearch.data.aws_caller_identity.current",
            "module.secrets.data.aws_secretsmanager_secret_version.creds",
            "module.vpc.aws_subnet.private_subnet",
            "module.vpc.aws_subnet.public_subnet",
            "module.vpc.aws_vpc.meetmap-vpc"
          ]
        }
      ]
    },
    {
      "module": "module.opensearch",
      "mode": "managed",
      "type": "aws_iam_service_linked_role",
      "name": "opensearch",
      "provider": "provider[\"registry.terraform.io/hashicorp/aws\"]",
      "instances": [
        {
          "schema_version": 0,
          "attributes": {
            "arn": "arn:aws:iam::970180171170:role/aws-service-role/es.amazonaws.com/AWSServiceRoleForAmazonElasticsearchService",
            "aws_service_name": "es.amazonaws.com",
            "create_date": "2023-08-14T22:20:16Z",
            "custom_suffix": "",
            "description": "",
            "id": "arn:aws:iam::970180171170:role/aws-service-role/es.amazonaws.com/AWSServiceRoleForAmazonElasticsearchService",
            "name": "AWSServiceRoleForAmazonElasticsearchService",
            "path": "/aws-service-role/es.amazonaws.com/",
            "tags": {},
            "tags_all": {},
            "unique_id": "AROA6DYZ6SWRMUUO6QYVA"
          },
          "sensitive_attributes": [],
          "private": "bnVsbA==",
          "dependencies": [
            "module.domain.aws_acm_certificate.certificate",
            "module.ecs.aws_cloudwatch_log_group.log_group",
            "module.ecs.aws_ecr_repository.repository",
            "module.ecs.aws_ecr_repository_policy.policy",
            "module.ecs.aws_ecs_cluster.main",
            "module.ecs.aws_ecs_service.this",
            "module.ecs.aws_ecs_task_definition.this",
            "module.ecs.aws_iam_role.ecs_task_execution_role",
            "module.ecs.aws_iam_role_policy_attachment.ecs_task_execution_role_attachment",
            "module.ecs.aws_lb.alb",
            "module.ecs.aws_lb_listener.http_listener",
            "module.ecs.aws_lb_listener.https_listener",
            "module.ecs.aws_lb_listener_rule.lb_rule",
            "module.ecs.aws_lb_target_group.tg",
            "module.ecs.aws_security_group.alb_sg",
            "module.ecs.aws_security_group.ecs_sg",
            "module.ecs.data.aws_caller_identity.current",
            "module.ecs.data.aws_iam_policy_document.ecr-allow-push-pull-policy",
            "module.opensearch.aws_cloudwatch_log_group.opensearch_log_group_es_application_logs",
            "module.opensearch.aws_cloudwatch_log_group.opensearch_log_group_index_slow_logs",
            "module.opensearch.aws_cloudwatch_log_group.opensearch_log_group_search_slow_logs",
            "module.opensearch.aws_opensearch_domain.opensearch",
            "module.opensearch.aws_security_group.opensearch_security_group",
            "module.opensearch.data.aws_caller_identity.current",
            "module.opensearch.data.aws_region.current",
            "module.opensearch.random_password.password",
            "module.secrets.data.aws_secretsmanager_secret_version.creds",
            "module.vpc.aws_subnet.private_subnet",
            "module.vpc.aws_subnet.public_subnet",
            "module.vpc.aws_vpc.meetmap-vpc"
          ]
        }
      ]
    },
    {
      "module": "module.opensearch",
      "mode": "managed",
      "type": "aws_opensearch_domain",
      "name": "opensearch",
      "provider": "provider[\"registry.terraform.io/hashicorp/aws\"]",
      "instances": [
        {
          "schema_version": 0,
          "attributes": {
            "access_policies": "{\"Statement\":[{\"Action\":\"es:*\",\"Effect\":\"Allow\",\"Principal\":\"*\",\"Resource\":\"arn:aws:es:eu-west-1:970180171170:domain/meetmap-app-opensearch/*\"}],\"Version\":\"2012-10-17\"}",
            "advanced_options": {},
            "advanced_security_options": [
              {
                "anonymous_auth_enabled": false,
                "enabled": false,
                "internal_user_database_enabled": true,
                "master_user_options": [
                  {
                    "master_user_arn": "",
                    "master_user_name": "meetmap-app-opensearch-masteruser",
                    "master_user_password": "#B#6ylgQCG2]x2cNz%*Y9F-h\u003eQv=QAvM"
                  }
                ]
              }
            ],
            "arn": "arn:aws:es:eu-west-1:970180171170:domain/meetmap-app-opensearch",
            "auto_tune_options": [
              {
                "desired_state": "DISABLED",
                "maintenance_schedule": [],
                "rollback_on_disable": "NO_ROLLBACK"
              }
            ],
            "cluster_config": [
              {
                "cold_storage_options": [
                  {
                    "enabled": false
                  }
                ],
                "dedicated_master_count": 0,
                "dedicated_master_enabled": false,
                "dedicated_master_type": "",
                "instance_count": 2,
                "instance_type": "t3.small.search",
                "warm_count": 0,
                "warm_enabled": false,
                "warm_type": "",
                "zone_awareness_config": [
                  {
                    "availability_zone_count": 2
                  }
                ],
                "zone_awareness_enabled": true
              }
            ],
            "cognito_options": [
              {
                "enabled": false,
                "identity_pool_id": "",
                "role_arn": "",
                "user_pool_id": ""
              }
            ],
            "dashboard_endpoint": "vpc-meetmap-app-opensearch-w43hm7apwboh6otcq2iblpcere.eu-west-1.es.amazonaws.com/_dashboards",
            "domain_endpoint_options": [
              {
                "custom_endpoint": "opensearch.meetmap.xyz",
                "custom_endpoint_certificate_arn": "arn:aws:acm:eu-west-1:970180171170:certificate/4ce2f2de-e6ad-46d4-9123-9880ac72d5da",
                "custom_endpoint_enabled": true,
                "enforce_https": true,
                "tls_security_policy": "Policy-Min-TLS-1-2-2019-07"
              }
            ],
            "domain_id": "970180171170/meetmap-app-opensearch",
            "domain_name": "meetmap-app-opensearch",
            "ebs_options": [
              {
                "ebs_enabled": true,
                "iops": 0,
                "throughput": 0,
                "volume_size": 10,
                "volume_type": "gp2"
              }
            ],
            "encrypt_at_rest": [
              {
                "enabled": false,
                "kms_key_id": ""
              }
            ],
            "endpoint": "vpc-meetmap-app-opensearch-w43hm7apwboh6otcq2iblpcere.eu-west-1.es.amazonaws.com",
            "engine_version": "OpenSearch_2.7",
            "id": "arn:aws:es:eu-west-1:970180171170:domain/meetmap-app-opensearch",
            "kibana_endpoint": "vpc-meetmap-app-opensearch-w43hm7apwboh6otcq2iblpcere.eu-west-1.es.amazonaws.com/_plugin/kibana/",
            "log_publishing_options": [
              {
                "cloudwatch_log_group_arn": "arn:aws:logs:eu-west-1:970180171170:log-group:/aws/opensearch/meetmap-app-opensearch/es-application",
                "enabled": true,
                "log_type": "ES_APPLICATION_LOGS"
              },
              {
                "cloudwatch_log_group_arn": "arn:aws:logs:eu-west-1:970180171170:log-group:/aws/opensearch/meetmap-app-opensearch/index-slow",
                "enabled": true,
                "log_type": "INDEX_SLOW_LOGS"
              },
              {
                "cloudwatch_log_group_arn": "arn:aws:logs:eu-west-1:970180171170:log-group:/aws/opensearch/meetmap-app-opensearch/search-slow",
                "enabled": true,
                "log_type": "SEARCH_SLOW_LOGS"
              }
            ],
            "node_to_node_encryption": [
              {
                "enabled": true
              }
            ],
            "snapshot_options": [
              {
                "automated_snapshot_start_hour": 0
              }
            ],
            "tags": {},
            "tags_all": {},
            "timeouts": null,
            "vpc_options": [
              {
                "availability_zones": [
                  "eu-west-1a",
                  "eu-west-1b"
                ],
                "security_group_ids": [
                  "sg-07f651aa46102a5fa"
                ],
                "subnet_ids": [
                  "subnet-07ae12370d5580cf4",
                  "subnet-0a7def6888dbc3cbb"
                ],
                "vpc_id": "vpc-047cdca7ba4256676"
              }
            ]
          },
          "sensitive_attributes": [
            [
              {
                "type": "get_attr",
                "value": "advanced_security_options"
              },
              {
                "type": "index",
                "value": {
                  "value": 0,
                  "type": "number"
                }
              },
              {
                "type": "get_attr",
                "value": "master_user_options"
              },
              {
                "type": "index",
                "value": {
                  "value": 0,
                  "type": "number"
                }
              },
              {
                "type": "get_attr",
                "value": "master_user_password"
              }
            ]
          ],
          "private": "eyJlMmJmYjczMC1lY2FhLTExZTYtOGY4OC0zNDM2M2JjN2M0YzAiOnsiY3JlYXRlIjozNjAwMDAwMDAwMDAwLCJkZWxldGUiOjU0MDAwMDAwMDAwMDAsInVwZGF0ZSI6MTA4MDAwMDAwMDAwMDB9fQ==",
          "dependencies": [
            "module.domain.aws_acm_certificate.certificate",
            "module.ecs.aws_cloudwatch_log_group.log_group",
            "module.ecs.aws_ecr_repository.repository",
            "module.ecs.aws_ecr_repository_policy.policy",
            "module.ecs.aws_ecs_cluster.main",
            "module.ecs.aws_ecs_service.this",
            "module.ecs.aws_ecs_task_definition.this",
            "module.ecs.aws_iam_role.ecs_task_execution_role",
            "module.ecs.aws_iam_role_policy_attachment.ecs_task_execution_role_attachment",
            "module.ecs.aws_lb.alb",
            "module.ecs.aws_lb_listener.http_listener",
            "module.ecs.aws_lb_listener.https_listener",
            "module.ecs.aws_lb_listener_rule.lb_rule",
            "module.ecs.aws_lb_target_group.tg",
            "module.ecs.aws_security_group.alb_sg",
            "module.ecs.aws_security_group.ecs_sg",
            "module.ecs.data.aws_caller_identity.current",
            "module.ecs.data.aws_iam_policy_document.ecr-allow-push-pull-policy",
            "module.opensearch.aws_cloudwatch_log_group.opensearch_log_group_es_application_logs",
            "module.opensearch.aws_cloudwatch_log_group.opensearch_log_group_index_slow_logs",
            "module.opensearch.aws_cloudwatch_log_group.opensearch_log_group_search_slow_logs",
            "module.opensearch.aws_security_group.opensearch_security_group",
            "module.opensearch.data.aws_caller_identity.current",
            "module.opensearch.data.aws_region.current",
            "module.opensearch.random_password.password",
            "module.secrets.data.aws_secretsmanager_secret_version.creds",
            "module.vpc.aws_subnet.private_subnet",
            "module.vpc.aws_subnet.public_subnet",
            "module.vpc.aws_vpc.meetmap-vpc"
          ]
        }
      ]
    },
    {
      "module": "module.opensearch",
      "mode": "managed",
      "type": "aws_security_group",
      "name": "opensearch_security_group",
      "provider": "provider[\"registry.terraform.io/hashicorp/aws\"]",
      "instances": [
        {
          "schema_version": 1,
          "attributes": {
            "arn": "arn:aws:ec2:eu-west-1:970180171170:security-group/sg-07f651aa46102a5fa",
            "description": "Private security group for OpenSearch",
            "egress": [
              {
                "cidr_blocks": [
                  "0.0.0.0/0"
                ],
                "description": "",
                "from_port": 0,
                "ipv6_cidr_blocks": [],
                "prefix_list_ids": [],
                "protocol": "-1",
                "security_groups": [],
                "self": false,
                "to_port": 0
              }
            ],
            "id": "sg-07f651aa46102a5fa",
            "ingress": [
              {
                "cidr_blocks": [
                  "0.0.0.0/0"
                ],
                "description": "HTTP from VPC",
                "from_port": 80,
                "ipv6_cidr_blocks": [],
                "prefix_list_ids": [],
                "protocol": "tcp",
                "security_groups": [],
                "self": false,
                "to_port": 80
              },
              {
                "cidr_blocks": [
                  "0.0.0.0/0"
                ],
                "description": "HTTPS from VPC",
                "from_port": 443,
                "ipv6_cidr_blocks": [],
                "prefix_list_ids": [],
                "protocol": "tcp",
                "security_groups": [],
                "self": false,
                "to_port": 443
              }
            ],
            "name": "meetmap-app-opensearch-private-sg",
            "name_prefix": "",
            "owner_id": "970180171170",
            "revoke_rules_on_delete": false,
            "tags": {},
            "tags_all": {},
            "timeouts": null,
            "vpc_id": "vpc-047cdca7ba4256676"
          },
          "sensitive_attributes": [],
          "private": "eyJlMmJmYjczMC1lY2FhLTExZTYtOGY4OC0zNDM2M2JjN2M0YzAiOnsiY3JlYXRlIjo2MDAwMDAwMDAwMDAsImRlbGV0ZSI6OTAwMDAwMDAwMDAwfSwic2NoZW1hX3ZlcnNpb24iOiIxIn0=",
          "dependencies": [
            "module.domain.aws_acm_certificate.certificate",
            "module.ecs.aws_cloudwatch_log_group.log_group",
            "module.ecs.aws_ecr_repository.repository",
            "module.ecs.aws_ecr_repository_policy.policy",
            "module.ecs.aws_ecs_cluster.main",
            "module.ecs.aws_ecs_service.this",
            "module.ecs.aws_ecs_task_definition.this",
            "module.ecs.aws_iam_role.ecs_task_execution_role",
            "module.ecs.aws_iam_role_policy_attachment.ecs_task_execution_role_attachment",
            "module.ecs.aws_lb.alb",
            "module.ecs.aws_lb_listener.http_listener",
            "module.ecs.aws_lb_listener.https_listener",
            "module.ecs.aws_lb_listener_rule.lb_rule",
            "module.ecs.aws_lb_target_group.tg",
            "module.ecs.aws_security_group.alb_sg",
            "module.ecs.aws_security_group.ecs_sg",
            "module.ecs.data.aws_caller_identity.current",
            "module.ecs.data.aws_iam_policy_document.ecr-allow-push-pull-policy",
            "module.secrets.data.aws_secretsmanager_secret_version.creds",
            "module.vpc.aws_subnet.private_subnet",
            "module.vpc.aws_subnet.public_subnet",
            "module.vpc.aws_vpc.meetmap-vpc"
          ]
        }
      ]
    },
    {
      "module": "module.opensearch",
      "mode": "managed",
      "type": "aws_ssm_parameter",
      "name": "opensearch_master_user",
      "provider": "provider[\"registry.terraform.io/hashicorp/aws\"]",
      "instances": [
        {
          "schema_version": 0,
          "attributes": {
            "allowed_pattern": "",
            "arn": "arn:aws:ssm:eu-west-1:970180171170:parameter/service/meetmap-app-opensearch/MASTER_USER",
            "data_type": "text",
            "description": "opensearch_password for meetmap-app-opensearch domain",
            "id": "/service/meetmap-app-opensearch/MASTER_USER",
            "insecure_value": null,
            "key_id": "alias/aws/ssm",
            "name": "/service/meetmap-app-opensearch/MASTER_USER",
            "overwrite": null,
            "tags": {},
            "tags_all": {},
            "tier": "Standard",
            "type": "SecureString",
            "value": "meetmap-app-opensearch-masteruser,#B#6ylgQCG2]x2cNz%*Y9F-h\u003eQv=QAvM",
            "version": 1
          },
          "sensitive_attributes": [
            [
              {
                "type": "get_attr",
                "value": "value"
              }
            ]
          ],
          "private": "bnVsbA==",
          "dependencies": [
            "module.domain.aws_acm_certificate.certificate",
            "module.ecs.aws_cloudwatch_log_group.log_group",
            "module.ecs.aws_ecr_repository.repository",
            "module.ecs.aws_ecr_repository_policy.policy",
            "module.ecs.aws_ecs_cluster.main",
            "module.ecs.aws_ecs_service.this",
            "module.ecs.aws_ecs_task_definition.this",
            "module.ecs.aws_iam_role.ecs_task_execution_role",
            "module.ecs.aws_iam_role_policy_attachment.ecs_task_execution_role_attachment",
            "module.ecs.aws_lb.alb",
            "module.ecs.aws_lb_listener.http_listener",
            "module.ecs.aws_lb_listener.https_listener",
            "module.ecs.aws_lb_listener_rule.lb_rule",
            "module.ecs.aws_lb_target_group.tg",
            "module.ecs.aws_security_group.alb_sg",
            "module.ecs.aws_security_group.ecs_sg",
            "module.ecs.data.aws_caller_identity.current",
            "module.ecs.data.aws_iam_policy_document.ecr-allow-push-pull-policy",
            "module.opensearch.random_password.password",
            "module.secrets.data.aws_secretsmanager_secret_version.creds",
            "module.vpc.aws_subnet.private_subnet",
            "module.vpc.aws_subnet.public_subnet",
            "module.vpc.aws_vpc.meetmap-vpc"
          ]
        }
      ]
    },
    {
      "module": "module.opensearch",
      "mode": "managed",
      "type": "random_password",
      "name": "password",
      "provider": "provider[\"registry.terraform.io/hashicorp/random\"]",
      "instances": [
        {
          "schema_version": 3,
          "attributes": {
            "bcrypt_hash": "$2a$10$dMjG8bx/rBLGKAd73IcrO.DZX2Kvov4YGd7IPeviwBeDmTO.elK2W",
            "id": "none",
            "keepers": null,
            "length": 32,
            "lower": true,
            "min_lower": 0,
            "min_numeric": 0,
            "min_special": 0,
            "min_upper": 0,
            "number": true,
            "numeric": true,
            "override_special": null,
            "result": "#B#6ylgQCG2]x2cNz%*Y9F-h\u003eQv=QAvM",
            "special": true,
            "upper": true
          },
          "sensitive_attributes": [],
          "dependencies": [
            "module.domain.aws_acm_certificate.certificate",
            "module.ecs.aws_cloudwatch_log_group.log_group",
            "module.ecs.aws_ecr_repository.repository",
            "module.ecs.aws_ecr_repository_policy.policy",
            "module.ecs.aws_ecs_cluster.main",
            "module.ecs.aws_ecs_service.this",
            "module.ecs.aws_ecs_task_definition.this",
            "module.ecs.aws_iam_role.ecs_task_execution_role",
            "module.ecs.aws_iam_role_policy_attachment.ecs_task_execution_role_attachment",
            "module.ecs.aws_lb.alb",
            "module.ecs.aws_lb_listener.http_listener",
            "module.ecs.aws_lb_listener.https_listener",
            "module.ecs.aws_lb_listener_rule.lb_rule",
            "module.ecs.aws_lb_target_group.tg",
            "module.ecs.aws_security_group.alb_sg",
            "module.ecs.aws_security_group.ecs_sg",
            "module.ecs.data.aws_caller_identity.current",
            "module.ecs.data.aws_iam_policy_document.ecr-allow-push-pull-policy",
            "module.secrets.data.aws_secretsmanager_secret_version.creds",
            "module.vpc.aws_subnet.private_subnet",
            "module.vpc.aws_subnet.public_subnet",
            "module.vpc.aws_vpc.meetmap-vpc"
          ]
        }
      ]
    },
    {
      "module": "module.secrets",
      "mode": "data",
      "type": "aws_secretsmanager_secret_version",
      "name": "creds",
      "provider": "provider[\"registry.terraform.io/hashicorp/aws\"]",
      "instances": [
        {
          "schema_version": 0,
          "attributes": {
            "arn": "arn:aws:secretsmanager:eu-west-1:970180171170:secret:meetmap-backend-secrets-Eu55Og",
            "id": "meetmap-backend-secrets|AWSCURRENT",
            "secret_binary": "",
            "secret_id": "meetmap-backend-secrets",
            "secret_string": "{\"RABBIT_MQ_URL\":\"amqps://zrmjkttd:YlYI3D2Y3WToIMQLic2va8CSayTgIw4C@seal.lmq.cloudamqp.com/zrmjkttd\",\"EVENTS_FETCHER_API_URL\":\"https://meetmap-events-fetcher.herokuapp.com\",\"MAIN_APP_API_URL\":\"http://localhost:3001\",\"LOCATION_SERVICE_API_URL\":\"https://meetmap-location-service.herokuapp.com\",\"EVENTS_FETCHER_DATABASE_URL\":\"mongodb+srv://d4v1ds0np:x06C2QXWJUasMkTy@cluster0.vogtczr.mongodb.net/meetmap-events-fetcher\",\"MAIN_APP_DATABASE_URL\":\"mongodb+srv://d4v1ds0np:x06C2QXWJUasMkTy@cluster0.vogtczr.mongodb.net/meetmap-main\",\"AWS_ACCESS_KEY_ID\":\"AKIA6DYZ6SWRADOJCGE4\",\"AWS_SECRET_ACCESS_KEY\":\"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\",\"AWS_REGION\":\"eu-west-1\",\"AWS_S3_ASSESTS_BUCKET\":\"meetmap-assets\",\"CACHE_ENDPOINT\":\"redis://meetmap-admin:jXDusrTp@C8wW3G@redis-18745.c2.eu-west-1-3.ec2.cloud.redislabs.com:18745\",\"JWT_AT_SECRET\":\"sdakjndsanasdj\",\"JWT_RT_SECRET\":\"sdandjncjkvn,xcnoiwjpwqp\",\"JWT_AT_EXPIRES\":\"15m\",\"JWT_RT_EXPIRES\":\"365d\",\"LOCATION_SERVICE_DATABASE_URL\":\"mongodb+srv://d4v1ds0np:x06C2QXWJUasMkTy@cluster0.vogtczr.mongodb.net/meetmap-location-service\",\"AUTH_SERVICE_DATABASE_URL\":\"mongodb+srv://d4v1ds0np:x06C2QXWJUasMkTy@cluster0.vogtczr.mongodb.net/meetmap-auth-service\",\"DASHBOARD_JWT_AT_SECRET\":\"sdakjndsanasdj\",\"DASHBOARD_JWT_RT_SECRET\":\"sdandjncjkvn,xcnoiwjpwqp\",\"DASHBOARD_JWT_AT_EXPIRES\":\"15m\",\"DASHBOARD_JWT_RT_EXPIRES\":\"1d\",\"FB_CLIENT_ID\":\"225690640359810\",\"FB_CLIENT_SECRET\":\"af51c2eab00f5e187a9688a728afab8f\",\"ASSETS_SERVICE_DATABASE_URL\":\"mongodb+srv://d4v1ds0np:x06C2QXWJUasMkTy@cluster0.vogtczr.mongodb.net/meetmap-assets-service\",\"OPENAI_API_KEY\":\"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\",\"SEARCH_CLIENT_URL\":\"https://opensearch.meetmap.xyz\"}",
            "version_id": "d8656e3e-3c7f-423c-b569-12f986f3cd47",
            "version_stage": "AWSCURRENT",
            "version_stages": [
              "AWSCURRENT"
            ]
          },
          "sensitive_attributes": []
        }
      ]
    },
    {
      "module": "module.users",
      "mode": "managed",
      "type": "aws_iam_group",
      "name": "developer",
      "provider": "provider[\"registry.terraform.io/hashicorp/aws\"]",
      "instances": [
        {
          "schema_version": 0,
          "attributes": {
            "arn": "arn:aws:iam::970180171170:group/developer-group",
            "id": "developer-group",
            "name": "developer-group",
            "path": "/",
            "unique_id": "AGPA6DYZ6SWRCDW6G74OW"
          },
          "sensitive_attributes": [],
          "private": "bnVsbA=="
        }
      ]
    },
    {
      "module": "module.users",
      "mode": "managed",
      "type": "aws_iam_group_policy_attachment",
      "name": "developer-ecr",
      "provider": "provider[\"registry.terraform.io/hashicorp/aws\"]",
      "instances": [
        {
          "schema_version": 0,
          "attributes": {
            "group": "developer-group",
            "id": "developer-group-20230519211350341700000001",
            "policy_arn": "arn:aws:iam::970180171170:policy/pull-push-ecr"
          },
          "sensitive_attributes": [],
          "private": "bnVsbA==",
          "dependencies": [
            "module.users.aws_iam_group.developer",
            "module.users.aws_iam_policy.allow-pull-push-ecr"
          ]
        }
      ]
    },
    {
      "module": "module.users",
      "mode": "managed",
      "type": "aws_iam_group_policy_attachment",
      "name": "developer-ecs",
      "provider": "provider[\"registry.terraform.io/hashicorp/aws\"]",
      "instances": [
        {
          "schema_version": 0,
          "attributes": {
            "group": "developer-group",
            "id": "developer-group-20230519211350348800000002",
            "policy_arn": "arn:aws:iam::970180171170:policy/update-ecs-deployment"
          },
          "sensitive_attributes": [],
          "private": "bnVsbA==",
          "dependencies": [
            "module.users.aws_iam_group.developer",
            "module.users.aws_iam_policy.allow-update-ecs-deployment"
          ]
        }
      ]
    },
    {
      "module": "module.users",
      "mode": "managed",
      "type": "aws_iam_group_policy_attachment",
      "name": "developer-opensearch",
      "provider": "provider[\"registry.terraform.io/hashicorp/aws\"]",
      "instances": [
        {
          "schema_version": 0,
          "attributes": {
            "group": "developer-group",
            "id": "developer-group-20230814221407647200000001",
            "policy_arn": "arn:aws:iam::970180171170:policy/update-ecs-deployment"
          },
          "sensitive_attributes": [],
          "private": "bnVsbA==",
          "dependencies": [
            "module.users.aws_iam_group.developer",
            "module.users.aws_iam_policy.allow-update-ecs-deployment"
          ]
        }
      ]
    },
    {
      "module": "module.users",
      "mode": "managed",
      "type": "aws_iam_policy",
      "name": "allow-pull-push-ecr",
      "provider": "provider[\"registry.terraform.io/hashicorp/aws\"]",
      "instances": [
        {
          "schema_version": 0,
          "attributes": {
            "arn": "arn:aws:iam::970180171170:policy/pull-push-ecr",
            "description": "Allow pull and push to ecr for developers",
            "id": "arn:aws:iam::970180171170:policy/pull-push-ecr",
            "name": "pull-push-ecr",
            "name_prefix": "",
            "path": "/",
            "policy": "{\"Statement\":[{\"Action\":[\"ecr:GetDownloadUrlForLayer\",\"ecr:BatchGetImage\",\"ecr:CompleteLayerUpload\",\"ecr:UploadLayerPart\",\"ecr:InitiateLayerUpload\",\"ecr:BatchCheckLayerAvailability\",\"ecr:PutImage\",\"ecr:GetAuthorizationToken\"],\"Effect\":\"Allow\",\"Resource\":\"*\"}],\"Version\":\"2012-10-17\"}",
            "policy_id": "ANPA6DYZ6SWRPRYSFS2S5",
            "tags": {},
            "tags_all": {}
          },
          "sensitive_attributes": [],
          "private": "bnVsbA=="
        }
      ]
    },
    {
      "module": "module.users",
      "mode": "managed",
      "type": "aws_iam_policy",
      "name": "allow-update-ecs-deployment",
      "provider": "provider[\"registry.terraform.io/hashicorp/aws\"]",
      "instances": [
        {
          "schema_version": 0,
          "attributes": {
            "arn": "arn:aws:iam::970180171170:policy/update-ecs-deployment",
            "description": "Allow create new deployments for ecs services",
            "id": "arn:aws:iam::970180171170:policy/update-ecs-deployment",
            "name": "update-ecs-deployment",
            "name_prefix": "",
            "path": "/",
            "policy": "{\"Statement\":[{\"Action\":[\"ecs:UpdateService\"],\"Effect\":\"Allow\",\"Resource\":\"*\",\"Sid\":\"VisualEditor0\"}],\"Version\":\"2012-10-17\"}",
            "policy_id": "ANPA6DYZ6SWRGOOOJYLKC",
            "tags": {},
            "tags_all": {}
          },
          "sensitive_attributes": [],
          "private": "bnVsbA=="
        }
      ]
    },
    {
      "module": "module.vpc",
      "mode": "managed",
      "type": "aws_eip",
      "name": "nat_eip",
      "provider": "provider[\"registry.terraform.io/hashicorp/aws\"]",
      "instances": [
        {
          "schema_version": 0,
          "attributes": {
            "address": null,
            "allocation_id": "eipalloc-073f6050950b857e4",
            "associate_with_private_ip": null,
            "association_id": "eipassoc-06ad34d8765b851fa",
            "carrier_ip": "",
            "customer_owned_ip": "",
            "customer_owned_ipv4_pool": "",
            "domain": "vpc",
            "id": "eipalloc-073f6050950b857e4",
            "instance": "",
            "network_border_group": "eu-west-1",
            "network_interface": "eni-01353c08d27597413",
            "private_dns": "ip-10-0-0-201.eu-west-1.compute.internal",
            "private_ip": "10.0.0.201",
            "public_dns": "ec2-3-248-88-195.eu-west-1.compute.amazonaws.com",
            "public_ip": "3.248.88.195",
            "public_ipv4_pool": "amazon",
            "tags": {},
            "tags_all": {},
            "timeouts": null,
            "vpc": true
          },
          "sensitive_attributes": [],
          "private": "eyJlMmJmYjczMC1lY2FhLTExZTYtOGY4OC0zNDM2M2JjN2M0YzAiOnsiZGVsZXRlIjoxODAwMDAwMDAwMDAsInJlYWQiOjkwMDAwMDAwMDAwMCwidXBkYXRlIjozMDAwMDAwMDAwMDB9fQ=="
        }
      ]
    },
    {
      "module": "module.vpc",
      "mode": "managed",
      "type": "aws_internet_gateway",
      "name": "igw",
      "provider": "provider[\"registry.terraform.io/hashicorp/aws\"]",
      "instances": [
        {
          "schema_version": 0,
          "attributes": {
            "arn": "arn:aws:ec2:eu-west-1:970180171170:internet-gateway/igw-0b5e9beb682edae38",
            "id": "igw-0b5e9beb682edae38",
            "owner_id": "970180171170",
            "tags": {},
            "tags_all": {},
            "timeouts": null,
            "vpc_id": "vpc-047cdca7ba4256676"
          },
          "sensitive_attributes": [],
          "private": "eyJlMmJmYjczMC1lY2FhLTExZTYtOGY4OC0zNDM2M2JjN2M0YzAiOnsiY3JlYXRlIjoxMjAwMDAwMDAwMDAwLCJkZWxldGUiOjEyMDAwMDAwMDAwMDAsInVwZGF0ZSI6MTIwMDAwMDAwMDAwMH19",
          "dependencies": [
            "module.vpc.aws_vpc.meetmap-vpc"
          ]
        }
      ]
    },
    {
      "module": "module.vpc",
      "mode": "managed",
      "type": "aws_main_route_table_association",
      "name": "public_route_table_association",
      "provider": "provider[\"registry.terraform.io/hashicorp/aws\"]",
      "instances": [
        {
          "schema_version": 0,
          "attributes": {
            "id": "rtbassoc-0629a22291801c9c3",
            "original_route_table_id": "rtb-0194704fb13e40ca4",
            "route_table_id": "rtb-007d072d325b45d8e",
            "timeouts": null,
            "vpc_id": "vpc-047cdca7ba4256676"
          },
          "sensitive_attributes": [],
          "private": "eyJlMmJmYjczMC1lY2FhLTExZTYtOGY4OC0zNDM2M2JjN2M0YzAiOnsiY3JlYXRlIjozMDAwMDAwMDAwMDAsImRlbGV0ZSI6MzAwMDAwMDAwMDAwLCJ1cGRhdGUiOjEyMDAwMDAwMDAwMH19",
          "dependencies": [
            "module.vpc.aws_internet_gateway.igw",
            "module.vpc.aws_route_table.public_route_table",
            "module.vpc.aws_vpc.meetmap-vpc"
          ]
        }
      ]
    },
    {
      "module": "module.vpc",
      "mode": "managed",
      "type": "aws_nat_gateway",
      "name": "ngw",
      "provider": "provider[\"registry.terraform.io/hashicorp/aws\"]",
      "instances": [
        {
          "schema_version": 0,
          "attributes": {
            "allocation_id": "eipalloc-073f6050950b857e4",
            "association_id": "eipassoc-06ad34d8765b851fa",
            "connectivity_type": "public",
            "id": "nat-06b6480e51e60b080",
            "network_interface_id": "eni-01353c08d27597413",
            "private_ip": "10.0.0.201",
            "public_ip": "3.248.88.195",
            "subnet_id": "subnet-0ed68bde31e7db656",
            "tags": {},
            "tags_all": {}
          },
          "sensitive_attributes": [],
          "private": "bnVsbA==",
          "dependencies": [
            "module.vpc.aws_eip.nat_eip",
            "module.vpc.aws_internet_gateway.igw",
            "module.vpc.aws_subnet.public_subnet",
            "module.vpc.aws_vpc.meetmap-vpc"
          ]
        }
      ]
    },
    {
      "module": "module.vpc",
      "mode": "managed",
      "type": "aws_route_table",
      "name": "private_route_table",
      "provider": "provider[\"registry.terraform.io/hashicorp/aws\"]",
      "instances": [
        {
          "schema_version": 0,
          "attributes": {
            "arn": "arn:aws:ec2:eu-west-1:970180171170:route-table/rtb-038dde4852e1bd76e",
            "id": "rtb-038dde4852e1bd76e",
            "owner_id": "970180171170",
            "propagating_vgws": [],
            "route": [
              {
                "carrier_gateway_id": "",
                "cidr_block": "0.0.0.0/0",
                "core_network_arn": "",
                "destination_prefix_list_id": "",
                "egress_only_gateway_id": "",
                "gateway_id": "",
                "instance_id": "",
                "ipv6_cidr_block": "",
                "local_gateway_id": "",
                "nat_gateway_id": "nat-06b6480e51e60b080",
                "network_interface_id": "",
                "transit_gateway_id": "",
                "vpc_endpoint_id": "",
                "vpc_peering_connection_id": ""
              }
            ],
            "tags": {},
            "tags_all": {},
            "timeouts": null,
            "vpc_id": "vpc-047cdca7ba4256676"
          },
          "sensitive_attributes": [],
          "private": "eyJlMmJmYjczMC1lY2FhLTExZTYtOGY4OC0zNDM2M2JjN2M0YzAiOnsiY3JlYXRlIjozMDAwMDAwMDAwMDAsImRlbGV0ZSI6MzAwMDAwMDAwMDAwLCJ1cGRhdGUiOjEyMDAwMDAwMDAwMH19",
          "dependencies": [
            "module.vpc.aws_eip.nat_eip",
            "module.vpc.aws_internet_gateway.igw",
            "module.vpc.aws_nat_gateway.ngw",
            "module.vpc.aws_subnet.public_subnet",
            "module.vpc.aws_vpc.meetmap-vpc"
          ]
        }
      ]
    },
    {
      "module": "module.vpc",
      "mode": "managed",
      "type": "aws_route_table",
      "name": "public_route_table",
      "provider": "provider[\"registry.terraform.io/hashicorp/aws\"]",
      "instances": [
        {
          "schema_version": 0,
          "attributes": {
            "arn": "arn:aws:ec2:eu-west-1:970180171170:route-table/rtb-007d072d325b45d8e",
            "id": "rtb-007d072d325b45d8e",
            "owner_id": "970180171170",
            "propagating_vgws": [],
            "route": [
              {
                "carrier_gateway_id": "",
                "cidr_block": "0.0.0.0/0",
                "core_network_arn": "",
                "destination_prefix_list_id": "",
                "egress_only_gateway_id": "",
                "gateway_id": "igw-0b5e9beb682edae38",
                "instance_id": "",
                "ipv6_cidr_block": "",
                "local_gateway_id": "",
                "nat_gateway_id": "",
                "network_interface_id": "",
                "transit_gateway_id": "",
                "vpc_endpoint_id": "",
                "vpc_peering_connection_id": ""
              }
            ],
            "tags": {},
            "tags_all": {},
            "timeouts": null,
            "vpc_id": "vpc-047cdca7ba4256676"
          },
          "sensitive_attributes": [],
          "private": "eyJlMmJmYjczMC1lY2FhLTExZTYtOGY4OC0zNDM2M2JjN2M0YzAiOnsiY3JlYXRlIjozMDAwMDAwMDAwMDAsImRlbGV0ZSI6MzAwMDAwMDAwMDAwLCJ1cGRhdGUiOjEyMDAwMDAwMDAwMH19",
          "dependencies": [
            "module.vpc.aws_internet_gateway.igw",
            "module.vpc.aws_vpc.meetmap-vpc"
          ]
        }
      ]
    },
    {
      "module": "module.vpc",
      "mode": "managed",
      "type": "aws_route_table_association",
      "name": "private_route_table_association",
      "provider": "provider[\"registry.terraform.io/hashicorp/aws\"]",
      "instances": [
        {
          "index_key": 0,
          "schema_version": 0,
          "attributes": {
            "gateway_id": "",
            "id": "rtbassoc-0dff5d6b8e8494d2f",
            "route_table_id": "rtb-038dde4852e1bd76e",
            "subnet_id": "subnet-0a7def6888dbc3cbb",
            "timeouts": null
          },
          "sensitive_attributes": [],
          "private": "eyJlMmJmYjczMC1lY2FhLTExZTYtOGY4OC0zNDM2M2JjN2M0YzAiOnsiY3JlYXRlIjozMDAwMDAwMDAwMDAsImRlbGV0ZSI6MzAwMDAwMDAwMDAwLCJ1cGRhdGUiOjEyMDAwMDAwMDAwMH19",
          "dependencies": [
            "module.vpc.aws_eip.nat_eip",
            "module.vpc.aws_internet_gateway.igw",
            "module.vpc.aws_nat_gateway.ngw",
            "module.vpc.aws_route_table.private_route_table",
            "module.vpc.aws_subnet.private_subnet",
            "module.vpc.aws_subnet.public_subnet",
            "module.vpc.aws_vpc.meetmap-vpc"
          ]
        },
        {
          "index_key": 1,
          "schema_version": 0,
          "attributes": {
            "gateway_id": "",
            "id": "rtbassoc-0d6f8b491c7c8af6c",
            "route_table_id": "rtb-038dde4852e1bd76e",
            "subnet_id": "subnet-07ae12370d5580cf4",
            "timeouts": null
          },
          "sensitive_attributes": [],
          "private": "eyJlMmJmYjczMC1lY2FhLTExZTYtOGY4OC0zNDM2M2JjN2M0YzAiOnsiY3JlYXRlIjozMDAwMDAwMDAwMDAsImRlbGV0ZSI6MzAwMDAwMDAwMDAwLCJ1cGRhdGUiOjEyMDAwMDAwMDAwMH19",
          "dependencies": [
            "module.vpc.aws_eip.nat_eip",
            "module.vpc.aws_internet_gateway.igw",
            "module.vpc.aws_nat_gateway.ngw",
            "module.vpc.aws_route_table.private_route_table",
            "module.vpc.aws_subnet.private_subnet",
            "module.vpc.aws_subnet.public_subnet",
            "module.vpc.aws_vpc.meetmap-vpc"
          ]
        }
      ]
    },
    {
      "module": "module.vpc",
      "mode": "managed",
      "type": "aws_subnet",
      "name": "private_subnet",
      "provider": "provider[\"registry.terraform.io/hashicorp/aws\"]",
      "instances": [
        {
          "index_key": 0,
          "schema_version": 1,
          "attributes": {
            "arn": "arn:aws:ec2:eu-west-1:970180171170:subnet/subnet-0a7def6888dbc3cbb",
            "assign_ipv6_address_on_creation": false,
            "availability_zone": "eu-west-1a",
            "availability_zone_id": "euw1-az2",
            "cidr_block": "10.0.10.0/24",
            "customer_owned_ipv4_pool": "",
            "enable_dns64": false,
            "enable_lni_at_device_index": 0,
            "enable_resource_name_dns_a_record_on_launch": false,
            "enable_resource_name_dns_aaaa_record_on_launch": false,
            "id": "subnet-0a7def6888dbc3cbb",
            "ipv6_cidr_block": "",
            "ipv6_cidr_block_association_id": "",
            "ipv6_native": false,
            "map_customer_owned_ip_on_launch": false,
            "map_public_ip_on_launch": false,
            "outpost_arn": "",
            "owner_id": "970180171170",
            "private_dns_hostname_type_on_launch": "ip-name",
            "tags": {
              "Name": "Private Subnet 0"
            },
            "tags_all": {
              "Name": "Private Subnet 0"
            },
            "timeouts": null,
            "vpc_id": "vpc-047cdca7ba4256676"
          },
          "sensitive_attributes": [],
          "private": "eyJlMmJmYjczMC1lY2FhLTExZTYtOGY4OC0zNDM2M2JjN2M0YzAiOnsiY3JlYXRlIjo2MDAwMDAwMDAwMDAsImRlbGV0ZSI6MTIwMDAwMDAwMDAwMH0sInNjaGVtYV92ZXJzaW9uIjoiMSJ9",
          "dependencies": [
            "module.vpc.aws_vpc.meetmap-vpc"
          ]
        },
        {
          "index_key": 1,
          "schema_version": 1,
          "attributes": {
            "arn": "arn:aws:ec2:eu-west-1:970180171170:subnet/subnet-07ae12370d5580cf4",
            "assign_ipv6_address_on_creation": false,
            "availability_zone": "eu-west-1b",
            "availability_zone_id": "euw1-az3",
            "cidr_block": "10.0.11.0/24",
            "customer_owned_ipv4_pool": "",
            "enable_dns64": false,
            "enable_lni_at_device_index": 0,
            "enable_resource_name_dns_a_record_on_launch": false,
            "enable_resource_name_dns_aaaa_record_on_launch": false,
            "id": "subnet-07ae12370d5580cf4",
            "ipv6_cidr_block": "",
            "ipv6_cidr_block_association_id": "",
            "ipv6_native": false,
            "map_customer_owned_ip_on_launch": false,
            "map_public_ip_on_launch": false,
            "outpost_arn": "",
            "owner_id": "970180171170",
            "private_dns_hostname_type_on_launch": "ip-name",
            "tags": {
              "Name": "Private Subnet 1"
            },
            "tags_all": {
              "Name": "Private Subnet 1"
            },
            "timeouts": null,
            "vpc_id": "vpc-047cdca7ba4256676"
          },
          "sensitive_attributes": [],
          "private": "eyJlMmJmYjczMC1lY2FhLTExZTYtOGY4OC0zNDM2M2JjN2M0YzAiOnsiY3JlYXRlIjo2MDAwMDAwMDAwMDAsImRlbGV0ZSI6MTIwMDAwMDAwMDAwMH0sInNjaGVtYV92ZXJzaW9uIjoiMSJ9",
          "dependencies": [
            "module.vpc.aws_vpc.meetmap-vpc"
          ]
        }
      ]
    },
    {
      "module": "module.vpc",
      "mode": "managed",
      "type": "aws_subnet",
      "name": "public_subnet",
      "provider": "provider[\"registry.terraform.io/hashicorp/aws\"]",
      "instances": [
        {
          "index_key": 0,
          "schema_version": 1,
          "attributes": {
            "arn": "arn:aws:ec2:eu-west-1:970180171170:subnet/subnet-0ed68bde31e7db656",
            "assign_ipv6_address_on_creation": false,
            "availability_zone": "eu-west-1a",
            "availability_zone_id": "euw1-az2",
            "cidr_block": "10.0.0.0/24",
            "customer_owned_ipv4_pool": "",
            "enable_dns64": false,
            "enable_lni_at_device_index": 0,
            "enable_resource_name_dns_a_record_on_launch": false,
            "enable_resource_name_dns_aaaa_record_on_launch": false,
            "id": "subnet-0ed68bde31e7db656",
            "ipv6_cidr_block": "",
            "ipv6_cidr_block_association_id": "",
            "ipv6_native": false,
            "map_customer_owned_ip_on_launch": false,
            "map_public_ip_on_launch": true,
            "outpost_arn": "",
            "owner_id": "970180171170",
            "private_dns_hostname_type_on_launch": "ip-name",
            "tags": {
              "Name": "Public Subnet 0"
            },
            "tags_all": {
              "Name": "Public Subnet 0"
            },
            "timeouts": null,
            "vpc_id": "vpc-047cdca7ba4256676"
          },
          "sensitive_attributes": [],
          "private": "eyJlMmJmYjczMC1lY2FhLTExZTYtOGY4OC0zNDM2M2JjN2M0YzAiOnsiY3JlYXRlIjo2MDAwMDAwMDAwMDAsImRlbGV0ZSI6MTIwMDAwMDAwMDAwMH0sInNjaGVtYV92ZXJzaW9uIjoiMSJ9",
          "dependencies": [
            "module.vpc.aws_vpc.meetmap-vpc"
          ]
        },
        {
          "index_key": 1,
          "schema_version": 1,
          "attributes": {
            "arn": "arn:aws:ec2:eu-west-1:970180171170:subnet/subnet-02391664e43e0a48a",
            "assign_ipv6_address_on_creation": false,
            "availability_zone": "eu-west-1b",
            "availability_zone_id": "euw1-az3",
            "cidr_block": "10.0.1.0/24",
            "customer_owned_ipv4_pool": "",
            "enable_dns64": false,
            "enable_lni_at_device_index": 0,
            "enable_resource_name_dns_a_record_on_launch": false,
            "enable_resource_name_dns_aaaa_record_on_launch": false,
            "id": "subnet-02391664e43e0a48a",
            "ipv6_cidr_block": "",
            "ipv6_cidr_block_association_id": "",
            "ipv6_native": false,
            "map_customer_owned_ip_on_launch": false,
            "map_public_ip_on_launch": true,
            "outpost_arn": "",
            "owner_id": "970180171170",
            "private_dns_hostname_type_on_launch": "ip-name",
            "tags": {
              "Name": "Public Subnet 1"
            },
            "tags_all": {
              "Name": "Public Subnet 1"
            },
            "timeouts": null,
            "vpc_id": "vpc-047cdca7ba4256676"
          },
          "sensitive_attributes": [],
          "private": "eyJlMmJmYjczMC1lY2FhLTExZTYtOGY4OC0zNDM2M2JjN2M0YzAiOnsiY3JlYXRlIjo2MDAwMDAwMDAwMDAsImRlbGV0ZSI6MTIwMDAwMDAwMDAwMH0sInNjaGVtYV92ZXJzaW9uIjoiMSJ9",
          "dependencies": [
            "module.vpc.aws_vpc.meetmap-vpc"
          ]
        }
      ]
    },
    {
      "module": "module.vpc",
      "mode": "managed",
      "type": "aws_vpc",
      "name": "meetmap-vpc",
      "provider": "provider[\"registry.terraform.io/hashicorp/aws\"]",
      "instances": [
        {
          "schema_version": 1,
          "attributes": {
            "arn": "arn:aws:ec2:eu-west-1:970180171170:vpc/vpc-047cdca7ba4256676",
            "assign_generated_ipv6_cidr_block": false,
            "cidr_block": "10.0.0.0/16",
            "default_network_acl_id": "acl-055210af289b55fda",
            "default_route_table_id": "rtb-007d072d325b45d8e",
            "default_security_group_id": "sg-04bb96f546c186fe1",
            "dhcp_options_id": "dopt-0abf46da55c90e99e",
            "enable_classiclink": false,
            "enable_classiclink_dns_support": false,
            "enable_dns_hostnames": false,
            "enable_dns_support": true,
            "enable_network_address_usage_metrics": false,
            "id": "vpc-047cdca7ba4256676",
            "instance_tenancy": "default",
            "ipv4_ipam_pool_id": null,
            "ipv4_netmask_length": null,
            "ipv6_association_id": "",
            "ipv6_cidr_block": "",
            "ipv6_cidr_block_network_border_group": "",
            "ipv6_ipam_pool_id": "",
            "ipv6_netmask_length": 0,
            "main_route_table_id": "rtb-007d072d325b45d8e",
            "owner_id": "970180171170",
            "tags": {
              "Name": "meetmap-vpc"
            },
            "tags_all": {
              "Name": "meetmap-vpc"
            }
          },
          "sensitive_attributes": [],
          "private": "eyJzY2hlbWFfdmVyc2lvbiI6IjEifQ==",
          "create_before_destroy": true
        }
      ]
    },
    {
      "module": "module.vpn",
      "mode": "managed",
      "type": "aws_acm_certificate",
      "name": "vpn_server_certificate",
      "provider": "provider[\"registry.terraform.io/hashicorp/aws\"]",
      "instances": [
        {
          "schema_version": 0,
          "attributes": {
            "arn": "arn:aws:acm:eu-west-1:970180171170:certificate/d450bea2-dc8c-4ede-9229-90a415c35119",
            "certificate_authority_arn": "",
            "certificate_body": null,
            "certificate_chain": null,
            "domain_name": "vpn.meetmap.xyz",
            "domain_validation_options": [
              {
                "domain_name": "vpn.meetmap.xyz",
                "resource_record_name": "_4c2593f49897c928a321291e8315f06f.vpn.meetmap.xyz.",
                "resource_record_type": "CNAME",
                "resource_record_value": "_05c810165ab8dc1c6d13ef33b3813e39.shzbfwcggp.acm-validations.aws."
              }
            ],
            "early_renewal_duration": "",
            "id": "arn:aws:acm:eu-west-1:970180171170:certificate/d450bea2-dc8c-4ede-9229-90a415c35119",
            "key_algorithm": "RSA_2048",
            "not_after": "2024-09-12T23:59:59Z",
            "not_before": "2023-08-15T00:00:00Z",
            "options": [
              {
                "certificate_transparency_logging_preference": "ENABLED"
              }
            ],
            "pending_renewal": false,
            "private_key": null,
            "renewal_eligibility": "ELIGIBLE",
            "renewal_summary": [],
            "status": "ISSUED",
            "subject_alternative_names": [
              "vpn.meetmap.xyz"
            ],
            "tags": {
              "Name": "Meetmap ClientVPN"
            },
            "tags_all": {
              "Name": "Meetmap ClientVPN"
            },
            "type": "AMAZON_ISSUED",
            "validation_emails": [],
            "validation_method": "DNS",
            "validation_option": []
          },
          "sensitive_attributes": [],
          "private": "bnVsbA==",
          "create_before_destroy": true
        }
      ]
    },
    {
      "module": "module.vpn",
      "mode": "managed",
      "type": "aws_acm_certificate",
      "name": "vpn_server_client_root_cert",
      "provider": "provider[\"registry.terraform.io/hashicorp/aws\"]",
      "instances": [
        {
          "schema_version": 0,
          "attributes": {
            "arn": "arn:aws:acm:eu-west-1:970180171170:certificate/81e62cd5-dde1-49ed-a18c-0cd80bc1e269",
            "certificate_authority_arn": "",
            "certificate_body": "-----BEGIN CERTIFICATE-----\nMIIDVzCCAj+gAwIBAgIUYOGrujlOJzXgs0zLAc0+p/0KFBYwDQYJKoZIhvcNAQEL\nBQAwGjEYMBYGA1UEAwwPdnBuLm1lZXRtYXAueHl6MB4XDTIzMDgxNTA5MzYxMVoX\nDTMzMDgxMjA5MzYxMVowGjEYMBYGA1UEAwwPdnBuLm1lZXRtYXAueHl6MIIBIjAN\nBgkqhkiG9w0BAQEFAAOCAQ8AMIIBCgKCAQEAsOuL9wHs93GI88LQ8KUiNaJo+7mZ\npEa9LHoaRqHgKpdSQ6PNooGauIXshRfWArMVQSXHg562B9dUXbCkUYxYntA1bONe\naJHJ/UOB55nIfEPBlVSS0nmKKYJsfeMIFjXMkKfyo8c/uam/BY4fnUqdMmCU1v+4\n2Xn2wL+htqfJXVGbOMAM2z3T8RZNhXhrCEpqTCsvfrsJvYrLpFG2iJSGYv0MgNs7\n6kN1rMp+zgbDlmOlVhq7kLnSUhLP+Ml91nxbZSkFv41PYMF0Qp7u1PN6vIRkgcWU\npvpCR7790lCm8udPeeWIvaBNQOaal7Ukgz+ABf5eJUcAGupArI8zjZoxvQIDAQAB\no4GUMIGRMAwGA1UdEwQFMAMBAf8wHQYDVR0OBBYEFJ513tgJQ4tewnhoZVy8d8n0\nW2O5MFUGA1UdIwROMEyAFJ513tgJQ4tewnhoZVy8d8n0W2O5oR6kHDAaMRgwFgYD\nVQQDDA92cG4ubWVldG1hcC54eXqCFGDhq7o5Tic14LNMywHNPqf9ChQWMAsGA1Ud\nDwQEAwIBBjANBgkqhkiG9w0BAQsFAAOCAQEAKaP8UpAi3dlocsQxipZRMZdXaX1T\n/+za4otHyx4X+JeZZU8LhhPDUiAm446XaoiZQ7Nu+iGMR91+D6QpJf5f2EutMZ5R\nPDPN12/Dg5ZskSjkYAvfcbi33KKE8cnGrxjdvHvUBsC9okzKogSmDd0a2F6nO4gS\n+astqmy1AJ+NR8DDs+R7J6bzR7/Y7dRvecb7MVnwhKlt5tZxdmDn6FAa418z2znh\nFW4bTWDw3UQm0XPKi9kVUDcHaMSTs7VfLU/cItxpVGkYUyRwvbsMlCZb5p3ykVi/\n9Kqpe41phaiIcMbrKFCO4uqcfLXJq2qOO6AnRcNeucqr52giocfcYA/R1w==\n-----END CERTIFICATE-----\n",
            "certificate_chain": null,
            "domain_name": "vpn.meetmap.xyz",
            "domain_validation_options": [],
            "early_renewal_duration": "",
            "id": "arn:aws:acm:eu-west-1:970180171170:certificate/81e62cd5-dde1-49ed-a18c-0cd80bc1e269",
            "key_algorithm": "RSA_2048",
            "not_after": "2033-08-12T09:36:11Z",
            "not_before": "2023-08-15T09:36:11Z",
            "options": [
              {
                "certificate_transparency_logging_preference": "DISABLED"
              }
            ],
            "pending_renewal": false,
            "private_key": "-----BEGIN PRIVATE KEY-----\nMIIEvQIBADANBgkqhkiG9w0BAQEFAASCBKcwggSjAgEAAoIBAQCw64v3Aez3cYjz\nwtDwpSI1omj7uZmkRr0sehpGoeAql1JDo82igZq4heyFF9YCsxVBJceDnrYH11Rd\nsKRRjFie0DVs415okcn9Q4Hnmch8Q8GVVJLSeYopgmx94wgWNcyQp/Kjxz+5qb8F\njh+dSp0yYJTW/7jZefbAv6G2p8ldUZs4wAzbPdPxFk2FeGsISmpMKy9+uwm9isuk\nUbaIlIZi/QyA2zvqQ3Wsyn7OBsOWY6VWGruQudJSEs/4yX3WfFtlKQW/jU9gwXRC\nnu7U83q8hGSBxZSm+kJHvv3SUKby50955Yi9oE1A5pqXtSSDP4AF/l4lRwAa6kCs\njzONmjG9AgMBAAECggEAAYdTewOg/sVUG9kR0ZZ3rHN2CUDCB1WWIll+uyAAbhXH\nH+79IpuQkOoVUFQTpQvTke/H4McBByHQ6ItTbCH0jRC6+XEgenJSBrZr26qsPQif\n1lC4AQoMS84E7nSE+B4oYZKV6dzZm9rP2/Ytp0ADCjGj75Sfjf98Bo/RT6D1ADGl\n4eNmCIrs4p+rTmHtnpABZNXTr5u7RUBRnK0wNkB0Rq2Vy3HVDbwtSE51DsH9j2qJ\n0YuUp510n+OHA8mN/An6RigyS6jWIXwgQ+2Y2rkt1HNsfboh6b7qjvRCRiWv5vqI\nUE/srslez2inyZMnBcJ3L8Hy0rtge+Kjt9BRaSyZaQKBgQDca7wpaT1tlHkZWMyP\nnBtGPsLhQRrjHxFRrggNFNDCiPm40+R6Xi1LHeq8hVF6cOnZiohIpvGN9zVzIMDC\n2EokOblRohF9le+QtYZ8yR7tuomobVcIZHG0T7F9c+GFRaMVTsUXuLh7pKKAoDJS\n37fWiBVXHy8ZmFGMgmfcN0Q+lQKBgQDNekR184vKl5aRK4xSjewGLEa6Uju6H57z\nA2A0ReouQrx5Er3K5dYvw8Yp8W6AdR0Ckv4SE3A5zRBEZsCcbx/giD4bfAZ7aNMh\nzZTe21PntR8KrS9N0AEDkqO4eKxeS8GNT8B8c8IjUFRJyPjiodcHikgoSMzeJA1p\nQC1XyvjkiQKBgBGzeS3eLLezF7KIZg0WXT5b5eyO/OjGYu6rSiw6wrUMqPlF0vBc\nxchlg6dWEYACt1ToAh/LgFSFSL6RH8nF8tZL6Gz81ei+9LkrSryUri4rL8jd1wJu\nho8TY06O0sqQGBOq+rr386DCTOaFduUe4DWTQht3/qFQkSP2iP6vVYStAoGAH5gm\nQLCzFPKcDzRP/j2eRhC2y11rm6HTEfC58S+y42wViNRN5I3UkkGbDcX2xL+9NzEc\n6fCdN/YFA099XFBl6WNpkVZPtNgYZsEym9XDoAQkgsLAXEmYblE05V+AuXsShsT1\nhu1Rs5Zdb378bfSOmLU1hSQ0hA+tFDru/enSvWkCgYEAwmpjlJojtyomJJ62OQpF\nM6HyvxnItKfJ2hPJ9EnTnYhkTAKhqBoTO+mDHcB/xondIXJ9PyX4bmHraH8Dwlw/\neGO3OJSDtx1rNhB6mJggM2KHTKkPrAJQKgZwHmBW/11nywMiixwA8rx2zw6vf2Ja\nsF5VAYfuCA4smjuMPrVhi0E=\n-----END PRIVATE KEY-----\n",
            "renewal_eligibility": "INELIGIBLE",
            "renewal_summary": [],
            "status": "ISSUED",
            "subject_alternative_names": [
              "vpn.meetmap.xyz"
            ],
            "tags": {
              "Name": "Meetmap ClientVPN-Root-Cert"
            },
            "tags_all": {
              "Name": "Meetmap ClientVPN-Root-Cert"
            },
            "type": "IMPORTED",
            "validation_emails": [],
            "validation_method": "NONE",
            "validation_option": []
          },
          "sensitive_attributes": [],
          "private": "bnVsbA==",
          "create_before_destroy": true
        }
      ]
    },
    {
      "module": "module.vpn",
      "mode": "managed",
      "type": "aws_cloudwatch_log_group",
      "name": "clientvpn_log_group",
      "provider": "provider[\"registry.terraform.io/hashicorp/aws\"]",
      "instances": [
        {
          "schema_version": 0,
          "attributes": {
            "arn": "arn:aws:logs:eu-west-1:970180171170:log-group:meetmap-clientvpn-connection-logs",
            "id": "meetmap-clientvpn-connection-logs",
            "kms_key_id": "",
            "name": "meetmap-clientvpn-connection-logs",
            "name_prefix": "",
            "retention_in_days": 14,
            "skip_destroy": false,
            "tags": {},
            "tags_all": {}
          },
          "sensitive_attributes": [],
          "private": "bnVsbA==",
          "create_before_destroy": true
        }
      ]
    },
    {
      "module": "module.vpn",
      "mode": "managed",
      "type": "aws_ec2_client_vpn_authorization_rule",
      "name": "vpn_auth_rule",
      "provider": "provider[\"registry.terraform.io/hashicorp/aws\"]",
      "instances": [
        {
          "schema_version": 0,
          "attributes": {
            "access_group_id": "",
            "authorize_all_groups": true,
            "client_vpn_endpoint_id": "cvpn-endpoint-042a1894a0f5179a6",
            "description": "",
            "id": "cvpn-endpoint-042a1894a0f5179a6,10.0.0.0/16",
            "target_network_cidr": "10.0.0.0/16",
            "timeouts": null
          },
          "sensitive_attributes": [],
          "private": "eyJlMmJmYjczMC1lY2FhLTExZTYtOGY4OC0zNDM2M2JjN2M0YzAiOnsiY3JlYXRlIjo2MDAwMDAwMDAwMDAsImRlbGV0ZSI6NjAwMDAwMDAwMDAwfX0=",
          "dependencies": [
            "module.vpc.aws_vpc.meetmap-vpc",
            "module.vpn.aws_acm_certificate.vpn_server_certificate",
            "module.vpn.aws_acm_certificate.vpn_server_client_root_cert",
            "module.vpn.aws_cloudwatch_log_group.clientvpn_log_group",
            "module.vpn.aws_ec2_client_vpn_endpoint.public",
            "module.vpn.aws_security_group.vpn_sg"
          ]
        }
      ]
    },
    {
      "module": "module.vpn",
      "mode": "managed",
      "type": "aws_ec2_client_vpn_endpoint",
      "name": "public",
      "provider": "provider[\"registry.terraform.io/hashicorp/aws\"]",
      "instances": [
        {
          "schema_version": 0,
          "attributes": {
            "arn": "arn:aws:ec2:eu-west-1:970180171170:client-vpn-endpoint/cvpn-endpoint-042a1894a0f5179a6",
            "authentication_options": [
              {
                "active_directory_id": "",
                "root_certificate_chain_arn": "arn:aws:acm:eu-west-1:970180171170:certificate/81e62cd5-dde1-49ed-a18c-0cd80bc1e269",
                "saml_provider_arn": "",
                "self_service_saml_provider_arn": "",
                "type": "certificate-authentication"
              }
            ],
            "client_cidr_block": "10.0.0.0/22",
            "client_connect_options": [
              {
                "enabled": false,
                "lambda_function_arn": ""
              }
            ],
            "client_login_banner_options": [
              {
                "banner_text": "",
                "enabled": false
              }
            ],
            "connection_log_options": [
              {
                "cloudwatch_log_group": "meetmap-clientvpn-connection-logs",
                "cloudwatch_log_stream": "cvpn-endpoint-042a1894a0f5179a6-eu-west-1-2023/08/15-W7zfe1cfN75A",
                "enabled": true
              }
            ],
            "description": "Client VPN public",
            "dns_name": "*.cvpn-endpoint-042a1894a0f5179a6.prod.clientvpn.eu-west-1.amazonaws.com",
            "dns_servers": [],
            "id": "cvpn-endpoint-042a1894a0f5179a6",
            "security_group_ids": [
              "sg-0471b48dad93604e6"
            ],
            "self_service_portal": "disabled",
            "server_certificate_arn": "arn:aws:acm:eu-west-1:970180171170:certificate/d450bea2-dc8c-4ede-9229-90a415c35119",
            "session_timeout_hours": 24,
            "split_tunnel": true,
            "status": "available",
            "tags": {},
            "tags_all": {},
            "transport_protocol": "udp",
            "vpc_id": "vpc-047cdca7ba4256676",
            "vpn_port": 443
          },
          "sensitive_attributes": [],
          "private": "bnVsbA==",
          "dependencies": [
            "module.vpc.aws_vpc.meetmap-vpc",
            "module.vpn.aws_acm_certificate.vpn_server_certificate",
            "module.vpn.aws_acm_certificate.vpn_server_client_root_cert",
            "module.vpn.aws_cloudwatch_log_group.clientvpn_log_group",
            "module.vpn.aws_security_group.vpn_sg"
          ],
          "create_before_destroy": true
        }
      ]
    },
    {
      "module": "module.vpn",
      "mode": "managed",
      "type": "aws_ec2_client_vpn_network_association",
      "name": "public",
      "provider": "provider[\"registry.terraform.io/hashicorp/aws\"]",
      "instances": [
        {
          "index_key": "subnet-07ae12370d5580cf4",
          "schema_version": 0,
          "attributes": {
            "association_id": "cvpn-assoc-0449a84ddd15788cb",
            "client_vpn_endpoint_id": "cvpn-endpoint-042a1894a0f5179a6",
            "id": "cvpn-assoc-0449a84ddd15788cb",
            "security_groups": [
              "sg-0471b48dad93604e6"
            ],
            "status": "associated",
            "subnet_id": "subnet-07ae12370d5580cf4",
            "timeouts": null,
            "vpc_id": "vpc-047cdca7ba4256676"
          },
          "sensitive_attributes": [],
          "private": "eyJlMmJmYjczMC1lY2FhLTExZTYtOGY4OC0zNDM2M2JjN2M0YzAiOnsiY3JlYXRlIjoxODAwMDAwMDAwMDAwLCJkZWxldGUiOjE4MDAwMDAwMDAwMDB9fQ==",
          "dependencies": [
            "module.vpc.aws_subnet.private_subnet",
            "module.vpc.aws_vpc.meetmap-vpc",
            "module.vpn.aws_acm_certificate.vpn_server_certificate",
            "module.vpn.aws_acm_certificate.vpn_server_client_root_cert",
            "module.vpn.aws_cloudwatch_log_group.clientvpn_log_group",
            "module.vpn.aws_ec2_client_vpn_endpoint.public",
            "module.vpn.aws_security_group.vpn_sg"
          ]
        },
        {
          "index_key": "subnet-0a7def6888dbc3cbb",
          "schema_version": 0,
          "attributes": {
            "association_id": "cvpn-assoc-0d23295a029f10ee5",
            "client_vpn_endpoint_id": "cvpn-endpoint-042a1894a0f5179a6",
            "id": "cvpn-assoc-0d23295a029f10ee5",
            "security_groups": [
              "sg-0471b48dad93604e6"
            ],
            "status": "associated",
            "subnet_id": "subnet-0a7def6888dbc3cbb",
            "timeouts": null,
            "vpc_id": "vpc-047cdca7ba4256676"
          },
          "sensitive_attributes": [],
          "private": "eyJlMmJmYjczMC1lY2FhLTExZTYtOGY4OC0zNDM2M2JjN2M0YzAiOnsiY3JlYXRlIjoxODAwMDAwMDAwMDAwLCJkZWxldGUiOjE4MDAwMDAwMDAwMDB9fQ==",
          "dependencies": [
            "module.vpc.aws_subnet.private_subnet",
            "module.vpc.aws_vpc.meetmap-vpc",
            "module.vpn.aws_acm_certificate.vpn_server_certificate",
            "module.vpn.aws_acm_certificate.vpn_server_client_root_cert",
            "module.vpn.aws_cloudwatch_log_group.clientvpn_log_group",
            "module.vpn.aws_ec2_client_vpn_endpoint.public",
            "module.vpn.aws_security_group.vpn_sg"
          ]
        }
      ]
    },
    {
      "module": "module.vpn",
      "mode": "managed",
      "type": "aws_route53_record",
      "name": "validation_record",
      "provider": "provider[\"registry.terraform.io/hashicorp/aws\"]",
      "instances": [
        {
          "index_key": "vpn.meetmap.xyz",
          "schema_version": 2,
          "attributes": {
            "alias": [],
            "allow_overwrite": null,
            "cidr_routing_policy": [],
            "failover_routing_policy": [],
            "fqdn": "_4c2593f49897c928a321291e8315f06f.vpn.meetmap.xyz",
            "geolocation_routing_policy": [],
            "health_check_id": "",
            "id": "Z09681201L6RRBA990ODM__4c2593f49897c928a321291e8315f06f.vpn.meetmap.xyz._CNAME",
            "latency_routing_policy": [],
            "multivalue_answer_routing_policy": false,
            "name": "_4c2593f49897c928a321291e8315f06f.vpn.meetmap.xyz",
            "records": [
              "_05c810165ab8dc1c6d13ef33b3813e39.shzbfwcggp.acm-validations.aws."
            ],
            "set_identifier": "",
            "ttl": 300,
            "type": "CNAME",
            "weighted_routing_policy": [],
            "zone_id": "Z09681201L6RRBA990ODM"
          },
          "sensitive_attributes": [],
          "private": "eyJzY2hlbWFfdmVyc2lvbiI6IjIifQ==",
          "dependencies": [
            "module.vpn.aws_acm_certificate.vpn_server_certificate",
            "module.vpn.aws_route53_zone.zone"
          ]
        }
      ]
    },
    {
      "module": "module.vpn",
      "mode": "managed",
      "type": "aws_route53_zone",
      "name": "zone",
      "provider": "provider[\"registry.terraform.io/hashicorp/aws\"]",
      "instances": [
        {
          "schema_version": 0,
          "attributes": {
            "arn": "arn:aws:route53:::hostedzone/Z09681201L6RRBA990ODM",
            "comment": "Managed by Terraform",
            "delegation_set_id": "",
            "force_destroy": false,
            "id": "Z09681201L6RRBA990ODM",
            "name": "vpn.meetmap.xyz",
            "name_servers": [
              "ns-1137.awsdns-14.org",
              "ns-1699.awsdns-20.co.uk",
              "ns-522.awsdns-01.net",
              "ns-87.awsdns-10.com"
            ],
            "primary_name_server": "ns-1699.awsdns-20.co.uk",
            "tags": {},
            "tags_all": {},
            "vpc": [],
            "zone_id": "Z09681201L6RRBA990ODM"
          },
          "sensitive_attributes": [],
          "private": "bnVsbA=="
        }
      ]
    },
    {
      "module": "module.vpn",
      "mode": "managed",
      "type": "aws_security_group",
      "name": "vpn_sg",
      "provider": "provider[\"registry.terraform.io/hashicorp/aws\"]",
      "instances": [
        {
          "schema_version": 1,
          "attributes": {
            "arn": "arn:aws:ec2:eu-west-1:970180171170:security-group/sg-0471b48dad93604e6",
            "description": "Allow inbound traffic from port 443, to the VPN",
            "egress": [
              {
                "cidr_blocks": [
                  "0.0.0.0/0"
                ],
                "description": "",
                "from_port": 0,
                "ipv6_cidr_blocks": [],
                "prefix_list_ids": [],
                "protocol": "-1",
                "security_groups": [],
                "self": false,
                "to_port": 0
              }
            ],
            "id": "sg-0471b48dad93604e6",
            "ingress": [
              {
                "cidr_blocks": [
                  "0.0.0.0/0"
                ],
                "description": "Incoming VPN connection",
                "from_port": 1194,
                "ipv6_cidr_blocks": [],
                "prefix_list_ids": [],
                "protocol": "tcp",
                "security_groups": [],
                "self": false,
                "to_port": 1194
              },
              {
                "cidr_blocks": [
                  "0.0.0.0/0"
                ],
                "description": "Incoming VPN connection",
                "from_port": 1194,
                "ipv6_cidr_blocks": [],
                "prefix_list_ids": [],
                "protocol": "udp",
                "security_groups": [],
                "self": false,
                "to_port": 1194
              },
              {
                "cidr_blocks": [
                  "0.0.0.0/0"
                ],
                "description": "Incoming VPN connection",
                "from_port": 443,
                "ipv6_cidr_blocks": [],
                "prefix_list_ids": [],
                "protocol": "tcp",
                "security_groups": [],
                "self": false,
                "to_port": 443
              },
              {
                "cidr_blocks": [
                  "0.0.0.0/0"
                ],
                "description": "Incoming VPN connection",
                "from_port": 443,
                "ipv6_cidr_blocks": [],
                "prefix_list_ids": [],
                "protocol": "udp",
                "security_groups": [],
                "self": false,
                "to_port": 443
              }
            ],
            "name": "vpn-sg",
            "name_prefix": "",
            "owner_id": "970180171170",
            "revoke_rules_on_delete": false,
            "tags": {},
            "tags_all": {},
            "timeouts": null,
            "vpc_id": "vpc-047cdca7ba4256676"
          },
          "sensitive_attributes": [],
          "private": "eyJlMmJmYjczMC1lY2FhLTExZTYtOGY4OC0zNDM2M2JjN2M0YzAiOnsiY3JlYXRlIjo2MDAwMDAwMDAwMDAsImRlbGV0ZSI6OTAwMDAwMDAwMDAwfSwic2NoZW1hX3ZlcnNpb24iOiIxIn0=",
          "dependencies": [
            "module.vpc.aws_vpc.meetmap-vpc"
          ],
          "create_before_destroy": true
        }
      ]
    }
  ],
  "check_results": null
}
