{
  "version": 4,
  "terraform_version": "1.4.6",
  "serial": 119,
  "lineage": "d009c820-d6a1-d571-b982-5f0a5da454f3",
  "outputs": {},
  "resources": [
    {
      "module": "module.budget",
      "mode": "managed",
      "type": "aws_budgets_budget",
      "name": "this",
      "provider": "provider[\"registry.terraform.io/hashicorp/aws\"]",
      "instances": [
        {
          "schema_version": 0,
          "attributes": {
            "account_id": "970180171170",
            "arn": "arn:aws:budgets::970180171170:budget/monthly-budget",
            "auto_adjust_data": [],
            "budget_type": "COST",
            "cost_filter": [],
            "cost_filters": {},
            "cost_types": [
              {
                "include_credit": true,
                "include_discount": true,
                "include_other_subscription": true,
                "include_recurring": true,
                "include_refund": true,
                "include_subscription": true,
                "include_support": true,
                "include_tax": true,
                "include_upfront": true,
                "use_amortized": false,
                "use_blended": false
              }
            ],
            "id": "970180171170:monthly-budget",
            "limit_amount": "300.0",
            "limit_unit": "USD",
            "name": "monthly-budget",
            "name_prefix": "",
            "notification": [],
            "planned_limit": [],
            "time_period_end": "2087-06-15_00:00",
            "time_period_start": "2023-05-01_00:01",
            "time_unit": "MONTHLY"
          },
          "sensitive_attributes": [],
          "private": "bnVsbA=="
        }
      ]
    },
    {
      "module": "module.vpc",
      "mode": "managed",
      "type": "aws_eip",
      "name": "nat-eu-west-1a",
      "provider": "provider[\"registry.terraform.io/hashicorp/aws\"]",
      "instances": [
        {
          "schema_version": 0,
          "attributes": {
            "address": null,
            "allocation_id": "eipalloc-07ce12c227d513a4b",
            "associate_with_private_ip": null,
            "association_id": "eipassoc-0a913fcae8187ce8b",
            "carrier_ip": "",
            "customer_owned_ip": "",
            "customer_owned_ipv4_pool": "",
            "domain": "vpc",
            "id": "eipalloc-07ce12c227d513a4b",
            "instance": "",
            "network_border_group": "eu-west-1",
            "network_interface": "eni-0e5b0a32b7496391e",
            "private_dns": "ip-10-0-2-252.eu-west-1.compute.internal",
            "private_ip": "10.0.2.252",
            "public_dns": "ec2-63-34-33-140.eu-west-1.compute.amazonaws.com",
            "public_ip": "63.34.33.140",
            "public_ipv4_pool": "amazon",
            "tags": {
              "Name": "Elastic Ip for Nat gateway eu-west-1a"
            },
            "tags_all": {
              "Name": "Elastic Ip for Nat gateway eu-west-1a"
            },
            "timeouts": null,
            "vpc": true
          },
          "sensitive_attributes": [],
          "private": "eyJlMmJmYjczMC1lY2FhLTExZTYtOGY4OC0zNDM2M2JjN2M0YzAiOnsiZGVsZXRlIjoxODAwMDAwMDAwMDAsInJlYWQiOjkwMDAwMDAwMDAwMCwidXBkYXRlIjozMDAwMDAwMDAwMDB9fQ=="
        }
      ]
    },
    {
      "module": "module.vpc",
      "mode": "managed",
      "type": "aws_eip",
      "name": "nat-eu-west-1b",
      "provider": "provider[\"registry.terraform.io/hashicorp/aws\"]",
      "instances": [
        {
          "schema_version": 0,
          "attributes": {
            "address": null,
            "allocation_id": "eipalloc-0f90b320e6d1ff664",
            "associate_with_private_ip": null,
            "association_id": "eipassoc-0a14fd5e5b7f8e26e",
            "carrier_ip": "",
            "customer_owned_ip": "",
            "customer_owned_ipv4_pool": "",
            "domain": "vpc",
            "id": "eipalloc-0f90b320e6d1ff664",
            "instance": "",
            "network_border_group": "eu-west-1",
            "network_interface": "eni-042669bb39a028651",
            "private_dns": "ip-10-0-3-189.eu-west-1.compute.internal",
            "private_ip": "10.0.3.189",
            "public_dns": "ec2-18-203-23-45.eu-west-1.compute.amazonaws.com",
            "public_ip": "18.203.23.45",
            "public_ipv4_pool": "amazon",
            "tags": {
              "Name": "Elastic Ip for Nat gateway eu-west-1b"
            },
            "tags_all": {
              "Name": "Elastic Ip for Nat gateway eu-west-1b"
            },
            "timeouts": null,
            "vpc": true
          },
          "sensitive_attributes": [],
          "private": "eyJlMmJmYjczMC1lY2FhLTExZTYtOGY4OC0zNDM2M2JjN2M0YzAiOnsiZGVsZXRlIjoxODAwMDAwMDAwMDAsInJlYWQiOjkwMDAwMDAwMDAwMCwidXBkYXRlIjozMDAwMDAwMDAwMDB9fQ=="
        }
      ]
    },
    {
      "module": "module.vpc",
      "mode": "managed",
      "type": "aws_internet_gateway",
      "name": "igw",
      "provider": "provider[\"registry.terraform.io/hashicorp/aws\"]",
      "instances": [
        {
          "schema_version": 0,
          "attributes": {
            "arn": "arn:aws:ec2:eu-west-1:970180171170:internet-gateway/igw-0739571b25fd3c76b",
            "id": "igw-0739571b25fd3c76b",
            "owner_id": "970180171170",
            "tags": {
              "Name": "meetmap-backend-internet-gateway"
            },
            "tags_all": {
              "Name": "meetmap-backend-internet-gateway"
            },
            "timeouts": null,
            "vpc_id": "vpc-0f24a0c39c7586930"
          },
          "sensitive_attributes": [],
          "private": "eyJlMmJmYjczMC1lY2FhLTExZTYtOGY4OC0zNDM2M2JjN2M0YzAiOnsiY3JlYXRlIjoxMjAwMDAwMDAwMDAwLCJkZWxldGUiOjEyMDAwMDAwMDAwMDAsInVwZGF0ZSI6MTIwMDAwMDAwMDAwMH19",
          "dependencies": [
            "module.vpc.aws_vpc.main"
          ]
        }
      ]
    },
    {
      "module": "module.vpc",
      "mode": "managed",
      "type": "aws_nat_gateway",
      "name": "private-eu-west-1a",
      "provider": "provider[\"registry.terraform.io/hashicorp/aws\"]",
      "instances": [
        {
          "schema_version": 0,
          "attributes": {
            "allocation_id": "eipalloc-07ce12c227d513a4b",
            "association_id": "eipassoc-0a913fcae8187ce8b",
            "connectivity_type": "public",
            "id": "nat-0e00c2bfab4c4ff01",
            "network_interface_id": "eni-0e5b0a32b7496391e",
            "private_ip": "10.0.2.252",
            "public_ip": "63.34.33.140",
            "subnet_id": "subnet-088f905f338d3b9f5",
            "tags": {
              "Name": "Nat gateway eu-west-1a"
            },
            "tags_all": {
              "Name": "Nat gateway eu-west-1a"
            }
          },
          "sensitive_attributes": [],
          "private": "bnVsbA==",
          "dependencies": [
            "module.vpc.aws_eip.nat-eu-west-1a",
            "module.vpc.aws_subnet.private-eu-west-1a"
          ]
        }
      ]
    },
    {
      "module": "module.vpc",
      "mode": "managed",
      "type": "aws_nat_gateway",
      "name": "private-eu-west-1b",
      "provider": "provider[\"registry.terraform.io/hashicorp/aws\"]",
      "instances": [
        {
          "schema_version": 0,
          "attributes": {
            "allocation_id": "eipalloc-0f90b320e6d1ff664",
            "association_id": "eipassoc-0a14fd5e5b7f8e26e",
            "connectivity_type": "public",
            "id": "nat-0926bdbb07ce88456",
            "network_interface_id": "eni-042669bb39a028651",
            "private_ip": "10.0.3.189",
            "public_ip": "18.203.23.45",
            "subnet_id": "subnet-05e7186f1a68bfdaf",
            "tags": {
              "Name": "Nat gateway eu-west-1b"
            },
            "tags_all": {
              "Name": "Nat gateway eu-west-1b"
            }
          },
          "sensitive_attributes": [],
          "private": "bnVsbA==",
          "dependencies": [
            "module.vpc.aws_eip.nat-eu-west-1b",
            "module.vpc.aws_subnet.private-eu-west-1b",
            "module.vpc.aws_vpc.main"
          ]
        }
      ]
    },
    {
      "module": "module.vpc",
      "mode": "managed",
      "type": "aws_route",
      "name": "private_nat_gateway-1b",
      "provider": "provider[\"registry.terraform.io/hashicorp/aws\"]",
      "instances": [
        {
          "schema_version": 0,
          "attributes": {
            "carrier_gateway_id": "",
            "core_network_arn": "",
            "destination_cidr_block": "0.0.0.0/0",
            "destination_ipv6_cidr_block": "",
            "destination_prefix_list_id": "",
            "egress_only_gateway_id": "",
            "gateway_id": "",
            "id": "r-rtb-04cd7a293a10c823d1080289494",
            "instance_id": "",
            "instance_owner_id": "",
            "local_gateway_id": "",
            "nat_gateway_id": "nat-0926bdbb07ce88456",
            "network_interface_id": "",
            "origin": "CreateRoute",
            "route_table_id": "rtb-04cd7a293a10c823d",
            "state": "active",
            "timeouts": null,
            "transit_gateway_id": "",
            "vpc_endpoint_id": "",
            "vpc_peering_connection_id": ""
          },
          "sensitive_attributes": [],
          "private": "eyJlMmJmYjczMC1lY2FhLTExZTYtOGY4OC0zNDM2M2JjN2M0YzAiOnsiY3JlYXRlIjozMDAwMDAwMDAwMDAsImRlbGV0ZSI6MzAwMDAwMDAwMDAwLCJ1cGRhdGUiOjEyMDAwMDAwMDAwMH19",
          "dependencies": [
            "module.vpc.aws_nat_gateway.private-eu-west-1b",
            "module.vpc.aws_route_table.private"
          ]
        }
      ]
    },
    {
      "module": "module.vpc",
      "mode": "managed",
      "type": "aws_route_table",
      "name": "private",
      "provider": "provider[\"registry.terraform.io/hashicorp/aws\"]",
      "instances": [
        {
          "schema_version": 0,
          "attributes": {
            "arn": "arn:aws:ec2:eu-west-1:970180171170:route-table/rtb-04cd7a293a10c823d",
            "id": "rtb-04cd7a293a10c823d",
            "owner_id": "970180171170",
            "propagating_vgws": [],
            "route": [
              {
                "carrier_gateway_id": "",
                "cidr_block": "0.0.0.0/0",
                "core_network_arn": "",
                "destination_prefix_list_id": "",
                "egress_only_gateway_id": "",
                "gateway_id": "",
                "instance_id": "",
                "ipv6_cidr_block": "",
                "local_gateway_id": "",
                "nat_gateway_id": "nat-0e00c2bfab4c4ff01",
                "network_interface_id": "",
                "transit_gateway_id": "",
                "vpc_endpoint_id": "",
                "vpc_peering_connection_id": ""
              }
            ],
            "tags": {
              "Name": "meetmap-backend-rtb-private"
            },
            "tags_all": {
              "Name": "meetmap-backend-rtb-private"
            },
            "timeouts": null,
            "vpc_id": "vpc-0f24a0c39c7586930"
          },
          "sensitive_attributes": [],
          "private": "eyJlMmJmYjczMC1lY2FhLTExZTYtOGY4OC0zNDM2M2JjN2M0YzAiOnsiY3JlYXRlIjozMDAwMDAwMDAwMDAsImRlbGV0ZSI6MzAwMDAwMDAwMDAwLCJ1cGRhdGUiOjEyMDAwMDAwMDAwMH19",
          "dependencies": [
            "module.vpc.aws_vpc.main"
          ]
        }
      ]
    },
    {
      "module": "module.vpc",
      "mode": "managed",
      "type": "aws_route_table",
      "name": "public",
      "provider": "provider[\"registry.terraform.io/hashicorp/aws\"]",
      "instances": [
        {
          "schema_version": 0,
          "attributes": {
            "arn": "arn:aws:ec2:eu-west-1:970180171170:route-table/rtb-077a20d36af445532",
            "id": "rtb-077a20d36af445532",
            "owner_id": "970180171170",
            "propagating_vgws": [],
            "route": [
              {
                "carrier_gateway_id": "",
                "cidr_block": "0.0.0.0/0",
                "core_network_arn": "",
                "destination_prefix_list_id": "",
                "egress_only_gateway_id": "",
                "gateway_id": "igw-0739571b25fd3c76b",
                "instance_id": "",
                "ipv6_cidr_block": "",
                "local_gateway_id": "",
                "nat_gateway_id": "",
                "network_interface_id": "",
                "transit_gateway_id": "",
                "vpc_endpoint_id": "",
                "vpc_peering_connection_id": ""
              }
            ],
            "tags": {
              "Name": "meetmap-backend-rtb-public"
            },
            "tags_all": {
              "Name": "meetmap-backend-rtb-public"
            },
            "timeouts": null,
            "vpc_id": "vpc-0f24a0c39c7586930"
          },
          "sensitive_attributes": [],
          "private": "eyJlMmJmYjczMC1lY2FhLTExZTYtOGY4OC0zNDM2M2JjN2M0YzAiOnsiY3JlYXRlIjozMDAwMDAwMDAwMDAsImRlbGV0ZSI6MzAwMDAwMDAwMDAwLCJ1cGRhdGUiOjEyMDAwMDAwMDAwMH19",
          "dependencies": [
            "module.vpc.aws_internet_gateway.igw",
            "module.vpc.aws_vpc.main"
          ]
        }
      ]
    },
    {
      "module": "module.vpc",
      "mode": "managed",
      "type": "aws_route_table_association",
      "name": "private-eu-west-1a",
      "provider": "provider[\"registry.terraform.io/hashicorp/aws\"]",
      "instances": [
        {
          "schema_version": 0,
          "attributes": {
            "gateway_id": "",
            "id": "rtbassoc-0573b3f203b20c962",
            "route_table_id": "rtb-04cd7a293a10c823d",
            "subnet_id": "subnet-088f905f338d3b9f5",
            "timeouts": null
          },
          "sensitive_attributes": [],
          "private": "eyJlMmJmYjczMC1lY2FhLTExZTYtOGY4OC0zNDM2M2JjN2M0YzAiOnsiY3JlYXRlIjozMDAwMDAwMDAwMDAsImRlbGV0ZSI6MzAwMDAwMDAwMDAwLCJ1cGRhdGUiOjEyMDAwMDAwMDAwMH19",
          "dependencies": [
            "module.vpc.aws_route_table.private",
            "module.vpc.aws_subnet.private-eu-west-1a",
            "module.vpc.aws_vpc.main"
          ]
        }
      ]
    },
    {
      "module": "module.vpc",
      "mode": "managed",
      "type": "aws_route_table_association",
      "name": "private-eu-west-1b",
      "provider": "provider[\"registry.terraform.io/hashicorp/aws\"]",
      "instances": [
        {
          "schema_version": 0,
          "attributes": {
            "gateway_id": "",
            "id": "rtbassoc-0d1b2281e75e31a87",
            "route_table_id": "rtb-04cd7a293a10c823d",
            "subnet_id": "subnet-05e7186f1a68bfdaf",
            "timeouts": null
          },
          "sensitive_attributes": [],
          "private": "eyJlMmJmYjczMC1lY2FhLTExZTYtOGY4OC0zNDM2M2JjN2M0YzAiOnsiY3JlYXRlIjozMDAwMDAwMDAwMDAsImRlbGV0ZSI6MzAwMDAwMDAwMDAwLCJ1cGRhdGUiOjEyMDAwMDAwMDAwMH19",
          "dependencies": [
            "module.vpc.aws_route_table.private",
            "module.vpc.aws_subnet.private-eu-west-1b",
            "module.vpc.aws_vpc.main"
          ]
        }
      ]
    },
    {
      "module": "module.vpc",
      "mode": "managed",
      "type": "aws_route_table_association",
      "name": "public-eu-west-1a",
      "provider": "provider[\"registry.terraform.io/hashicorp/aws\"]",
      "instances": [
        {
          "schema_version": 0,
          "attributes": {
            "gateway_id": "",
            "id": "rtbassoc-015dc89d04f939f0c",
            "route_table_id": "rtb-077a20d36af445532",
            "subnet_id": "subnet-0c0b46cf5c998bf33",
            "timeouts": null
          },
          "sensitive_attributes": [],
          "private": "eyJlMmJmYjczMC1lY2FhLTExZTYtOGY4OC0zNDM2M2JjN2M0YzAiOnsiY3JlYXRlIjozMDAwMDAwMDAwMDAsImRlbGV0ZSI6MzAwMDAwMDAwMDAwLCJ1cGRhdGUiOjEyMDAwMDAwMDAwMH19",
          "dependencies": [
            "module.vpc.aws_internet_gateway.igw",
            "module.vpc.aws_route_table.public",
            "module.vpc.aws_subnet.public-eu-west-1a",
            "module.vpc.aws_vpc.main"
          ]
        }
      ]
    },
    {
      "module": "module.vpc",
      "mode": "managed",
      "type": "aws_route_table_association",
      "name": "public-eu-west-1b",
      "provider": "provider[\"registry.terraform.io/hashicorp/aws\"]",
      "instances": [
        {
          "schema_version": 0,
          "attributes": {
            "gateway_id": "",
            "id": "rtbassoc-089357dcb8217bf7d",
            "route_table_id": "rtb-077a20d36af445532",
            "subnet_id": "subnet-056aa214f6177bc53",
            "timeouts": null
          },
          "sensitive_attributes": [],
          "private": "eyJlMmJmYjczMC1lY2FhLTExZTYtOGY4OC0zNDM2M2JjN2M0YzAiOnsiY3JlYXRlIjozMDAwMDAwMDAwMDAsImRlbGV0ZSI6MzAwMDAwMDAwMDAwLCJ1cGRhdGUiOjEyMDAwMDAwMDAwMH19",
          "dependencies": [
            "module.vpc.aws_internet_gateway.igw",
            "module.vpc.aws_route_table.public",
            "module.vpc.aws_subnet.public-eu-west-1b",
            "module.vpc.aws_vpc.main"
          ]
        }
      ]
    },
    {
      "module": "module.vpc",
      "mode": "managed",
      "type": "aws_security_group",
      "name": "private_sg",
      "provider": "provider[\"registry.terraform.io/hashicorp/aws\"]",
      "instances": [
        {
          "schema_version": 1,
          "attributes": {
            "arn": "arn:aws:ec2:eu-west-1:970180171170:security-group/sg-06d5d900584f482d1",
            "description": "Managed by Terraform",
            "egress": [],
            "id": "sg-06d5d900584f482d1",
            "ingress": [
              {
                "cidr_blocks": [],
                "description": "",
                "from_port": 8080,
                "ipv6_cidr_blocks": [],
                "prefix_list_ids": [],
                "protocol": "tcp",
                "security_groups": [
                  "sg-0db95bdaae5b2d69b"
                ],
                "self": false,
                "to_port": 8080
              }
            ],
            "name": "private-sg-20230513163611879100000001",
            "name_prefix": "private-sg-",
            "owner_id": "970180171170",
            "revoke_rules_on_delete": false,
            "tags": {
              "Name": "private-sg"
            },
            "tags_all": {
              "Name": "private-sg"
            },
            "timeouts": null,
            "vpc_id": "vpc-0f24a0c39c7586930"
          },
          "sensitive_attributes": [],
          "private": "eyJlMmJmYjczMC1lY2FhLTExZTYtOGY4OC0zNDM2M2JjN2M0YzAiOnsiY3JlYXRlIjo2MDAwMDAwMDAwMDAsImRlbGV0ZSI6OTAwMDAwMDAwMDAwfSwic2NoZW1hX3ZlcnNpb24iOiIxIn0=",
          "dependencies": [
            "module.vpc.aws_security_group.public_sg",
            "module.vpc.aws_vpc.main"
          ]
        }
      ]
    },
    {
      "module": "module.vpc",
      "mode": "managed",
      "type": "aws_security_group",
      "name": "public_sg",
      "provider": "provider[\"registry.terraform.io/hashicorp/aws\"]",
      "instances": [
        {
          "schema_version": 1,
          "attributes": {
            "arn": "arn:aws:ec2:eu-west-1:970180171170:security-group/sg-0db95bdaae5b2d69b",
            "description": "Managed by Terraform",
            "egress": [],
            "id": "sg-0db95bdaae5b2d69b",
            "ingress": [
              {
                "cidr_blocks": [
                  "0.0.0.0/0"
                ],
                "description": "",
                "from_port": 80,
                "ipv6_cidr_blocks": [],
                "prefix_list_ids": [],
                "protocol": "tcp",
                "security_groups": [],
                "self": false,
                "to_port": 80
              }
            ],
            "name": "public-sg-20230513163302132500000001",
            "name_prefix": "public-sg-",
            "owner_id": "970180171170",
            "revoke_rules_on_delete": false,
            "tags": {
              "Name": "public-sg"
            },
            "tags_all": {
              "Name": "public-sg"
            },
            "timeouts": null,
            "vpc_id": "vpc-0f24a0c39c7586930"
          },
          "sensitive_attributes": [],
          "private": "eyJlMmJmYjczMC1lY2FhLTExZTYtOGY4OC0zNDM2M2JjN2M0YzAiOnsiY3JlYXRlIjo2MDAwMDAwMDAwMDAsImRlbGV0ZSI6OTAwMDAwMDAwMDAwfSwic2NoZW1hX3ZlcnNpb24iOiIxIn0=",
          "dependencies": [
            "module.vpc.aws_vpc.main"
          ]
        }
      ]
    },
    {
      "module": "module.vpc",
      "mode": "managed",
      "type": "aws_subnet",
      "name": "private-eu-west-1a",
      "provider": "provider[\"registry.terraform.io/hashicorp/aws\"]",
      "instances": [
        {
          "schema_version": 1,
          "attributes": {
            "arn": "arn:aws:ec2:eu-west-1:970180171170:subnet/subnet-088f905f338d3b9f5",
            "assign_ipv6_address_on_creation": false,
            "availability_zone": "eu-west-1a",
            "availability_zone_id": "euw1-az2",
            "cidr_block": "10.0.2.0/24",
            "customer_owned_ipv4_pool": "",
            "enable_dns64": false,
            "enable_lni_at_device_index": 0,
            "enable_resource_name_dns_a_record_on_launch": false,
            "enable_resource_name_dns_aaaa_record_on_launch": false,
            "id": "subnet-088f905f338d3b9f5",
            "ipv6_cidr_block": "",
            "ipv6_cidr_block_association_id": "",
            "ipv6_native": false,
            "map_customer_owned_ip_on_launch": false,
            "map_public_ip_on_launch": false,
            "outpost_arn": "",
            "owner_id": "970180171170",
            "private_dns_hostname_type_on_launch": "ip-name",
            "tags": {
              "Name": "meetmap-backend-subnet-private-eu-west-1a"
            },
            "tags_all": {
              "Name": "meetmap-backend-subnet-private-eu-west-1a"
            },
            "timeouts": null,
            "vpc_id": "vpc-0f24a0c39c7586930"
          },
          "sensitive_attributes": [],
          "private": "eyJlMmJmYjczMC1lY2FhLTExZTYtOGY4OC0zNDM2M2JjN2M0YzAiOnsiY3JlYXRlIjo2MDAwMDAwMDAwMDAsImRlbGV0ZSI6MTIwMDAwMDAwMDAwMH0sInNjaGVtYV92ZXJzaW9uIjoiMSJ9",
          "dependencies": [
            "module.vpc.aws_vpc.main"
          ]
        }
      ]
    },
    {
      "module": "module.vpc",
      "mode": "managed",
      "type": "aws_subnet",
      "name": "private-eu-west-1b",
      "provider": "provider[\"registry.terraform.io/hashicorp/aws\"]",
      "instances": [
        {
          "schema_version": 1,
          "attributes": {
            "arn": "arn:aws:ec2:eu-west-1:970180171170:subnet/subnet-05e7186f1a68bfdaf",
            "assign_ipv6_address_on_creation": false,
            "availability_zone": "eu-west-1b",
            "availability_zone_id": "euw1-az3",
            "cidr_block": "10.0.3.0/24",
            "customer_owned_ipv4_pool": "",
            "enable_dns64": false,
            "enable_lni_at_device_index": 0,
            "enable_resource_name_dns_a_record_on_launch": false,
            "enable_resource_name_dns_aaaa_record_on_launch": false,
            "id": "subnet-05e7186f1a68bfdaf",
            "ipv6_cidr_block": "",
            "ipv6_cidr_block_association_id": "",
            "ipv6_native": false,
            "map_customer_owned_ip_on_launch": false,
            "map_public_ip_on_launch": false,
            "outpost_arn": "",
            "owner_id": "970180171170",
            "private_dns_hostname_type_on_launch": "ip-name",
            "tags": {
              "Name": "meetmap-backend-subnet-private-eu-west-1b"
            },
            "tags_all": {
              "Name": "meetmap-backend-subnet-private-eu-west-1b"
            },
            "timeouts": null,
            "vpc_id": "vpc-0f24a0c39c7586930"
          },
          "sensitive_attributes": [],
          "private": "eyJlMmJmYjczMC1lY2FhLTExZTYtOGY4OC0zNDM2M2JjN2M0YzAiOnsiY3JlYXRlIjo2MDAwMDAwMDAwMDAsImRlbGV0ZSI6MTIwMDAwMDAwMDAwMH0sInNjaGVtYV92ZXJzaW9uIjoiMSJ9",
          "dependencies": [
            "module.vpc.aws_vpc.main"
          ]
        }
      ]
    },
    {
      "module": "module.vpc",
      "mode": "managed",
      "type": "aws_subnet",
      "name": "public-eu-west-1a",
      "provider": "provider[\"registry.terraform.io/hashicorp/aws\"]",
      "instances": [
        {
          "schema_version": 1,
          "attributes": {
            "arn": "arn:aws:ec2:eu-west-1:970180171170:subnet/subnet-0c0b46cf5c998bf33",
            "assign_ipv6_address_on_creation": false,
            "availability_zone": "eu-west-1a",
            "availability_zone_id": "euw1-az2",
            "cidr_block": "10.0.0.0/24",
            "customer_owned_ipv4_pool": "",
            "enable_dns64": false,
            "enable_lni_at_device_index": 0,
            "enable_resource_name_dns_a_record_on_launch": false,
            "enable_resource_name_dns_aaaa_record_on_launch": false,
            "id": "subnet-0c0b46cf5c998bf33",
            "ipv6_cidr_block": "",
            "ipv6_cidr_block_association_id": "",
            "ipv6_native": false,
            "map_customer_owned_ip_on_launch": false,
            "map_public_ip_on_launch": false,
            "outpost_arn": "",
            "owner_id": "970180171170",
            "private_dns_hostname_type_on_launch": "ip-name",
            "tags": {
              "Name": "meetmap-backend-subnet-public-eu-west-1a"
            },
            "tags_all": {
              "Name": "meetmap-backend-subnet-public-eu-west-1a"
            },
            "timeouts": null,
            "vpc_id": "vpc-0f24a0c39c7586930"
          },
          "sensitive_attributes": [],
          "private": "eyJlMmJmYjczMC1lY2FhLTExZTYtOGY4OC0zNDM2M2JjN2M0YzAiOnsiY3JlYXRlIjo2MDAwMDAwMDAwMDAsImRlbGV0ZSI6MTIwMDAwMDAwMDAwMH0sInNjaGVtYV92ZXJzaW9uIjoiMSJ9",
          "dependencies": [
            "module.vpc.aws_vpc.main"
          ]
        }
      ]
    },
    {
      "module": "module.vpc",
      "mode": "managed",
      "type": "aws_subnet",
      "name": "public-eu-west-1b",
      "provider": "provider[\"registry.terraform.io/hashicorp/aws\"]",
      "instances": [
        {
          "schema_version": 1,
          "attributes": {
            "arn": "arn:aws:ec2:eu-west-1:970180171170:subnet/subnet-056aa214f6177bc53",
            "assign_ipv6_address_on_creation": false,
            "availability_zone": "eu-west-1b",
            "availability_zone_id": "euw1-az3",
            "cidr_block": "10.0.1.0/24",
            "customer_owned_ipv4_pool": "",
            "enable_dns64": false,
            "enable_lni_at_device_index": 0,
            "enable_resource_name_dns_a_record_on_launch": false,
            "enable_resource_name_dns_aaaa_record_on_launch": false,
            "id": "subnet-056aa214f6177bc53",
            "ipv6_cidr_block": "",
            "ipv6_cidr_block_association_id": "",
            "ipv6_native": false,
            "map_customer_owned_ip_on_launch": false,
            "map_public_ip_on_launch": false,
            "outpost_arn": "",
            "owner_id": "970180171170",
            "private_dns_hostname_type_on_launch": "ip-name",
            "tags": {
              "Name": "meetmap-backend-subnet-public-eu-west-1b"
            },
            "tags_all": {
              "Name": "meetmap-backend-subnet-public-eu-west-1b"
            },
            "timeouts": null,
            "vpc_id": "vpc-0f24a0c39c7586930"
          },
          "sensitive_attributes": [],
          "private": "eyJlMmJmYjczMC1lY2FhLTExZTYtOGY4OC0zNDM2M2JjN2M0YzAiOnsiY3JlYXRlIjo2MDAwMDAwMDAwMDAsImRlbGV0ZSI6MTIwMDAwMDAwMDAwMH0sInNjaGVtYV92ZXJzaW9uIjoiMSJ9",
          "dependencies": [
            "module.vpc.aws_vpc.main"
          ]
        }
      ]
    },
    {
      "module": "module.vpc",
      "mode": "managed",
      "type": "aws_vpc",
      "name": "main",
      "provider": "provider[\"registry.terraform.io/hashicorp/aws\"]",
      "instances": [
        {
          "schema_version": 1,
          "attributes": {
            "arn": "arn:aws:ec2:eu-west-1:970180171170:vpc/vpc-0f24a0c39c7586930",
            "assign_generated_ipv6_cidr_block": false,
            "cidr_block": "10.0.0.0/16",
            "default_network_acl_id": "acl-0d80e81637bebf9a6",
            "default_route_table_id": "rtb-0ca3c5e832d659bd4",
            "default_security_group_id": "sg-04fb96b60f31f6e4c",
            "dhcp_options_id": "dopt-0abf46da55c90e99e",
            "enable_classiclink": false,
            "enable_classiclink_dns_support": false,
            "enable_dns_hostnames": false,
            "enable_dns_support": true,
            "enable_network_address_usage_metrics": false,
            "id": "vpc-0f24a0c39c7586930",
            "instance_tenancy": "default",
            "ipv4_ipam_pool_id": null,
            "ipv4_netmask_length": null,
            "ipv6_association_id": "",
            "ipv6_cidr_block": "",
            "ipv6_cidr_block_network_border_group": "",
            "ipv6_ipam_pool_id": "",
            "ipv6_netmask_length": 0,
            "main_route_table_id": "rtb-0ca3c5e832d659bd4",
            "owner_id": "970180171170",
            "tags": {
              "Name": "meetmap-backend"
            },
            "tags_all": {
              "Name": "meetmap-backend"
            }
          },
          "sensitive_attributes": [],
          "private": "eyJzY2hlbWFfdmVyc2lvbiI6IjEifQ=="
        }
      ]
    },
    {
      "module": "module.vpc.module.ecs",
      "mode": "data",
      "type": "aws_caller_identity",
      "name": "current",
      "provider": "provider[\"registry.terraform.io/hashicorp/aws\"]",
      "instances": [
        {
          "schema_version": 0,
          "attributes": {
            "account_id": "970180171170",
            "arn": "arn:aws:iam::970180171170:root",
            "id": "970180171170",
            "user_id": "970180171170"
          },
          "sensitive_attributes": []
        }
      ]
    },
    {
      "module": "module.vpc.module.ecs",
      "mode": "data",
      "type": "aws_iam_policy_document",
      "name": "ecr-allow-push-pull-policy",
      "provider": "provider[\"registry.terraform.io/hashicorp/aws\"]",
      "instances": [
        {
          "schema_version": 0,
          "attributes": {
            "id": "3010490154",
            "json": "{\n  \"Version\": \"2012-10-17\",\n  \"Statement\": [\n    {\n      \"Sid\": \"new policy\",\n      \"Effect\": \"Allow\",\n      \"Action\": [\n        \"ecr:UploadLayerPart\",\n        \"ecr:PutImage\",\n        \"ecr:InitiateLayerUpload\",\n        \"ecr:GetDownloadUrlForLayer\",\n        \"ecr:CompleteLayerUpload\",\n        \"ecr:BatchGetImage\",\n        \"ecr:BatchCheckLayerAvailability\"\n      ],\n      \"Principal\": {\n        \"AWS\": \"970180171170\"\n      }\n    }\n  ]\n}",
            "override_json": null,
            "override_policy_documents": null,
            "policy_id": null,
            "source_json": null,
            "source_policy_documents": null,
            "statement": [
              {
                "actions": [
                  "ecr:BatchCheckLayerAvailability",
                  "ecr:BatchGetImage",
                  "ecr:CompleteLayerUpload",
                  "ecr:GetDownloadUrlForLayer",
                  "ecr:InitiateLayerUpload",
                  "ecr:PutImage",
                  "ecr:UploadLayerPart"
                ],
                "condition": [],
                "effect": "Allow",
                "not_actions": [],
                "not_principals": [],
                "not_resources": [],
                "principals": [
                  {
                    "identifiers": [
                      "970180171170"
                    ],
                    "type": "AWS"
                  }
                ],
                "resources": [],
                "sid": "new policy"
              }
            ],
            "version": "2012-10-17"
          },
          "sensitive_attributes": []
        }
      ]
    },
    {
      "module": "module.vpc.module.ecs",
      "mode": "managed",
      "type": "aws_ecr_repository",
      "name": "repository",
      "provider": "provider[\"registry.terraform.io/hashicorp/aws\"]",
      "instances": [
        {
          "index_key": "events-fetcher",
          "schema_version": 0,
          "attributes": {
            "arn": "arn:aws:ecr:eu-west-1:970180171170:repository/meetmap-events-fetcher",
            "encryption_configuration": [
              {
                "encryption_type": "AES256",
                "kms_key": ""
              }
            ],
            "force_delete": null,
            "id": "meetmap-events-fetcher",
            "image_scanning_configuration": [
              {
                "scan_on_push": true
              }
            ],
            "image_tag_mutability": "MUTABLE",
            "name": "meetmap-events-fetcher",
            "registry_id": "970180171170",
            "repository_url": "970180171170.dkr.ecr.eu-west-1.amazonaws.com/meetmap-events-fetcher",
            "tags": {},
            "tags_all": {},
            "timeouts": null
          },
          "sensitive_attributes": [],
          "private": "eyJlMmJmYjczMC1lY2FhLTExZTYtOGY4OC0zNDM2M2JjN2M0YzAiOnsiZGVsZXRlIjoxMjAwMDAwMDAwMDAwfX0=",
          "dependencies": [
            "module.vpc.aws_security_group.public_sg",
            "module.vpc.aws_subnet.public-eu-west-1a",
            "module.vpc.aws_subnet.public-eu-west-1b",
            "module.vpc.aws_vpc.main",
            "module.vpc.module.secrets.data.aws_secretsmanager_secret_version.creds"
          ]
        },
        {
          "index_key": "location-service",
          "schema_version": 0,
          "attributes": {
            "arn": "arn:aws:ecr:eu-west-1:970180171170:repository/meetmap-location-service",
            "encryption_configuration": [
              {
                "encryption_type": "AES256",
                "kms_key": ""
              }
            ],
            "force_delete": null,
            "id": "meetmap-location-service",
            "image_scanning_configuration": [
              {
                "scan_on_push": true
              }
            ],
            "image_tag_mutability": "MUTABLE",
            "name": "meetmap-location-service",
            "registry_id": "970180171170",
            "repository_url": "970180171170.dkr.ecr.eu-west-1.amazonaws.com/meetmap-location-service",
            "tags": {},
            "tags_all": {},
            "timeouts": null
          },
          "sensitive_attributes": [],
          "private": "eyJlMmJmYjczMC1lY2FhLTExZTYtOGY4OC0zNDM2M2JjN2M0YzAiOnsiZGVsZXRlIjoxMjAwMDAwMDAwMDAwfX0=",
          "dependencies": [
            "module.vpc.aws_security_group.public_sg",
            "module.vpc.aws_subnet.public-eu-west-1a",
            "module.vpc.aws_subnet.public-eu-west-1b",
            "module.vpc.aws_vpc.main",
            "module.vpc.module.secrets.data.aws_secretsmanager_secret_version.creds"
          ]
        },
        {
          "index_key": "main-app",
          "schema_version": 0,
          "attributes": {
            "arn": "arn:aws:ecr:eu-west-1:970180171170:repository/meetmap-main-app",
            "encryption_configuration": [
              {
                "encryption_type": "AES256",
                "kms_key": ""
              }
            ],
            "force_delete": null,
            "id": "meetmap-main-app",
            "image_scanning_configuration": [
              {
                "scan_on_push": true
              }
            ],
            "image_tag_mutability": "MUTABLE",
            "name": "meetmap-main-app",
            "registry_id": "970180171170",
            "repository_url": "970180171170.dkr.ecr.eu-west-1.amazonaws.com/meetmap-main-app",
            "tags": {},
            "tags_all": {},
            "timeouts": null
          },
          "sensitive_attributes": [],
          "private": "eyJlMmJmYjczMC1lY2FhLTExZTYtOGY4OC0zNDM2M2JjN2M0YzAiOnsiZGVsZXRlIjoxMjAwMDAwMDAwMDAwfX0=",
          "dependencies": [
            "module.vpc.aws_security_group.public_sg",
            "module.vpc.aws_subnet.public-eu-west-1a",
            "module.vpc.aws_subnet.public-eu-west-1b",
            "module.vpc.aws_vpc.main",
            "module.vpc.module.secrets.data.aws_secretsmanager_secret_version.creds"
          ]
        }
      ]
    },
    {
      "module": "module.vpc.module.ecs",
      "mode": "managed",
      "type": "aws_ecr_repository_policy",
      "name": "policy",
      "provider": "provider[\"registry.terraform.io/hashicorp/aws\"]",
      "instances": [
        {
          "index_key": "events-fetcher",
          "schema_version": 0,
          "attributes": {
            "id": "meetmap-events-fetcher",
            "policy": "{\"Statement\":[{\"Action\":[\"ecr:UploadLayerPart\",\"ecr:PutImage\",\"ecr:InitiateLayerUpload\",\"ecr:GetDownloadUrlForLayer\",\"ecr:CompleteLayerUpload\",\"ecr:BatchGetImage\",\"ecr:BatchCheckLayerAvailability\"],\"Effect\":\"Allow\",\"Principal\":{\"AWS\":\"970180171170\"},\"Sid\":\"new policy\"}],\"Version\":\"2012-10-17\"}",
            "registry_id": "970180171170",
            "repository": "meetmap-events-fetcher"
          },
          "sensitive_attributes": [],
          "private": "bnVsbA==",
          "dependencies": [
            "module.vpc.aws_security_group.public_sg",
            "module.vpc.aws_subnet.public-eu-west-1a",
            "module.vpc.aws_subnet.public-eu-west-1b",
            "module.vpc.aws_vpc.main",
            "module.vpc.module.ecs.aws_ecr_repository.repository",
            "module.vpc.module.ecs.data.aws_caller_identity.current",
            "module.vpc.module.ecs.data.aws_iam_policy_document.ecr-allow-push-pull-policy",
            "module.vpc.module.secrets.data.aws_secretsmanager_secret_version.creds"
          ]
        },
        {
          "index_key": "location-service",
          "schema_version": 0,
          "attributes": {
            "id": "meetmap-location-service",
            "policy": "{\"Statement\":[{\"Action\":[\"ecr:UploadLayerPart\",\"ecr:PutImage\",\"ecr:InitiateLayerUpload\",\"ecr:GetDownloadUrlForLayer\",\"ecr:CompleteLayerUpload\",\"ecr:BatchGetImage\",\"ecr:BatchCheckLayerAvailability\"],\"Effect\":\"Allow\",\"Principal\":{\"AWS\":\"970180171170\"},\"Sid\":\"new policy\"}],\"Version\":\"2012-10-17\"}",
            "registry_id": "970180171170",
            "repository": "meetmap-location-service"
          },
          "sensitive_attributes": [],
          "private": "bnVsbA==",
          "dependencies": [
            "module.vpc.aws_security_group.public_sg",
            "module.vpc.aws_subnet.public-eu-west-1a",
            "module.vpc.aws_subnet.public-eu-west-1b",
            "module.vpc.aws_vpc.main",
            "module.vpc.module.ecs.aws_ecr_repository.repository",
            "module.vpc.module.ecs.data.aws_caller_identity.current",
            "module.vpc.module.ecs.data.aws_iam_policy_document.ecr-allow-push-pull-policy",
            "module.vpc.module.secrets.data.aws_secretsmanager_secret_version.creds"
          ]
        },
        {
          "index_key": "main-app",
          "schema_version": 0,
          "attributes": {
            "id": "meetmap-main-app",
            "policy": "{\"Statement\":[{\"Action\":[\"ecr:UploadLayerPart\",\"ecr:PutImage\",\"ecr:InitiateLayerUpload\",\"ecr:GetDownloadUrlForLayer\",\"ecr:CompleteLayerUpload\",\"ecr:BatchGetImage\",\"ecr:BatchCheckLayerAvailability\"],\"Effect\":\"Allow\",\"Principal\":{\"AWS\":\"970180171170\"},\"Sid\":\"new policy\"}],\"Version\":\"2012-10-17\"}",
            "registry_id": "970180171170",
            "repository": "meetmap-main-app"
          },
          "sensitive_attributes": [],
          "private": "bnVsbA==",
          "dependencies": [
            "module.vpc.aws_security_group.public_sg",
            "module.vpc.aws_subnet.public-eu-west-1a",
            "module.vpc.aws_subnet.public-eu-west-1b",
            "module.vpc.aws_vpc.main",
            "module.vpc.module.ecs.aws_ecr_repository.repository",
            "module.vpc.module.ecs.data.aws_caller_identity.current",
            "module.vpc.module.ecs.data.aws_iam_policy_document.ecr-allow-push-pull-policy",
            "module.vpc.module.secrets.data.aws_secretsmanager_secret_version.creds"
          ]
        }
      ]
    },
    {
      "module": "module.vpc.module.ecs",
      "mode": "managed",
      "type": "aws_ecs_cluster",
      "name": "main",
      "provider": "provider[\"registry.terraform.io/hashicorp/aws\"]",
      "instances": [
        {
          "schema_version": 0,
          "attributes": {
            "arn": "arn:aws:ecs:eu-west-1:970180171170:cluster/main-prod-cluster",
            "capacity_providers": [],
            "configuration": [],
            "default_capacity_provider_strategy": [],
            "id": "arn:aws:ecs:eu-west-1:970180171170:cluster/main-prod-cluster",
            "name": "main-prod-cluster",
            "service_connect_defaults": [],
            "setting": [
              {
                "name": "containerInsights",
                "value": "disabled"
              }
            ],
            "tags": {},
            "tags_all": {}
          },
          "sensitive_attributes": [],
          "private": "bnVsbA=="
        }
      ]
    },
    {
      "module": "module.vpc.module.ecs",
      "mode": "managed",
      "type": "aws_ecs_service",
      "name": "this",
      "provider": "provider[\"registry.terraform.io/hashicorp/aws\"]",
      "instances": [
        {
          "index_key": "events-fetcher",
          "schema_version": 0,
          "attributes": {
            "alarms": [],
            "capacity_provider_strategy": [],
            "cluster": "arn:aws:ecs:eu-west-1:970180171170:cluster/main-prod-cluster",
            "deployment_circuit_breaker": [
              {
                "enable": false,
                "rollback": false
              }
            ],
            "deployment_controller": [
              {
                "type": "ECS"
              }
            ],
            "deployment_maximum_percent": 200,
            "deployment_minimum_healthy_percent": 0,
            "desired_count": 1,
            "enable_ecs_managed_tags": false,
            "enable_execute_command": false,
            "force_new_deployment": null,
            "health_check_grace_period_seconds": 0,
            "iam_role": "/aws-service-role/ecs.amazonaws.com/AWSServiceRoleForECS",
            "id": "arn:aws:ecs:eu-west-1:970180171170:service/main-prod-cluster/events-fetcher",
            "launch_type": "FARGATE",
            "load_balancer": [],
            "name": "events-fetcher",
            "network_configuration": [
              {
                "assign_public_ip": false,
                "security_groups": [
                  "sg-0db95bdaae5b2d69b"
                ],
                "subnets": [
                  "subnet-056aa214f6177bc53",
                  "subnet-0c0b46cf5c998bf33"
                ]
              }
            ],
            "ordered_placement_strategy": [],
            "placement_constraints": [],
            "platform_version": "LATEST",
            "propagate_tags": "NONE",
            "scheduling_strategy": "REPLICA",
            "service_connect_configuration": [],
            "service_registries": [],
            "tags": {},
            "tags_all": {},
            "task_definition": "arn:aws:ecs:eu-west-1:970180171170:task-definition/events-fetcher:3",
            "timeouts": null,
            "triggers": {},
            "wait_for_steady_state": false
          },
          "sensitive_attributes": [],
          "private": "eyJlMmJmYjczMC1lY2FhLTExZTYtOGY4OC0zNDM2M2JjN2M0YzAiOnsiY3JlYXRlIjoxMjAwMDAwMDAwMDAwLCJkZWxldGUiOjEyMDAwMDAwMDAwMDAsInVwZGF0ZSI6MTIwMDAwMDAwMDAwMH19",
          "dependencies": [
            "module.vpc.aws_security_group.public_sg",
            "module.vpc.aws_subnet.public-eu-west-1a",
            "module.vpc.aws_subnet.public-eu-west-1b",
            "module.vpc.aws_vpc.main",
            "module.vpc.module.ecs.aws_ecr_repository.repository",
            "module.vpc.module.ecs.aws_ecs_cluster.main",
            "module.vpc.module.ecs.aws_ecs_task_definition.this",
            "module.vpc.module.ecs.aws_iam_role.ecs_task_execution_role",
            "module.vpc.module.secrets.data.aws_secretsmanager_secret_version.creds"
          ]
        },
        {
          "index_key": "location-service",
          "schema_version": 0,
          "attributes": {
            "alarms": [],
            "capacity_provider_strategy": [],
            "cluster": "arn:aws:ecs:eu-west-1:970180171170:cluster/main-prod-cluster",
            "deployment_circuit_breaker": [
              {
                "enable": false,
                "rollback": false
              }
            ],
            "deployment_controller": [
              {
                "type": "ECS"
              }
            ],
            "deployment_maximum_percent": 200,
            "deployment_minimum_healthy_percent": 0,
            "desired_count": 1,
            "enable_ecs_managed_tags": false,
            "enable_execute_command": false,
            "force_new_deployment": null,
            "health_check_grace_period_seconds": 0,
            "iam_role": "/aws-service-role/ecs.amazonaws.com/AWSServiceRoleForECS",
            "id": "arn:aws:ecs:eu-west-1:970180171170:service/main-prod-cluster/location-service",
            "launch_type": "FARGATE",
            "load_balancer": [],
            "name": "location-service",
            "network_configuration": [
              {
                "assign_public_ip": false,
                "security_groups": [
                  "sg-0db95bdaae5b2d69b"
                ],
                "subnets": [
                  "subnet-056aa214f6177bc53",
                  "subnet-0c0b46cf5c998bf33"
                ]
              }
            ],
            "ordered_placement_strategy": [],
            "placement_constraints": [],
            "platform_version": "LATEST",
            "propagate_tags": "NONE",
            "scheduling_strategy": "REPLICA",
            "service_connect_configuration": [],
            "service_registries": [],
            "tags": {},
            "tags_all": {},
            "task_definition": "arn:aws:ecs:eu-west-1:970180171170:task-definition/location-service:3",
            "timeouts": null,
            "triggers": {},
            "wait_for_steady_state": false
          },
          "sensitive_attributes": [],
          "private": "eyJlMmJmYjczMC1lY2FhLTExZTYtOGY4OC0zNDM2M2JjN2M0YzAiOnsiY3JlYXRlIjoxMjAwMDAwMDAwMDAwLCJkZWxldGUiOjEyMDAwMDAwMDAwMDAsInVwZGF0ZSI6MTIwMDAwMDAwMDAwMH19",
          "dependencies": [
            "module.vpc.aws_security_group.public_sg",
            "module.vpc.aws_subnet.public-eu-west-1a",
            "module.vpc.aws_subnet.public-eu-west-1b",
            "module.vpc.aws_vpc.main",
            "module.vpc.module.ecs.aws_ecr_repository.repository",
            "module.vpc.module.ecs.aws_ecs_cluster.main",
            "module.vpc.module.ecs.aws_ecs_task_definition.this",
            "module.vpc.module.ecs.aws_iam_role.ecs_task_execution_role",
            "module.vpc.module.secrets.data.aws_secretsmanager_secret_version.creds"
          ]
        },
        {
          "index_key": "main-app",
          "schema_version": 0,
          "attributes": {
            "alarms": [],
            "capacity_provider_strategy": [],
            "cluster": "arn:aws:ecs:eu-west-1:970180171170:cluster/main-prod-cluster",
            "deployment_circuit_breaker": [
              {
                "enable": false,
                "rollback": false
              }
            ],
            "deployment_controller": [
              {
                "type": "ECS"
              }
            ],
            "deployment_maximum_percent": 200,
            "deployment_minimum_healthy_percent": 0,
            "desired_count": 1,
            "enable_ecs_managed_tags": false,
            "enable_execute_command": false,
            "force_new_deployment": null,
            "health_check_grace_period_seconds": 0,
            "iam_role": "/aws-service-role/ecs.amazonaws.com/AWSServiceRoleForECS",
            "id": "arn:aws:ecs:eu-west-1:970180171170:service/main-prod-cluster/main-app",
            "launch_type": "FARGATE",
            "load_balancer": [],
            "name": "main-app",
            "network_configuration": [
              {
                "assign_public_ip": true,
                "security_groups": [
                  "sg-0db95bdaae5b2d69b"
                ],
                "subnets": [
                  "subnet-056aa214f6177bc53",
                  "subnet-0c0b46cf5c998bf33"
                ]
              }
            ],
            "ordered_placement_strategy": [],
            "placement_constraints": [],
            "platform_version": "LATEST",
            "propagate_tags": "NONE",
            "scheduling_strategy": "REPLICA",
            "service_connect_configuration": [],
            "service_registries": [],
            "tags": {},
            "tags_all": {},
            "task_definition": "arn:aws:ecs:eu-west-1:970180171170:task-definition/main-app:6",
            "timeouts": null,
            "triggers": {},
            "wait_for_steady_state": false
          },
          "sensitive_attributes": [],
          "private": "eyJlMmJmYjczMC1lY2FhLTExZTYtOGY4OC0zNDM2M2JjN2M0YzAiOnsiY3JlYXRlIjoxMjAwMDAwMDAwMDAwLCJkZWxldGUiOjEyMDAwMDAwMDAwMDAsInVwZGF0ZSI6MTIwMDAwMDAwMDAwMH19",
          "dependencies": [
            "module.vpc.aws_security_group.public_sg",
            "module.vpc.aws_subnet.public-eu-west-1a",
            "module.vpc.aws_subnet.public-eu-west-1b",
            "module.vpc.aws_vpc.main",
            "module.vpc.module.ecs.aws_ecr_repository.repository",
            "module.vpc.module.ecs.aws_ecs_cluster.main",
            "module.vpc.module.ecs.aws_ecs_task_definition.this",
            "module.vpc.module.ecs.aws_iam_role.ecs_task_execution_role",
            "module.vpc.module.secrets.data.aws_secretsmanager_secret_version.creds"
          ]
        }
      ]
    },
    {
      "module": "module.vpc.module.ecs",
      "mode": "managed",
      "type": "aws_ecs_task_definition",
      "name": "this",
      "provider": "provider[\"registry.terraform.io/hashicorp/aws\"]",
      "instances": [
        {
          "index_key": "events-fetcher",
          "schema_version": 1,
          "attributes": {
            "arn": "arn:aws:ecs:eu-west-1:970180171170:task-definition/events-fetcher:3",
            "arn_without_revision": "arn:aws:ecs:eu-west-1:970180171170:task-definition/events-fetcher",
            "container_definitions": "[{\"cpu\":10,\"environment\":[{\"name\":\"AWS_ACCESS_KEY_ID\",\"value\":\"AKIA6DYZ6SWRADOJCGE4\"},{\"name\":\"AWS_REGION\",\"value\":\"eu-west-1\"},{\"name\":\"AWS_S3_ASSESTS_BUCKET\",\"value\":\"meetmap-assets\"},{\"name\":\"AWS_SECRET_ACCESS_KEY\",\"value\":\"JZv9Vr6XICPfNpHVVG1UaN0lM2PNyVjkgoWR/rOP\"},{\"name\":\"CACHE_ENDPOINT\",\"value\":\"redis://meetmap-admin:jXDusrTp@C8wW3G@redis-18745.c2.eu-west-1-3.ec2.cloud.redislabs.com:18745\"},{\"name\":\"EVENTS_FETCHER_API_URL\",\"value\":\"https://meetmap-events-fetcher.herokuapp.com\"},{\"name\":\"EVENTS_FETCHER_DATABASE_URL\",\"value\":\"mongodb+srv://d4v1ds0np:x06C2QXWJUasMkTy@cluster0.vogtczr.mongodb.net/meetmap-events-fetcher\"},{\"name\":\"JWT_AT_EXPIRES\",\"value\":\"15m\"},{\"name\":\"JWT_AT_SECRET\",\"value\":\"sdakjndsanasdj\"},{\"name\":\"JWT_RT_EXPIRES\",\"value\":\"365d\"},{\"name\":\"JWT_RT_SECRET\",\"value\":\"sdandjncjkvn,xcnoiwjpwqp\"},{\"name\":\"LOCATION_SERVICE_API_URL\",\"value\":\"https://meetmap-location-service.herokuapp.com\"},{\"name\":\"MAIN_APP_API_URL\",\"value\":\"http://localhost:3001\"},{\"name\":\"MAIN_APP_DATABASE_URL\",\"value\":\"mongodb+srv://d4v1ds0np:x06C2QXWJUasMkTy@cluster0.vogtczr.mongodb.net/meetmap-main\"},{\"name\":\"RABBIT_MQ_URL\",\"value\":\"amqps://zrmjkttd:YlYI3D2Y3WToIMQLic2va8CSayTgIw4C@seal.lmq.cloudamqp.com/zrmjkttd\"}],\"essential\":true,\"image\":\"970180171170.dkr.ecr.eu-west-1.amazonaws.com/meetmap-events-fetcher\",\"memory\":512,\"mountPoints\":[],\"name\":\"events-fetcher\",\"portMappings\":[{\"containerPort\":3000,\"hostPort\":3000,\"protocol\":\"tcp\"}],\"volumesFrom\":[]}]",
            "cpu": "256",
            "ephemeral_storage": [],
            "execution_role_arn": "arn:aws:iam::970180171170:role/ecs-task-execution-role",
            "family": "events-fetcher",
            "id": "events-fetcher",
            "inference_accelerator": [],
            "ipc_mode": "",
            "memory": "512",
            "network_mode": "awsvpc",
            "pid_mode": "",
            "placement_constraints": [],
            "proxy_configuration": [],
            "requires_compatibilities": [
              "FARGATE"
            ],
            "revision": 3,
            "runtime_platform": [],
            "skip_destroy": false,
            "tags": {},
            "tags_all": {},
            "task_role_arn": "",
            "volume": []
          },
          "sensitive_attributes": [
            [
              {
                "type": "get_attr",
                "value": "container_definitions"
              }
            ]
          ],
          "private": "eyJzY2hlbWFfdmVyc2lvbiI6IjEifQ==",
          "dependencies": [
            "module.vpc.aws_security_group.public_sg",
            "module.vpc.aws_subnet.public-eu-west-1a",
            "module.vpc.aws_subnet.public-eu-west-1b",
            "module.vpc.aws_vpc.main",
            "module.vpc.module.ecs.aws_ecr_repository.repository",
            "module.vpc.module.ecs.aws_iam_role.ecs_task_execution_role",
            "module.vpc.module.secrets.data.aws_secretsmanager_secret_version.creds"
          ]
        },
        {
          "index_key": "location-service",
          "schema_version": 1,
          "attributes": {
            "arn": "arn:aws:ecs:eu-west-1:970180171170:task-definition/location-service:3",
            "arn_without_revision": "arn:aws:ecs:eu-west-1:970180171170:task-definition/location-service",
            "container_definitions": "[{\"cpu\":10,\"environment\":[{\"name\":\"AWS_ACCESS_KEY_ID\",\"value\":\"AKIA6DYZ6SWRADOJCGE4\"},{\"name\":\"AWS_REGION\",\"value\":\"eu-west-1\"},{\"name\":\"AWS_S3_ASSESTS_BUCKET\",\"value\":\"meetmap-assets\"},{\"name\":\"AWS_SECRET_ACCESS_KEY\",\"value\":\"JZv9Vr6XICPfNpHVVG1UaN0lM2PNyVjkgoWR/rOP\"},{\"name\":\"CACHE_ENDPOINT\",\"value\":\"redis://meetmap-admin:jXDusrTp@C8wW3G@redis-18745.c2.eu-west-1-3.ec2.cloud.redislabs.com:18745\"},{\"name\":\"EVENTS_FETCHER_API_URL\",\"value\":\"https://meetmap-events-fetcher.herokuapp.com\"},{\"name\":\"EVENTS_FETCHER_DATABASE_URL\",\"value\":\"mongodb+srv://d4v1ds0np:x06C2QXWJUasMkTy@cluster0.vogtczr.mongodb.net/meetmap-events-fetcher\"},{\"name\":\"JWT_AT_EXPIRES\",\"value\":\"15m\"},{\"name\":\"JWT_AT_SECRET\",\"value\":\"sdakjndsanasdj\"},{\"name\":\"JWT_RT_EXPIRES\",\"value\":\"365d\"},{\"name\":\"JWT_RT_SECRET\",\"value\":\"sdandjncjkvn,xcnoiwjpwqp\"},{\"name\":\"LOCATION_SERVICE_API_URL\",\"value\":\"https://meetmap-location-service.herokuapp.com\"},{\"name\":\"MAIN_APP_API_URL\",\"value\":\"http://localhost:3001\"},{\"name\":\"MAIN_APP_DATABASE_URL\",\"value\":\"mongodb+srv://d4v1ds0np:x06C2QXWJUasMkTy@cluster0.vogtczr.mongodb.net/meetmap-main\"},{\"name\":\"RABBIT_MQ_URL\",\"value\":\"amqps://zrmjkttd:YlYI3D2Y3WToIMQLic2va8CSayTgIw4C@seal.lmq.cloudamqp.com/zrmjkttd\"}],\"essential\":true,\"image\":\"970180171170.dkr.ecr.eu-west-1.amazonaws.com/meetmap-location-service\",\"memory\":512,\"mountPoints\":[],\"name\":\"location-service\",\"portMappings\":[{\"containerPort\":3000,\"hostPort\":3000,\"protocol\":\"tcp\"}],\"volumesFrom\":[]}]",
            "cpu": "256",
            "ephemeral_storage": [],
            "execution_role_arn": "arn:aws:iam::970180171170:role/ecs-task-execution-role",
            "family": "location-service",
            "id": "location-service",
            "inference_accelerator": [],
            "ipc_mode": "",
            "memory": "512",
            "network_mode": "awsvpc",
            "pid_mode": "",
            "placement_constraints": [],
            "proxy_configuration": [],
            "requires_compatibilities": [
              "FARGATE"
            ],
            "revision": 3,
            "runtime_platform": [],
            "skip_destroy": false,
            "tags": {},
            "tags_all": {},
            "task_role_arn": "",
            "volume": []
          },
          "sensitive_attributes": [
            [
              {
                "type": "get_attr",
                "value": "container_definitions"
              }
            ]
          ],
          "private": "eyJzY2hlbWFfdmVyc2lvbiI6IjEifQ==",
          "dependencies": [
            "module.vpc.aws_security_group.public_sg",
            "module.vpc.aws_subnet.public-eu-west-1a",
            "module.vpc.aws_subnet.public-eu-west-1b",
            "module.vpc.aws_vpc.main",
            "module.vpc.module.ecs.aws_ecr_repository.repository",
            "module.vpc.module.ecs.aws_iam_role.ecs_task_execution_role",
            "module.vpc.module.secrets.data.aws_secretsmanager_secret_version.creds"
          ]
        },
        {
          "index_key": "main-app",
          "schema_version": 1,
          "attributes": {
            "arn": "arn:aws:ecs:eu-west-1:970180171170:task-definition/main-app:6",
            "arn_without_revision": "arn:aws:ecs:eu-west-1:970180171170:task-definition/main-app",
            "container_definitions": "[{\"cpu\":10,\"environment\":[],\"essential\":true,\"image\":\"970180171170.dkr.ecr.eu-west-1.amazonaws.com/meetmap-main-app\",\"memory\":512,\"mountPoints\":[],\"name\":\"main-app\",\"portMappings\":[{\"containerPort\":3001,\"hostPort\":3001,\"protocol\":\"tcp\"}],\"volumesFrom\":[]}]",
            "cpu": "256",
            "ephemeral_storage": [],
            "execution_role_arn": "arn:aws:iam::970180171170:role/ecs-task-execution-role",
            "family": "main-app",
            "id": "main-app",
            "inference_accelerator": [],
            "ipc_mode": "",
            "memory": "512",
            "network_mode": "awsvpc",
            "pid_mode": "",
            "placement_constraints": [],
            "proxy_configuration": [],
            "requires_compatibilities": [
              "FARGATE"
            ],
            "revision": 6,
            "runtime_platform": [],
            "skip_destroy": false,
            "tags": {},
            "tags_all": {},
            "task_role_arn": "",
            "volume": []
          },
          "sensitive_attributes": [],
          "private": "eyJzY2hlbWFfdmVyc2lvbiI6IjEifQ==",
          "dependencies": [
            "module.vpc.aws_security_group.public_sg",
            "module.vpc.aws_subnet.public-eu-west-1a",
            "module.vpc.aws_subnet.public-eu-west-1b",
            "module.vpc.aws_vpc.main",
            "module.vpc.module.ecs.aws_ecr_repository.repository",
            "module.vpc.module.ecs.aws_iam_role.ecs_task_execution_role",
            "module.vpc.module.secrets.data.aws_secretsmanager_secret_version.creds"
          ]
        }
      ]
    },
    {
      "module": "module.vpc.module.ecs",
      "mode": "managed",
      "type": "aws_iam_role",
      "name": "ecs_task_execution_role",
      "provider": "provider[\"registry.terraform.io/hashicorp/aws\"]",
      "instances": [
        {
          "schema_version": 0,
          "attributes": {
            "arn": "arn:aws:iam::970180171170:role/ecs-task-execution-role",
            "assume_role_policy": "{\"Statement\":[{\"Action\":\"sts:AssumeRole\",\"Effect\":\"Allow\",\"Principal\":{\"Service\":\"ecs-tasks.amazonaws.com\"}}],\"Version\":\"2012-10-17\"}",
            "create_date": "2023-05-13T18:11:00Z",
            "description": "",
            "force_detach_policies": false,
            "id": "ecs-task-execution-role",
            "inline_policy": [],
            "managed_policy_arns": [
              "arn:aws:iam::aws:policy/service-role/AmazonECSTaskExecutionRolePolicy"
            ],
            "max_session_duration": 3600,
            "name": "ecs-task-execution-role",
            "name_prefix": "",
            "path": "/",
            "permissions_boundary": null,
            "role_last_used": [
              {
                "last_used_date": "",
                "region": ""
              }
            ],
            "tags": {},
            "tags_all": {},
            "unique_id": "AROA6DYZ6SWRM32K3GLGZ"
          },
          "sensitive_attributes": [],
          "private": "bnVsbA=="
        }
      ]
    },
    {
      "module": "module.vpc.module.ecs",
      "mode": "managed",
      "type": "aws_iam_role_policy_attachment",
      "name": "ecs_task_execution_role_attachment",
      "provider": "provider[\"registry.terraform.io/hashicorp/aws\"]",
      "instances": [
        {
          "schema_version": 0,
          "attributes": {
            "id": "ecs-task-execution-role-20230513181101447500000001",
            "policy_arn": "arn:aws:iam::aws:policy/service-role/AmazonECSTaskExecutionRolePolicy",
            "role": "ecs-task-execution-role"
          },
          "sensitive_attributes": [],
          "private": "bnVsbA==",
          "dependencies": [
            "module.vpc.module.ecs.aws_iam_role.ecs_task_execution_role"
          ]
        }
      ]
    },
    {
      "module": "module.vpc.module.secrets",
      "mode": "data",
      "type": "aws_secretsmanager_secret_version",
      "name": "creds",
      "provider": "provider[\"registry.terraform.io/hashicorp/aws\"]",
      "instances": [
        {
          "schema_version": 0,
          "attributes": {
            "arn": "arn:aws:secretsmanager:eu-west-1:970180171170:secret:meetmap-backend-secrets-Eu55Og",
            "id": "meetmap-backend-secrets|AWSCURRENT",
            "secret_binary": "",
            "secret_id": "meetmap-backend-secrets",
            "secret_string": "{\n    \"RABBIT_MQ_URL\": \"amqps://zrmjkttd:YlYI3D2Y3WToIMQLic2va8CSayTgIw4C@seal.lmq.cloudamqp.com/zrmjkttd\",\n    \"EVENTS_FETCHER_API_URL\": \"https://meetmap-events-fetcher.herokuapp.com\",\n    \"MAIN_APP_API_URL\": \"http://localhost:3001\",\n    \"LOCATION_SERVICE_API_URL\": \"https://meetmap-location-service.herokuapp.com\",\n    \"EVENTS_FETCHER_DATABASE_URL\": \"mongodb+srv://d4v1ds0np:x06C2QXWJUasMkTy@cluster0.vogtczr.mongodb.net/meetmap-events-fetcher\",\n    \"MAIN_APP_DATABASE_URL\": \"mongodb+srv://d4v1ds0np:x06C2QXWJUasMkTy@cluster0.vogtczr.mongodb.net/meetmap-main\",\n    \"AWS_ACCESS_KEY_ID\": \"AKIA6DYZ6SWRADOJCGE4\",\n    \"AWS_SECRET_ACCESS_KEY\": \"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\",\n    \"AWS_REGION\": \"eu-west-1\",\n    \"AWS_S3_ASSESTS_BUCKET\": \"meetmap-assets\",\n    \"CACHE_ENDPOINT\": \"redis://meetmap-admin:jXDusrTp@C8wW3G@redis-18745.c2.eu-west-1-3.ec2.cloud.redislabs.com:18745\",\n    \"JWT_AT_SECRET\": \"sdakjndsanasdj\",\n    \"JWT_RT_SECRET\": \"sdandjncjkvn,xcnoiwjpwqp\",\n    \"JWT_AT_EXPIRES\": \"15m\",\n    \"JWT_RT_EXPIRES\": \"365d\"\n}",
            "version_id": "8d7ed986-36cf-468e-847e-41a24b001c77",
            "version_stage": "AWSCURRENT",
            "version_stages": [
              "AWSCURRENT"
            ]
          },
          "sensitive_attributes": []
        }
      ]
    }
  ],
  "check_results": null
}
